// !$*UTF8*$!
{
	archiveVersion = 1;
	classes = {
	};
	objectVersion = 77;
	objects = {

/* Begin PBXBuildFile section */
		5B25D1162F155B23003122E2 /* HangeulKeyboardCore.framework in Frameworks */ = {isa = PBXBuildFile; fileRef = 5BB373DA2ED5DADC006AB083 /* HangeulKeyboardCore.framework */; };
		5B25D1192F155B27003122E2 /* EnglishKeyboardCore.framework in Frameworks */ = {isa = PBXBuildFile; fileRef = 5BB373AA2ED5D937006AB083 /* EnglishKeyboardCore.framework */; };
		5B25D11C2F155BB9003122E2 /* SYKeyboardCore.framework in Frameworks */ = {isa = PBXBuildFile; fileRef = 5BB373512ED5AA18006AB083 /* SYKeyboardCore.framework */; };
		5B25D11F2F155BBA003122E2 /* HangeulKeyboardCore.framework in Frameworks */ = {isa = PBXBuildFile; fileRef = 5BB373DA2ED5DADC006AB083 /* HangeulKeyboardCore.framework */; };
		5B25D1212F155BBC003122E2 /* EnglishKeyboardCore.framework in Frameworks */ = {isa = PBXBuildFile; fileRef = 5BB373AA2ED5D937006AB083 /* EnglishKeyboardCore.framework */; };
		5B2CF1092EDE384D00F4A844 /* AdSupport.framework in Frameworks */ = {isa = PBXBuildFile; fileRef = 5B2CF1082EDE384D00F4A844 /* AdSupport.framework */; };
		5B3D95892F22A9A900200234 /* FirebaseCrashlytics in Frameworks */ = {isa = PBXBuildFile; productRef = 5B3D95882F22A9A900200234 /* FirebaseCrashlytics */; };
		5B3D958B2F22A9AF00200234 /* FirebaseCrashlytics in Frameworks */ = {isa = PBXBuildFile; productRef = 5B3D958A2F22A9AF00200234 /* FirebaseCrashlytics */; };
		5B8284742E6EEE04006425C7 /* EnglishKeyboard.appex in Embed Foundation Extensions */ = {isa = PBXBuildFile; fileRef = 5B82846D2E6EEE04006425C7 /* EnglishKeyboard.appex */; settings = {ATTRIBUTES = (RemoveHeadersOnCopy, ); }; };
		5B8E6E112E1E42D800657BF4 /* FirebaseAnalytics in Frameworks */ = {isa = PBXBuildFile; productRef = 5B8E6E102E1E42D800657BF4 /* FirebaseAnalytics */; };
		5B9D004C2D92C38200DA108E /* HangeulKeyboard.appex in Embed Foundation Extensions */ = {isa = PBXBuildFile; fileRef = 5B7B3F6B2C569B8200F7C093 /* HangeulKeyboard.appex */; settings = {ATTRIBUTES = (RemoveHeadersOnCopy, ); }; };
		5BB377A42ED600AC006AB083 /* FirebaseCrashlytics in Frameworks */ = {isa = PBXBuildFile; productRef = 5BB377A32ED600AC006AB083 /* FirebaseCrashlytics */; };
		5BB377D62ED62420006AB083 /* SYKeyboardCore.framework in Frameworks */ = {isa = PBXBuildFile; fileRef = 5BB373512ED5AA18006AB083 /* SYKeyboardCore.framework */; };
		5BB377D92ED62423006AB083 /* SYKeyboardCore.framework in Frameworks */ = {isa = PBXBuildFile; fileRef = 5BB373512ED5AA18006AB083 /* SYKeyboardCore.framework */; };
		5BB37A5E2ED643B9006AB083 /* MetaAdapterTarget in Frameworks */ = {isa = PBXBuildFile; productRef = 5BB37A5D2ED643B9006AB083 /* MetaAdapterTarget */; };
		5BB37A612ED644B5006AB083 /* GoogleMobileAds in Frameworks */ = {isa = PBXBuildFile; productRef = 5BB37A602ED644B5006AB083 /* GoogleMobileAds */; };
		5BC38F1C2D8AE2FE00E6B44E /* README.md in Resources */ = {isa = PBXBuildFile; fileRef = 5BC38F1B2D8AE2FE00E6B44E /* README.md */; };
		5BCED1112F26DEEC00A7F562 /* SYKeyboardAssets in Frameworks */ = {isa = PBXBuildFile; productRef = 5BCED1102F26DEEC00A7F562 /* SYKeyboardAssets */; };
/* End PBXBuildFile section */

/* Begin PBXContainerItemProxy section */
		5B48C0762E7C141900973C00 /* PBXContainerItemProxy */ = {
			isa = PBXContainerItemProxy;
			containerPortal = 5B7B3F4E2C569B7800F7C093 /* Project object */;
			proxyType = 1;
			remoteGlobalIDString = 5B7B3F552C569B7800F7C093;
			remoteInfo = SYKeyboard;
		};
		5B8284722E6EEE04006425C7 /* PBXContainerItemProxy */ = {
			isa = PBXContainerItemProxy;
			containerPortal = 5B7B3F4E2C569B7800F7C093 /* Project object */;
			proxyType = 1;
			remoteGlobalIDString = 5B82846C2E6EEE04006425C7;
			remoteInfo = EnglishKeyboard;
		};
		5B9D004D2D92C38200DA108E /* PBXContainerItemProxy */ = {
			isa = PBXContainerItemProxy;
			containerPortal = 5B7B3F4E2C569B7800F7C093 /* Project object */;
			proxyType = 1;
			remoteGlobalIDString = 5B7B3F6A2C569B8200F7C093;
			remoteInfo = Keyboard;
		};
		5BB373572ED5AA18006AB083 /* PBXContainerItemProxy */ = {
			isa = PBXContainerItemProxy;
			containerPortal = 5B7B3F4E2C569B7800F7C093 /* Project object */;
			proxyType = 1;
			remoteGlobalIDString = 5BB373502ED5AA18006AB083;
			remoteInfo = SYKeyboardCore;
		};
		5BB373B02ED5D937006AB083 /* PBXContainerItemProxy */ = {
			isa = PBXContainerItemProxy;
			containerPortal = 5B7B3F4E2C569B7800F7C093 /* Project object */;
			proxyType = 1;
			remoteGlobalIDString = 5BB373A92ED5D937006AB083;
			remoteInfo = EnglishKeyboardCore;
		};
		5BB373D32ED5D9F9006AB083 /* PBXContainerItemProxy */ = {
			isa = PBXContainerItemProxy;
			containerPortal = 5B7B3F4E2C569B7800F7C093 /* Project object */;
			proxyType = 1;
			remoteGlobalIDString = 5BB373A92ED5D937006AB083;
			remoteInfo = EnglishKeyboardCore;
		};
		5BB373E02ED5DADC006AB083 /* PBXContainerItemProxy */ = {
			isa = PBXContainerItemProxy;
			containerPortal = 5B7B3F4E2C569B7800F7C093 /* Project object */;
			proxyType = 1;
			remoteGlobalIDString = 5BB373D92ED5DADC006AB083;
			remoteInfo = HangeulKeyboardCore;
		};
		5BB374082ED5DCC6006AB083 /* PBXContainerItemProxy */ = {
			isa = PBXContainerItemProxy;
			containerPortal = 5B7B3F4E2C569B7800F7C093 /* Project object */;
			proxyType = 1;
			remoteGlobalIDString = 5BB373D92ED5DADC006AB083;
			remoteInfo = HangeulKeyboardCore;
		};
		5BB3740C2ED5DE61006AB083 /* PBXContainerItemProxy */ = {
			isa = PBXContainerItemProxy;
			containerPortal = 5B7B3F4E2C569B7800F7C093 /* Project object */;
			proxyType = 1;
			remoteGlobalIDString = 5BB373502ED5AA18006AB083;
			remoteInfo = SYKeyboardCore;
		};
		5BB374112ED5DE65006AB083 /* PBXContainerItemProxy */ = {
			isa = PBXContainerItemProxy;
			containerPortal = 5B7B3F4E2C569B7800F7C093 /* Project object */;
			proxyType = 1;
			remoteGlobalIDString = 5BB373502ED5AA18006AB083;
			remoteInfo = SYKeyboardCore;
		};
/* End PBXContainerItemProxy section */

/* Begin PBXCopyFilesBuildPhase section */
		5B9D004F2D92C38200DA108E /* Embed Foundation Extensions */ = {
			isa = PBXCopyFilesBuildPhase;
			buildActionMask = 2147483647;
			dstPath = "";
			dstSubfolderSpec = 13;
			files = (
				5B8284742E6EEE04006425C7 /* EnglishKeyboard.appex in Embed Foundation Extensions */,
				5B9D004C2D92C38200DA108E /* HangeulKeyboard.appex in Embed Foundation Extensions */,
			);
			name = "Embed Foundation Extensions";
			runOnlyForDeploymentPostprocessing = 0;
		};
/* End PBXCopyFilesBuildPhase section */

/* Begin PBXFileReference section */
		5B2CF1082EDE384D00F4A844 /* AdSupport.framework */ = {isa = PBXFileReference; lastKnownFileType = wrapper.framework; name = AdSupport.framework; path = System/Library/Frameworks/AdSupport.framework; sourceTree = SDKROOT; };
		5B48C0722E7C141900973C00 /* SYKeyboardTests.xctest */ = {isa = PBXFileReference; explicitFileType = wrapper.cfbundle; includeInIndex = 0; path = SYKeyboardTests.xctest; sourceTree = BUILT_PRODUCTS_DIR; };
		5B7B3F562C569B7800F7C093 /* SYKeyboard.app */ = {isa = PBXFileReference; explicitFileType = wrapper.application; includeInIndex = 0; path = SYKeyboard.app; sourceTree = BUILT_PRODUCTS_DIR; };
		5B7B3F6B2C569B8200F7C093 /* HangeulKeyboard.appex */ = {isa = PBXFileReference; explicitFileType = "wrapper.app-extension"; includeInIndex = 0; path = HangeulKeyboard.appex; sourceTree = BUILT_PRODUCTS_DIR; };
		5B82846D2E6EEE04006425C7 /* EnglishKeyboard.appex */ = {isa = PBXFileReference; explicitFileType = "wrapper.app-extension"; includeInIndex = 0; path = EnglishKeyboard.appex; sourceTree = BUILT_PRODUCTS_DIR; };
		5BA419DE2CB99238005E7C86 /* .gitignore */ = {isa = PBXFileReference; lastKnownFileType = text; path = .gitignore; sourceTree = "<group>"; };
		5BB373512ED5AA18006AB083 /* SYKeyboardCore.framework */ = {isa = PBXFileReference; explicitFileType = wrapper.framework; includeInIndex = 0; path = SYKeyboardCore.framework; sourceTree = BUILT_PRODUCTS_DIR; };
		5BB373AA2ED5D937006AB083 /* EnglishKeyboardCore.framework */ = {isa = PBXFileReference; explicitFileType = wrapper.framework; includeInIndex = 0; path = EnglishKeyboardCore.framework; sourceTree = BUILT_PRODUCTS_DIR; };
		5BB373DA2ED5DADC006AB083 /* HangeulKeyboardCore.framework */ = {isa = PBXFileReference; explicitFileType = wrapper.framework; includeInIndex = 0; path = HangeulKeyboardCore.framework; sourceTree = BUILT_PRODUCTS_DIR; };
		5BC38F1B2D8AE2FE00E6B44E /* README.md */ = {isa = PBXFileReference; lastKnownFileType = net.daringfireball.markdown; path = README.md; sourceTree = "<group>"; };
/* End PBXFileReference section */

/* Begin PBXFileSystemSynchronizedBuildFileExceptionSet section */
		5B53F7A32E1E517F0083F7CA /* Exceptions for "SYKeyboard" folder in "SYKeyboard" target */ = {
			isa = PBXFileSystemSynchronizedBuildFileExceptionSet;
			membershipExceptions = (
				"Resources/Configs/DebugConfig-SYKeyboard.xcconfig",
				"Resources/Configs/ReleaseConfig-SYKeyboard.xcconfig",
				Resources/Configs/Secrets.xcconfig,
				Resources/Info.plist,
			);
			target = 5B7B3F552C569B7800F7C093 /* SYKeyboard */;
		};
		5B53F7A62E1E51A30083F7CA /* Exceptions for "Common" folder in "HangeulKeyboard" target */ = {
			isa = PBXFileSystemSynchronizedBuildFileExceptionSet;
			membershipExceptions = (
				Configs/Version.xcconfig,
				"Firebase/Debug/GoogleService-Info.plist",
				"Firebase/Release/GoogleService-Info.plist",
			);
			target = 5B7B3F6A2C569B8200F7C093 /* HangeulKeyboard */;
		};
		5B53F8172E1E56BD0083F7CA /* Exceptions for "Keyboards" folder in "SYKeyboard" target */ = {
			isa = PBXFileSystemSynchronizedBuildFileExceptionSet;
			membershipExceptions = (
				EnglishKeyboard/Presentation/View/RequestFullAccessOverlayView.swift,
				EnglishKeyboard/Presentation/ViewController/EnglishKeyboardViewController.swift,
				"EnglishKeyboard/Resources/Configs/DebugConfig-EnglishKeyboard.xcconfig",
				"EnglishKeyboard/Resources/Configs/ReleaseConfig-EnglishKeyboard.xcconfig",
				EnglishKeyboard/Resources/Info.plist,
				EnglishKeyboard/Resources/InfoPlist.xcstrings,
				EnglishKeyboard/Resources/Localizable.xcstrings,
				HangeulKeyboard/Presentation/View/RequestFullAccessOverlayView.swift,
				HangeulKeyboard/Presentation/ViewController/HangeulKeyboardViewController.swift,
				"HangeulKeyboard/Resources/Configs/DebugConfig-HangeulKeyboard.xcconfig",
				"HangeulKeyboard/Resources/Configs/ReleaseConfig-HangeulKeyboard.xcconfig",
				HangeulKeyboard/Resources/Info.plist,
				HangeulKeyboard/Resources/InfoPlist.xcstrings,
				HangeulKeyboard/Resources/Localizable.xcstrings,
			);
			target = 5B7B3F552C569B7800F7C093 /* SYKeyboard */;
		};
		5B53F8182E1E56BD0083F7CA /* Exceptions for "Keyboards" folder in "HangeulKeyboard" target */ = {
			isa = PBXFileSystemSynchronizedBuildFileExceptionSet;
			membershipExceptions = (
				HangeulKeyboard/Presentation/View/RequestFullAccessOverlayView.swift,
				HangeulKeyboard/Presentation/ViewController/HangeulKeyboardViewController.swift,
				HangeulKeyboard/Resources/InfoPlist.xcstrings,
				HangeulKeyboard/Resources/Localizable.xcstrings,
			);
			target = 5B7B3F6A2C569B8200F7C093 /* HangeulKeyboard */;
		};
		5B8284822E6EEED8006425C7 /* Exceptions for "Keyboards" folder in "EnglishKeyboard" target */ = {
			isa = PBXFileSystemSynchronizedBuildFileExceptionSet;
			membershipExceptions = (
				EnglishKeyboard/Presentation/View/RequestFullAccessOverlayView.swift,
				EnglishKeyboard/Presentation/ViewController/EnglishKeyboardViewController.swift,
				EnglishKeyboard/Resources/InfoPlist.xcstrings,
				EnglishKeyboard/Resources/Localizable.xcstrings,
			);
			target = 5B82846C2E6EEE04006425C7 /* EnglishKeyboard */;
		};
		5BB377C22ED611C4006AB083 /* Exceptions for "Common" folder in "SYKeyboard" target */ = {
			isa = PBXFileSystemSynchronizedBuildFileExceptionSet;
			membershipExceptions = (
				Configs/Version.xcconfig,
				"Firebase/Debug/GoogleService-Info.plist",
				"Firebase/Release/GoogleService-Info.plist",
			);
			target = 5B7B3F552C569B7800F7C093 /* SYKeyboard */;
		};
		5BCECD522F26C3B800A7F562 /* Exceptions for "Modules" folder in "SYKeyboard" target */ = {
			isa = PBXFileSystemSynchronizedBuildFileExceptionSet;
			membershipExceptions = (
				EnglishKeyboardCore/EnglishKeyboard/Presentation/Utils/Enums/EnglishKeyboardMode.swift,
				EnglishKeyboardCore/EnglishKeyboard/Presentation/View/EnglishKeyboardView.swift,
				EnglishKeyboardCore/EnglishKeyboard/Presentation/View/Protocols/EnglishKeyboardLayoutProvider.swift,
				EnglishKeyboardCore/EnglishKeyboard/Presentation/ViewController/EnglishKeyboardCoreViewController.swift,
				EnglishKeyboardCore/EnglishKeyboardCore.docc,
				"EnglishKeyboardCore/Storage/DefaultValues+Extension.swift",
				"EnglishKeyboardCore/Storage/UserDefaultsKeys+Extension.swift",
				"EnglishKeyboardCore/Storage/UserDefaultsManager+Extension.swift",
				HangeulKeyboardCore/Domain/Automata/HangeulAutomata.swift,
				HangeulKeyboardCore/Domain/Processor/CheonjiinProcessor.swift,
				HangeulKeyboardCore/Domain/Processor/DubeolsikProcessor.swift,
				HangeulKeyboardCore/Domain/Processor/NaratgeulProcessor.swift,
				HangeulKeyboardCore/Domain/Processor/Protocol/HangeulProcessable.swift,
				"HangeulKeyboardCore/Domain/Utils/Character+Extension.swift",
				HangeulKeyboardCore/HangeulKeyboardCore.docc,
				HangeulKeyboardCore/Presentation/Utils/Enums/HangeulKeyboardMode.swift,
				HangeulKeyboardCore/Presentation/View/CheonjiinKeyboardView.swift,
				HangeulKeyboardCore/Presentation/View/DubeolsikKeyboardView.swift,
				HangeulKeyboardCore/Presentation/View/NaratgeulKeyboardView.swift,
				HangeulKeyboardCore/Presentation/View/Protocols/HangeulKeyboardLayoutProvider.swift,
				HangeulKeyboardCore/Presentation/ViewController/HangeulKeyboardCoreViewController.swift,
				"HangeulKeyboardCore/Storage/DefaultValues+Extension.swift",
				"HangeulKeyboardCore/Storage/UserDefaultsKeys+Extension.swift",
				"HangeulKeyboardCore/Storage/UserDefaultsManager+Extension.swift",
				SYKeyboardCore/Presentation/Utils/ButtonStateController.swift,
				SYKeyboardCore/Presentation/Utils/Enums/KeyboardFigure.swift,
				SYKeyboardCore/Presentation/Utils/Enums/KeyboardMode/SymbolKeyboardMode.swift,
				SYKeyboardCore/Presentation/Utils/Enums/KeyboardMode/TenkeyKeyboardMode.swift,
				SYKeyboardCore/Presentation/Utils/Enums/PanDirection.swift,
				SYKeyboardCore/Presentation/Utils/Enums/SYKeyboardType.swift,
				SYKeyboardCore/Presentation/Utils/Enums/TextInteractableType.swift,
				"SYKeyboardCore/Presentation/Utils/Extensions/Bundle+Extension.swift",
				"SYKeyboardCore/Presentation/Utils/Extensions/CGRect+Extension.swift",
				"SYKeyboardCore/Presentation/Utils/Extensions/String+Extension.swift",
				SYKeyboardCore/Presentation/Utils/FeedbackManager.swift,
				SYKeyboardCore/Presentation/Utils/GestureControllers/Protocols/SwitchGestureHandling.swift,
				SYKeyboardCore/Presentation/Utils/GestureControllers/SwitchGestureController.swift,
				SYKeyboardCore/Presentation/Utils/GestureControllers/TextInteractionGestureController.swift,
				SYKeyboardCore/Presentation/View/Components/Buttons/Bases/BaseKeyboardButton.swift,
				SYKeyboardCore/Presentation/View/Components/Buttons/Bases/ButtonBackgroundView.swift,
				SYKeyboardCore/Presentation/View/Components/Buttons/Bases/ButtonShadowView.swift,
				SYKeyboardCore/Presentation/View/Components/Buttons/Bases/PrimaryButton.swift,
				SYKeyboardCore/Presentation/View/Components/Buttons/Bases/SecondaryButton.swift,
				SYKeyboardCore/Presentation/View/Components/Buttons/ChevronButton.swift,
				SYKeyboardCore/Presentation/View/Components/Buttons/DeleteButton.swift,
				SYKeyboardCore/Presentation/View/Components/Buttons/NextKeyboardButton.swift,
				SYKeyboardCore/Presentation/View/Components/Buttons/PrimaryKeyButton.swift,
				SYKeyboardCore/Presentation/View/Components/Buttons/Protocols/TextInteractable.swift,
				SYKeyboardCore/Presentation/View/Components/Buttons/ReturnButton.swift,
				SYKeyboardCore/Presentation/View/Components/Buttons/SecondaryKeyButton.swift,
				SYKeyboardCore/Presentation/View/Components/Buttons/ShiftButton.swift,
				SYKeyboardCore/Presentation/View/Components/Buttons/SpaceButton.swift,
				SYKeyboardCore/Presentation/View/Components/Buttons/SwitchButton.swift,
				SYKeyboardCore/Presentation/View/Components/Frames/KeyboardLayoutVStackView.swift,
				SYKeyboardCore/Presentation/View/Components/Frames/KeyboardRowHStackView.swift,
				SYKeyboardCore/Presentation/View/Components/Frames/KeyboardSpacer.swift,
				SYKeyboardCore/Presentation/View/Components/Overlays/KeyboardSelectOverlayView.swift,
				SYKeyboardCore/Presentation/View/Components/Overlays/OneHandedModeSelectOverlayView.swift,
				SYKeyboardCore/Presentation/View/Components/Overlays/RequestFullAccessOverlayView.swift,
				SYKeyboardCore/Presentation/View/KeyboardLayout/Bases/FourByFourKeyboardView.swift,
				SYKeyboardCore/Presentation/View/KeyboardLayout/Bases/FourByFourPlusKeyboardView.swift,
				SYKeyboardCore/Presentation/View/KeyboardLayout/Bases/StandardKeyboardView.swift,
				SYKeyboardCore/Presentation/View/KeyboardLayout/NumericKeyboardView.swift,
				SYKeyboardCore/Presentation/View/KeyboardLayout/Protocols/Base/BaseKeyboardLayoutProvider.swift,
				SYKeyboardCore/Presentation/View/KeyboardLayout/Protocols/Base/NormalKeyboardLayoutProvider.swift,
				SYKeyboardCore/Presentation/View/KeyboardLayout/Protocols/Base/PrimaryKeyboardRepresentable.swift,
				SYKeyboardCore/Presentation/View/KeyboardLayout/Protocols/NumericKeyboardLayoutProvider.swift,
				SYKeyboardCore/Presentation/View/KeyboardLayout/Protocols/SymbolKeyboardLayoutProvider.swift,
				SYKeyboardCore/Presentation/View/KeyboardLayout/Protocols/TenkeyKeyboardLayoutProvider.swift,
				SYKeyboardCore/Presentation/View/KeyboardLayout/SymbolKeyboardView.swift,
				SYKeyboardCore/Presentation/View/KeyboardLayout/TenkeyKeyboardView.swift,
				SYKeyboardCore/Presentation/View/KeyboardView.swift,
				SYKeyboardCore/Presentation/ViewController/Bases/BaseKeyboardViewController.swift,
				SYKeyboardCore/Storage/DefaultValues.swift,
				SYKeyboardCore/Storage/Enums/HangeulKeyboardType.swift,
				SYKeyboardCore/Storage/Enums/OneHandedMode.swift,
				SYKeyboardCore/Storage/UserDefaultsKeys.swift,
				SYKeyboardCore/Storage/UserDefaultsManager.swift,
				SYKeyboardCore/SYKeyboardCore.docc,
			);
			target = 5B7B3F552C569B7800F7C093 /* SYKeyboard */;
		};
		5BCECD532F26C3B800A7F562 /* Exceptions for "Modules" folder in "SYKeyboardCore" target */ = {
			isa = PBXFileSystemSynchronizedBuildFileExceptionSet;
			membershipExceptions = (
				SYKeyboardCore/Presentation/Utils/ButtonStateController.swift,
				SYKeyboardCore/Presentation/Utils/Enums/KeyboardFigure.swift,
				SYKeyboardCore/Presentation/Utils/Enums/KeyboardMode/SymbolKeyboardMode.swift,
				SYKeyboardCore/Presentation/Utils/Enums/KeyboardMode/TenkeyKeyboardMode.swift,
				SYKeyboardCore/Presentation/Utils/Enums/PanDirection.swift,
				SYKeyboardCore/Presentation/Utils/Enums/SYKeyboardType.swift,
				SYKeyboardCore/Presentation/Utils/Enums/TextInteractableType.swift,
				"SYKeyboardCore/Presentation/Utils/Extensions/Bundle+Extension.swift",
				"SYKeyboardCore/Presentation/Utils/Extensions/CGRect+Extension.swift",
				"SYKeyboardCore/Presentation/Utils/Extensions/String+Extension.swift",
				SYKeyboardCore/Presentation/Utils/FeedbackManager.swift,
				SYKeyboardCore/Presentation/Utils/GestureControllers/Protocols/SwitchGestureHandling.swift,
				SYKeyboardCore/Presentation/Utils/GestureControllers/SwitchGestureController.swift,
				SYKeyboardCore/Presentation/Utils/GestureControllers/TextInteractionGestureController.swift,
				SYKeyboardCore/Presentation/View/Components/Buttons/Bases/BaseKeyboardButton.swift,
				SYKeyboardCore/Presentation/View/Components/Buttons/Bases/ButtonBackgroundView.swift,
				SYKeyboardCore/Presentation/View/Components/Buttons/Bases/ButtonShadowView.swift,
				SYKeyboardCore/Presentation/View/Components/Buttons/Bases/PrimaryButton.swift,
				SYKeyboardCore/Presentation/View/Components/Buttons/Bases/SecondaryButton.swift,
				SYKeyboardCore/Presentation/View/Components/Buttons/ChevronButton.swift,
				SYKeyboardCore/Presentation/View/Components/Buttons/DeleteButton.swift,
				SYKeyboardCore/Presentation/View/Components/Buttons/NextKeyboardButton.swift,
				SYKeyboardCore/Presentation/View/Components/Buttons/PrimaryKeyButton.swift,
				SYKeyboardCore/Presentation/View/Components/Buttons/Protocols/TextInteractable.swift,
				SYKeyboardCore/Presentation/View/Components/Buttons/ReturnButton.swift,
				SYKeyboardCore/Presentation/View/Components/Buttons/SecondaryKeyButton.swift,
				SYKeyboardCore/Presentation/View/Components/Buttons/ShiftButton.swift,
				SYKeyboardCore/Presentation/View/Components/Buttons/SpaceButton.swift,
				SYKeyboardCore/Presentation/View/Components/Buttons/SwitchButton.swift,
				SYKeyboardCore/Presentation/View/Components/Frames/KeyboardLayoutVStackView.swift,
				SYKeyboardCore/Presentation/View/Components/Frames/KeyboardRowHStackView.swift,
				SYKeyboardCore/Presentation/View/Components/Frames/KeyboardSpacer.swift,
				SYKeyboardCore/Presentation/View/Components/Overlays/KeyboardSelectOverlayView.swift,
				SYKeyboardCore/Presentation/View/Components/Overlays/OneHandedModeSelectOverlayView.swift,
				SYKeyboardCore/Presentation/View/Components/Overlays/RequestFullAccessOverlayView.swift,
				SYKeyboardCore/Presentation/View/KeyboardLayout/Bases/FourByFourKeyboardView.swift,
				SYKeyboardCore/Presentation/View/KeyboardLayout/Bases/FourByFourPlusKeyboardView.swift,
				SYKeyboardCore/Presentation/View/KeyboardLayout/Bases/StandardKeyboardView.swift,
				SYKeyboardCore/Presentation/View/KeyboardLayout/NumericKeyboardView.swift,
				SYKeyboardCore/Presentation/View/KeyboardLayout/Protocols/Base/BaseKeyboardLayoutProvider.swift,
				SYKeyboardCore/Presentation/View/KeyboardLayout/Protocols/Base/NormalKeyboardLayoutProvider.swift,
				SYKeyboardCore/Presentation/View/KeyboardLayout/Protocols/Base/PrimaryKeyboardRepresentable.swift,
				SYKeyboardCore/Presentation/View/KeyboardLayout/Protocols/NumericKeyboardLayoutProvider.swift,
				SYKeyboardCore/Presentation/View/KeyboardLayout/Protocols/SymbolKeyboardLayoutProvider.swift,
				SYKeyboardCore/Presentation/View/KeyboardLayout/Protocols/TenkeyKeyboardLayoutProvider.swift,
				SYKeyboardCore/Presentation/View/KeyboardLayout/SymbolKeyboardView.swift,
				SYKeyboardCore/Presentation/View/KeyboardLayout/TenkeyKeyboardView.swift,
				SYKeyboardCore/Presentation/View/KeyboardView.swift,
				SYKeyboardCore/Presentation/ViewController/Bases/BaseKeyboardViewController.swift,
				SYKeyboardCore/Storage/DefaultValues.swift,
				SYKeyboardCore/Storage/Enums/HangeulKeyboardType.swift,
				SYKeyboardCore/Storage/Enums/OneHandedMode.swift,
				SYKeyboardCore/Storage/UserDefaultsKeys.swift,
				SYKeyboardCore/Storage/UserDefaultsManager.swift,
				SYKeyboardCore/SYKeyboardCore.docc,
			);
			target = 5BB373502ED5AA18006AB083 /* SYKeyboardCore */;
		};
		5BCECD542F26C3B800A7F562 /* Exceptions for "Modules" folder in "EnglishKeyboardCore" target */ = {
			isa = PBXFileSystemSynchronizedBuildFileExceptionSet;
			membershipExceptions = (
				EnglishKeyboardCore/EnglishKeyboard/Presentation/Utils/Enums/EnglishKeyboardMode.swift,
				EnglishKeyboardCore/EnglishKeyboard/Presentation/View/EnglishKeyboardView.swift,
				EnglishKeyboardCore/EnglishKeyboard/Presentation/View/Protocols/EnglishKeyboardLayoutProvider.swift,
				EnglishKeyboardCore/EnglishKeyboard/Presentation/ViewController/EnglishKeyboardCoreViewController.swift,
				EnglishKeyboardCore/EnglishKeyboardCore.docc,
				"EnglishKeyboardCore/Storage/DefaultValues+Extension.swift",
				"EnglishKeyboardCore/Storage/UserDefaultsKeys+Extension.swift",
				"EnglishKeyboardCore/Storage/UserDefaultsManager+Extension.swift",
			);
			target = 5BB373A92ED5D937006AB083 /* EnglishKeyboardCore */;
		};
		5BCECD552F26C3B800A7F562 /* Exceptions for "Modules" folder in "HangeulKeyboardCore" target */ = {
			isa = PBXFileSystemSynchronizedBuildFileExceptionSet;
			membershipExceptions = (
				HangeulKeyboardCore/Domain/Automata/HangeulAutomata.swift,
				HangeulKeyboardCore/Domain/Processor/CheonjiinProcessor.swift,
				HangeulKeyboardCore/Domain/Processor/DubeolsikProcessor.swift,
				HangeulKeyboardCore/Domain/Processor/NaratgeulProcessor.swift,
				HangeulKeyboardCore/Domain/Processor/Protocol/HangeulProcessable.swift,
				"HangeulKeyboardCore/Domain/Utils/Character+Extension.swift",
				HangeulKeyboardCore/HangeulKeyboardCore.docc,
				HangeulKeyboardCore/Presentation/Utils/Enums/HangeulKeyboardMode.swift,
				HangeulKeyboardCore/Presentation/View/CheonjiinKeyboardView.swift,
				HangeulKeyboardCore/Presentation/View/DubeolsikKeyboardView.swift,
				HangeulKeyboardCore/Presentation/View/NaratgeulKeyboardView.swift,
				HangeulKeyboardCore/Presentation/View/Protocols/HangeulKeyboardLayoutProvider.swift,
				HangeulKeyboardCore/Presentation/ViewController/HangeulKeyboardCoreViewController.swift,
				"HangeulKeyboardCore/Storage/DefaultValues+Extension.swift",
				"HangeulKeyboardCore/Storage/UserDefaultsKeys+Extension.swift",
				"HangeulKeyboardCore/Storage/UserDefaultsManager+Extension.swift",
			);
			target = 5BB373D92ED5DADC006AB083 /* HangeulKeyboardCore */;
		};
/* End PBXFileSystemSynchronizedBuildFileExceptionSet section */

/* Begin PBXFileSystemSynchronizedRootGroup section */
		5B48C0732E7C141900973C00 /* SYKeyboardTests */ = {
			isa = PBXFileSystemSynchronizedRootGroup;
			path = SYKeyboardTests;
			sourceTree = "<group>";
		};
		5B53F8012E1E56BD0083F7CA /* Keyboards */ = {
			isa = PBXFileSystemSynchronizedRootGroup;
			exceptions = (
				5B53F8172E1E56BD0083F7CA /* Exceptions for "Keyboards" folder in "SYKeyboard" target */,
				5B53F8182E1E56BD0083F7CA /* Exceptions for "Keyboards" folder in "HangeulKeyboard" target */,
				5B8284822E6EEED8006425C7 /* Exceptions for "Keyboards" folder in "EnglishKeyboard" target */,
			);
			path = Keyboards;
			sourceTree = "<group>";
		};
		5BC07E132DAD0BD8005796AB /* Common */ = {
			isa = PBXFileSystemSynchronizedRootGroup;
			exceptions = (
				5BB377C22ED611C4006AB083 /* Exceptions for "Common" folder in "SYKeyboard" target */,
				5B53F7A62E1E51A30083F7CA /* Exceptions for "Common" folder in "HangeulKeyboard" target */,
			);
			path = Common;
			sourceTree = "<group>";
		};
		5BC07E462DAD0BDA005796AB /* SYKeyboard */ = {
			isa = PBXFileSystemSynchronizedRootGroup;
			exceptions = (
				5B53F7A32E1E517F0083F7CA /* Exceptions for "SYKeyboard" folder in "SYKeyboard" target */,
			);
			path = SYKeyboard;
			sourceTree = "<group>";
		};
		5BCECC832F26C3A900A7F562 /* Modules */ = {
			isa = PBXFileSystemSynchronizedRootGroup;
			exceptions = (
				5BCECD522F26C3B800A7F562 /* Exceptions for "Modules" folder in "SYKeyboard" target */,
				5BCECD532F26C3B800A7F562 /* Exceptions for "Modules" folder in "SYKeyboardCore" target */,
				5BCECD542F26C3B800A7F562 /* Exceptions for "Modules" folder in "EnglishKeyboardCore" target */,
				5BCECD552F26C3B800A7F562 /* Exceptions for "Modules" folder in "HangeulKeyboardCore" target */,
			);
			path = Modules;
			sourceTree = "<group>";
		};
/* End PBXFileSystemSynchronizedRootGroup section */

/* Begin PBXFrameworksBuildPhase section */
		5B48C06F2E7C141900973C00 /* Frameworks */ = {
			isa = PBXFrameworksBuildPhase;
			buildActionMask = 2147483647;
			files = (
			);
			runOnlyForDeploymentPostprocessing = 0;
		};
		5B7B3F532C569B7800F7C093 /* Frameworks */ = {
			isa = PBXFrameworksBuildPhase;
			buildActionMask = 2147483647;
			files = (
				5B2CF1092EDE384D00F4A844 /* AdSupport.framework in Frameworks */,
				5BB37A5E2ED643B9006AB083 /* MetaAdapterTarget in Frameworks */,
				5B25D11C2F155BB9003122E2 /* SYKeyboardCore.framework in Frameworks */,
				5B8E6E112E1E42D800657BF4 /* FirebaseAnalytics in Frameworks */,
				5BB37A612ED644B5006AB083 /* GoogleMobileAds in Frameworks */,
				5B25D1212F155BBC003122E2 /* EnglishKeyboardCore.framework in Frameworks */,
				5BB377A42ED600AC006AB083 /* FirebaseCrashlytics in Frameworks */,
				5B25D11F2F155BBA003122E2 /* HangeulKeyboardCore.framework in Frameworks */,
			);
			runOnlyForDeploymentPostprocessing = 0;
		};
		5B7B3F682C569B8200F7C093 /* Frameworks */ = {
			isa = PBXFrameworksBuildPhase;
			buildActionMask = 2147483647;
			files = (
				5B25D1162F155B23003122E2 /* HangeulKeyboardCore.framework in Frameworks */,
				5B3D958B2F22A9AF00200234 /* FirebaseCrashlytics in Frameworks */,
			);
			runOnlyForDeploymentPostprocessing = 0;
		};
		5B82846A2E6EEE04006425C7 /* Frameworks */ = {
			isa = PBXFrameworksBuildPhase;
			buildActionMask = 2147483647;
			files = (
				5B25D1192F155B27003122E2 /* EnglishKeyboardCore.framework in Frameworks */,
				5B3D95892F22A9A900200234 /* FirebaseCrashlytics in Frameworks */,
			);
			runOnlyForDeploymentPostprocessing = 0;
		};
		5BB3734E2ED5AA18006AB083 /* Frameworks */ = {
			isa = PBXFrameworksBuildPhase;
			buildActionMask = 2147483647;
			files = (
				5BCED1112F26DEEC00A7F562 /* SYKeyboardAssets in Frameworks */,
			);
			runOnlyForDeploymentPostprocessing = 0;
		};
		5BB373A72ED5D937006AB083 /* Frameworks */ = {
			isa = PBXFrameworksBuildPhase;
			buildActionMask = 2147483647;
			files = (
				5BB377D62ED62420006AB083 /* SYKeyboardCore.framework in Frameworks */,
			);
			runOnlyForDeploymentPostprocessing = 0;
		};
		5BB373D72ED5DADC006AB083 /* Frameworks */ = {
			isa = PBXFrameworksBuildPhase;
			buildActionMask = 2147483647;
			files = (
				5BB377D92ED62423006AB083 /* SYKeyboardCore.framework in Frameworks */,
			);
			runOnlyForDeploymentPostprocessing = 0;
		};
/* End PBXFrameworksBuildPhase section */

/* Begin PBXGroup section */
		5B2CF1072EDE384C00F4A844 /* Frameworks */ = {
			isa = PBXGroup;
			children = (
				5B2CF1082EDE384D00F4A844 /* AdSupport.framework */,
			);
			name = Frameworks;
			sourceTree = "<group>";
		};
		5B7B3F4D2C569B7800F7C093 = {
			isa = PBXGroup;
			children = (
				5BCECC832F26C3A900A7F562 /* Modules */,
				5BC38F1B2D8AE2FE00E6B44E /* README.md */,
				5BA419DE2CB99238005E7C86 /* .gitignore */,
				5BC07E132DAD0BD8005796AB /* Common */,
				5BC07E462DAD0BDA005796AB /* SYKeyboard */,
				5B53F8012E1E56BD0083F7CA /* Keyboards */,
				5B48C0732E7C141900973C00 /* SYKeyboardTests */,
				5B2CF1072EDE384C00F4A844 /* Frameworks */,
				5B7B3F572C569B7800F7C093 /* Products */,
			);
			sourceTree = "<group>";
		};
		5B7B3F572C569B7800F7C093 /* Products */ = {
			isa = PBXGroup;
			children = (
				5B7B3F562C569B7800F7C093 /* SYKeyboard.app */,
				5B7B3F6B2C569B8200F7C093 /* HangeulKeyboard.appex */,
				5B82846D2E6EEE04006425C7 /* EnglishKeyboard.appex */,
				5B48C0722E7C141900973C00 /* SYKeyboardTests.xctest */,
				5BB373512ED5AA18006AB083 /* SYKeyboardCore.framework */,
				5BB373AA2ED5D937006AB083 /* EnglishKeyboardCore.framework */,
				5BB373DA2ED5DADC006AB083 /* HangeulKeyboardCore.framework */,
			);
			name = Products;
			sourceTree = "<group>";
		};
/* End PBXGroup section */

/* Begin PBXHeadersBuildPhase section */
		5BB3734C2ED5AA18006AB083 /* Headers */ = {
			isa = PBXHeadersBuildPhase;
			buildActionMask = 2147483647;
			files = (
			);
			runOnlyForDeploymentPostprocessing = 0;
		};
		5BB373A52ED5D937006AB083 /* Headers */ = {
			isa = PBXHeadersBuildPhase;
			buildActionMask = 2147483647;
			files = (
			);
			runOnlyForDeploymentPostprocessing = 0;
		};
		5BB373D52ED5DADC006AB083 /* Headers */ = {
			isa = PBXHeadersBuildPhase;
			buildActionMask = 2147483647;
			files = (
			);
			runOnlyForDeploymentPostprocessing = 0;
		};
/* End PBXHeadersBuildPhase section */

/* Begin PBXNativeTarget section */
		5B48C0712E7C141900973C00 /* SYKeyboardTests */ = {
			isa = PBXNativeTarget;
			buildConfigurationList = 5B48C0782E7C141900973C00 /* Build configuration list for PBXNativeTarget "SYKeyboardTests" */;
			buildPhases = (
				5B48C06E2E7C141900973C00 /* Sources */,
				5B48C06F2E7C141900973C00 /* Frameworks */,
				5B48C0702E7C141900973C00 /* Resources */,
			);
			buildRules = (
			);
			dependencies = (
				5B48C0772E7C141900973C00 /* PBXTargetDependency */,
			);
			fileSystemSynchronizedGroups = (
				5B48C0732E7C141900973C00 /* SYKeyboardTests */,
			);
			name = SYKeyboardTests;
			productName = SYKeyboardTests;
			productReference = 5B48C0722E7C141900973C00 /* SYKeyboardTests.xctest */;
			productType = "com.apple.product-type.bundle.unit-test";
		};
		5B7B3F552C569B7800F7C093 /* SYKeyboard */ = {
			isa = PBXNativeTarget;
			buildConfigurationList = 5B7B3F642C569B7800F7C093 /* Build configuration list for PBXNativeTarget "SYKeyboard" */;
			buildPhases = (
				5B7B3F522C569B7800F7C093 /* Sources */,
				5B7B3F532C569B7800F7C093 /* Frameworks */,
				5B7B3F542C569B7800F7C093 /* Resources */,
				5B9D004F2D92C38200DA108E /* Embed Foundation Extensions */,
				5BB377B32ED61023006AB083 /* Setup Firebase Environment */,
				5BB377A52ED6016D006AB083 /* Setup Crashlytics */,
			);
			buildRules = (
			);
			dependencies = (
				5B9D004E2D92C38200DA108E /* PBXTargetDependency */,
				5B8284732E6EEE04006425C7 /* PBXTargetDependency */,
				5BB373582ED5AA18006AB083 /* PBXTargetDependency */,
				5BB373B12ED5D937006AB083 /* PBXTargetDependency */,
				5BB373E12ED5DADC006AB083 /* PBXTargetDependency */,
			);
			fileSystemSynchronizedGroups = (
				5B53F8012E1E56BD0083F7CA /* Keyboards */,
				5BC07E132DAD0BD8005796AB /* Common */,
				5BC07E462DAD0BDA005796AB /* SYKeyboard */,
				5BCECC832F26C3A900A7F562 /* Modules */,
			);
			name = SYKeyboard;
			productName = SYKeyboard;
			productReference = 5B7B3F562C569B7800F7C093 /* SYKeyboard.app */;
			productType = "com.apple.product-type.application";
		};
		5B7B3F6A2C569B8200F7C093 /* HangeulKeyboard */ = {
			isa = PBXNativeTarget;
			buildConfigurationList = 5B7B3F732C569B8200F7C093 /* Build configuration list for PBXNativeTarget "HangeulKeyboard" */;
			buildPhases = (
				5B7B3F672C569B8200F7C093 /* Sources */,
				5B7B3F682C569B8200F7C093 /* Frameworks */,
				5B7B3F692C569B8200F7C093 /* Resources */,
				5BB377CD2ED61481006AB083 /* Setup Firebase Environment */,
				5BB377A82ED6080F006AB083 /* Setup Crashlytics */,
			);
			buildRules = (
			);
			dependencies = (
				5BB374092ED5DCC6006AB083 /* PBXTargetDependency */,
			);
			fileSystemSynchronizedGroups = (
				5BC07E132DAD0BD8005796AB /* Common */,
			);
			name = HangeulKeyboard;
			productName = Naratgeul;
			productReference = 5B7B3F6B2C569B8200F7C093 /* HangeulKeyboard.appex */;
			productType = "com.apple.product-type.app-extension";
		};
		5B82846C2E6EEE04006425C7 /* EnglishKeyboard */ = {
			isa = PBXNativeTarget;
			buildConfigurationList = 5B8284752E6EEE04006425C7 /* Build configuration list for PBXNativeTarget "EnglishKeyboard" */;
			buildPhases = (
				5B8284692E6EEE04006425C7 /* Sources */,
				5B82846A2E6EEE04006425C7 /* Frameworks */,
				5B82846B2E6EEE04006425C7 /* Resources */,
				5BB377CC2ED6146C006AB083 /* Setup Firebase Environment */,
				5BB377CB2ED6145D006AB083 /* Setup Crashlytics */,
			);
			buildRules = (
			);
			dependencies = (
				5BB373D42ED5D9F9006AB083 /* PBXTargetDependency */,
			);
			name = EnglishKeyboard;
			packageProductDependencies = (
				5B3D95882F22A9A900200234 /* FirebaseCrashlytics */,
			);
			productName = EnglishKeyboard;
			productReference = 5B82846D2E6EEE04006425C7 /* EnglishKeyboard.appex */;
			productType = "com.apple.product-type.app-extension";
		};
		5BB373502ED5AA18006AB083 /* SYKeyboardCore */ = {
			isa = PBXNativeTarget;
			buildConfigurationList = 5BB3735B2ED5AA18006AB083 /* Build configuration list for PBXNativeTarget "SYKeyboardCore" */;
			buildPhases = (
				5BB3734C2ED5AA18006AB083 /* Headers */,
				5BB3734D2ED5AA18006AB083 /* Sources */,
				5BB3734E2ED5AA18006AB083 /* Frameworks */,
				5BB3734F2ED5AA18006AB083 /* Resources */,
			);
			buildRules = (
			);
			dependencies = (
			);
			name = SYKeyboardCore;
			packageProductDependencies = (
				5BCED1102F26DEEC00A7F562 /* SYKeyboardAssets */,
			);
			productName = SYKeyboardCore;
			productReference = 5BB373512ED5AA18006AB083 /* SYKeyboardCore.framework */;
			productType = "com.apple.product-type.framework";
		};
		5BB373A92ED5D937006AB083 /* EnglishKeyboardCore */ = {
			isa = PBXNativeTarget;
			buildConfigurationList = 5BB373B42ED5D937006AB083 /* Build configuration list for PBXNativeTarget "EnglishKeyboardCore" */;
			buildPhases = (
				5BB373A52ED5D937006AB083 /* Headers */,
				5BB373A62ED5D937006AB083 /* Sources */,
				5BB373A72ED5D937006AB083 /* Frameworks */,
				5BB373A82ED5D937006AB083 /* Resources */,
			);
			buildRules = (
			);
			dependencies = (
				5BB3740D2ED5DE61006AB083 /* PBXTargetDependency */,
			);
			name = EnglishKeyboardCore;
			productName = EnglishKeyboardCore;
			productReference = 5BB373AA2ED5D937006AB083 /* EnglishKeyboardCore.framework */;
			productType = "com.apple.product-type.framework";
		};
		5BB373D92ED5DADC006AB083 /* HangeulKeyboardCore */ = {
			isa = PBXNativeTarget;
			buildConfigurationList = 5BB373E42ED5DADC006AB083 /* Build configuration list for PBXNativeTarget "HangeulKeyboardCore" */;
			buildPhases = (
				5BB373D52ED5DADC006AB083 /* Headers */,
				5BB373D62ED5DADC006AB083 /* Sources */,
				5BB373D72ED5DADC006AB083 /* Frameworks */,
				5BB373D82ED5DADC006AB083 /* Resources */,
			);
			buildRules = (
			);
			dependencies = (
				5BB374122ED5DE65006AB083 /* PBXTargetDependency */,
			);
			name = HangeulKeyboardCore;
			productName = HangeulKeyboardCore;
			productReference = 5BB373DA2ED5DADC006AB083 /* HangeulKeyboardCore.framework */;
			productType = "com.apple.product-type.framework";
		};
/* End PBXNativeTarget section */

/* Begin PBXProject section */
		5B7B3F4E2C569B7800F7C093 /* Project object */ = {
			isa = PBXProject;
			attributes = {
				BuildIndependentTargetsInParallel = 1;
				LastSwiftUpdateCheck = 2610;
				LastUpgradeCheck = 2620;
				TargetAttributes = {
					5B48C0712E7C141900973C00 = {
						CreatedOnToolsVersion = 26.0;
						TestTargetID = 5B7B3F552C569B7800F7C093;
					};
					5B7B3F552C569B7800F7C093 = {
						CreatedOnToolsVersion = 15.3;
					};
					5B7B3F6A2C569B8200F7C093 = {
						CreatedOnToolsVersion = 15.3;
					};
					5B82846C2E6EEE04006425C7 = {
						CreatedOnToolsVersion = 16.4;
					};
					5BB373502ED5AA18006AB083 = {
						CreatedOnToolsVersion = 26.1.1;
					};
					5BB373A92ED5D937006AB083 = {
						CreatedOnToolsVersion = 26.1.1;
					};
					5BB373D92ED5DADC006AB083 = {
						CreatedOnToolsVersion = 26.1.1;
					};
				};
			};
			buildConfigurationList = 5B7B3F512C569B7800F7C093 /* Build configuration list for PBXProject "SYKeyboard" */;
			developmentRegion = ko;
			hasScannedForEncodings = 0;
			knownRegions = (
				Base,
				ko,
				en,
			);
			mainGroup = 5B7B3F4D2C569B7800F7C093;
			packageReferences = (
				5B8E6E0F2E1E42D800657BF4 /* XCRemoteSwiftPackageReference "firebase-ios-sdk" */,
				5BB37A5C2ED643B9006AB083 /* XCRemoteSwiftPackageReference "googleads-mobile-ios-mediation-meta" */,
				5BB37A5F2ED644B5006AB083 /* XCRemoteSwiftPackageReference "swift-package-manager-google-mobile-ads" */,
				5BCED1092F26DD8A00A7F562 /* XCLocalSwiftPackageReference "SYKeyboardAssets" */,
			);
			preferredProjectObjectVersion = 77;
			productRefGroup = 5B7B3F572C569B7800F7C093 /* Products */;
			projectDirPath = "";
			projectRoot = "";
			targets = (
				5B7B3F552C569B7800F7C093 /* SYKeyboard */,
				5B7B3F6A2C569B8200F7C093 /* HangeulKeyboard */,
				5B82846C2E6EEE04006425C7 /* EnglishKeyboard */,
				5B48C0712E7C141900973C00 /* SYKeyboardTests */,
				5BB373502ED5AA18006AB083 /* SYKeyboardCore */,
				5BB373A92ED5D937006AB083 /* EnglishKeyboardCore */,
				5BB373D92ED5DADC006AB083 /* HangeulKeyboardCore */,
			);
		};
/* End PBXProject section */

/* Begin PBXResourcesBuildPhase section */
		5B48C0702E7C141900973C00 /* Resources */ = {
			isa = PBXResourcesBuildPhase;
			buildActionMask = 2147483647;
			files = (
			);
			runOnlyForDeploymentPostprocessing = 0;
		};
		5B7B3F542C569B7800F7C093 /* Resources */ = {
			isa = PBXResourcesBuildPhase;
			buildActionMask = 2147483647;
			files = (
				5BC38F1C2D8AE2FE00E6B44E /* README.md in Resources */,
			);
			runOnlyForDeploymentPostprocessing = 0;
		};
		5B7B3F692C569B8200F7C093 /* Resources */ = {
			isa = PBXResourcesBuildPhase;
			buildActionMask = 2147483647;
			files = (
			);
			runOnlyForDeploymentPostprocessing = 0;
		};
		5B82846B2E6EEE04006425C7 /* Resources */ = {
			isa = PBXResourcesBuildPhase;
			buildActionMask = 2147483647;
			files = (
			);
			runOnlyForDeploymentPostprocessing = 0;
		};
		5BB3734F2ED5AA18006AB083 /* Resources */ = {
			isa = PBXResourcesBuildPhase;
			buildActionMask = 2147483647;
			files = (
			);
			runOnlyForDeploymentPostprocessing = 0;
		};
		5BB373A82ED5D937006AB083 /* Resources */ = {
			isa = PBXResourcesBuildPhase;
			buildActionMask = 2147483647;
			files = (
			);
			runOnlyForDeploymentPostprocessing = 0;
		};
		5BB373D82ED5DADC006AB083 /* Resources */ = {
			isa = PBXResourcesBuildPhase;
			buildActionMask = 2147483647;
			files = (
			);
			runOnlyForDeploymentPostprocessing = 0;
		};
/* End PBXResourcesBuildPhase section */

/* Begin PBXShellScriptBuildPhase section */
		5BB377A52ED6016D006AB083 /* Setup Crashlytics */ = {
			isa = PBXShellScriptBuildPhase;
			alwaysOutOfDate = 1;
			buildActionMask = 2147483647;
			files = (
			);
			inputFileListPaths = (
			);
			inputPaths = (
				"${DWARF_DSYM_FOLDER_PATH}/${DWARF_DSYM_FILE_NAME}",
				"${DWARF_DSYM_FOLDER_PATH}/${DWARF_DSYM_FILE_NAME}/Contents/Resources/DWARF/${PRODUCT_NAME}",
				"${DWARF_DSYM_FOLDER_PATH}/${DWARF_DSYM_FILE_NAME}/Contents/Info.plist",
				"$(TARGET_BUILD_DIR)/$(UNLOCALIZED_RESOURCES_FOLDER_PATH)/GoogleService-Info.plist",
				"$(TARGET_BUILD_DIR)/$(EXECUTABLE_PATH)",
				"${DWARF_DSYM_FOLDER_PATH}/${DWARF_DSYM_FILE_NAME}/Contents/Resources/DWARF/${PRODUCT_NAME}.debug.dylib",
			);
			name = "Setup Crashlytics";
			outputFileListPaths = (
			);
			outputPaths = (
			);
			runOnlyForDeploymentPostprocessing = 0;
			shellPath = /bin/sh;
			shellScript = "\"${BUILD_DIR%/Build/*}/SourcePackages/checkouts/firebase-ios-sdk/Crashlytics/run\"\n";
			showEnvVarsInLog = 0;
		};
		5BB377A82ED6080F006AB083 /* Setup Crashlytics */ = {
			isa = PBXShellScriptBuildPhase;
			alwaysOutOfDate = 1;
			buildActionMask = 2147483647;
			files = (
			);
			inputFileListPaths = (
			);
			inputPaths = (
				"${DWARF_DSYM_FOLDER_PATH}/${DWARF_DSYM_FILE_NAME}",
				"${DWARF_DSYM_FOLDER_PATH}/${DWARF_DSYM_FILE_NAME}/Contents/Resources/DWARF/${PRODUCT_NAME}",
				"${DWARF_DSYM_FOLDER_PATH}/${DWARF_DSYM_FILE_NAME}/Contents/Info.plist",
				"$(TARGET_BUILD_DIR)/$(UNLOCALIZED_RESOURCES_FOLDER_PATH)/GoogleService-Info.plist",
				"$(TARGET_BUILD_DIR)/$(EXECUTABLE_PATH)",
				"${DWARF_DSYM_FOLDER_PATH}/${DWARF_DSYM_FILE_NAME}/Contents/Resources/DWARF/${PRODUCT_NAME}.debug.dylib",
			);
			name = "Setup Crashlytics";
			outputFileListPaths = (
			);
			outputPaths = (
			);
			runOnlyForDeploymentPostprocessing = 0;
			shellPath = /bin/sh;
			shellScript = "\"${BUILD_DIR%/Build/*}/SourcePackages/checkouts/firebase-ios-sdk/Crashlytics/run\"\n";
		};
		5BB377B32ED61023006AB083 /* Setup Firebase Environment */ = {
			isa = PBXShellScriptBuildPhase;
			alwaysOutOfDate = 1;
			buildActionMask = 2147483647;
			files = (
			);
			inputFileListPaths = (
			);
			inputPaths = (
			);
			name = "Setup Firebase Environment";
			outputFileListPaths = (
			);
			outputPaths = (
			);
			runOnlyForDeploymentPostprocessing = 0;
			shellPath = /bin/sh;
			shellScript = "# 1. 환경 설정 (Debug 또는 Release) 확인\nENVIRONMENT_TYPE=\"Release\"\nif [ \"${CONFIGURATION}\" = \"Debug\" ]; then\n    ENVIRONMENT_TYPE=\"Debug\"\nfi\n\n# 2. 가져올 plist 경로 수정\nGOOGLE_SERVICE_INFO_PLIST_FROM=\"${PROJECT_DIR}/Common/Firebase/${ENVIRONMENT_TYPE}/GoogleService-Info.plist\"\n\n# 3. 복사될 경로 (앱 번들 또는 익스텐션 번들 내부)\nGOOGLE_SERVICE_INFO_PLIST_TO=\"${BUILT_PRODUCTS_DIR}/${WRAPPER_NAME}/GoogleService-Info.plist\"\n\n# --- 디버깅용 로그 (빌드 리포트에서 경로 확인 가능) ---\necho \"Copying from: ${GOOGLE_SERVICE_INFO_PLIST_FROM}\"\necho \"Copying to:   ${GOOGLE_SERVICE_INFO_PLIST_TO}\"\n\n# 4. 파일 복사 실행\nif [ -f \"${GOOGLE_SERVICE_INFO_PLIST_FROM}\" ]; then\n    cp \"${GOOGLE_SERVICE_INFO_PLIST_FROM}\" \"${GOOGLE_SERVICE_INFO_PLIST_TO}\"\n    echo \"SUCCESS: GoogleService-Info.plist copied.\"\nelse\n    echo \"ERROR: GoogleService-Info.plist not found at path!\"\n    echo \"Check this path: ${GOOGLE_SERVICE_INFO_PLIST_FROM}\"\n    exit 1\nfi\n";
		};
		5BB377CB2ED6145D006AB083 /* Setup Crashlytics */ = {
			isa = PBXShellScriptBuildPhase;
			alwaysOutOfDate = 1;
			buildActionMask = 2147483647;
			files = (
			);
			inputFileListPaths = (
			);
			inputPaths = (
				"${DWARF_DSYM_FOLDER_PATH}/${DWARF_DSYM_FILE_NAME}",
				"${DWARF_DSYM_FOLDER_PATH}/${DWARF_DSYM_FILE_NAME}/Contents/Resources/DWARF/${PRODUCT_NAME}",
				"${DWARF_DSYM_FOLDER_PATH}/${DWARF_DSYM_FILE_NAME}/Contents/Info.plist",
				"$(TARGET_BUILD_DIR)/$(UNLOCALIZED_RESOURCES_FOLDER_PATH)/GoogleService-Info.plist",
				"$(TARGET_BUILD_DIR)/$(EXECUTABLE_PATH)",
				"${DWARF_DSYM_FOLDER_PATH}/${DWARF_DSYM_FILE_NAME}/Contents/Resources/DWARF/${PRODUCT_NAME}.debug.dylib",
			);
			name = "Setup Crashlytics";
			outputFileListPaths = (
			);
			outputPaths = (
			);
			runOnlyForDeploymentPostprocessing = 0;
			shellPath = /bin/sh;
			shellScript = "\"${BUILD_DIR%/Build/*}/SourcePackages/checkouts/firebase-ios-sdk/Crashlytics/run\"\n";
		};
		5BB377CC2ED6146C006AB083 /* Setup Firebase Environment */ = {
			isa = PBXShellScriptBuildPhase;
			alwaysOutOfDate = 1;
			buildActionMask = 2147483647;
			files = (
			);
			inputFileListPaths = (
			);
			inputPaths = (
			);
			name = "Setup Firebase Environment";
			outputFileListPaths = (
			);
			outputPaths = (
			);
			runOnlyForDeploymentPostprocessing = 0;
			shellPath = /bin/sh;
			shellScript = "# 1. 환경 설정 (Debug 또는 Release) 확인\nENVIRONMENT_TYPE=\"Release\"\nif [ \"${CONFIGURATION}\" = \"Debug\" ]; then\n    ENVIRONMENT_TYPE=\"Debug\"\nfi\n\n# 2. 가져올 plist 경로 수정\nGOOGLE_SERVICE_INFO_PLIST_FROM=\"${PROJECT_DIR}/Common/Firebase/${ENVIRONMENT_TYPE}/GoogleService-Info.plist\"\n\n# 3. 복사될 경로 (앱 번들 또는 익스텐션 번들 내부)\nGOOGLE_SERVICE_INFO_PLIST_TO=\"${BUILT_PRODUCTS_DIR}/${WRAPPER_NAME}/GoogleService-Info.plist\"\n\n# --- 디버깅용 로그 (빌드 리포트에서 경로 확인 가능) ---\necho \"Copying from: ${GOOGLE_SERVICE_INFO_PLIST_FROM}\"\necho \"Copying to:   ${GOOGLE_SERVICE_INFO_PLIST_TO}\"\n\n# 4. 파일 복사 실행\nif [ -f \"${GOOGLE_SERVICE_INFO_PLIST_FROM}\" ]; then\n    cp \"${GOOGLE_SERVICE_INFO_PLIST_FROM}\" \"${GOOGLE_SERVICE_INFO_PLIST_TO}\"\n    echo \"SUCCESS: GoogleService-Info.plist copied.\"\nelse\n    echo \"ERROR: GoogleService-Info.plist not found at path!\"\n    echo \"Check this path: ${GOOGLE_SERVICE_INFO_PLIST_FROM}\"\n    exit 1\nfi\n";
		};
		5BB377CD2ED61481006AB083 /* Setup Firebase Environment */ = {
			isa = PBXShellScriptBuildPhase;
			alwaysOutOfDate = 1;
			buildActionMask = 2147483647;
			files = (
			);
			inputFileListPaths = (
			);
			inputPaths = (
			);
			name = "Setup Firebase Environment";
			outputFileListPaths = (
			);
			outputPaths = (
			);
			runOnlyForDeploymentPostprocessing = 0;
			shellPath = /bin/sh;
			shellScript = "# 1. 환경 설정 (Debug 또는 Release) 확인\nENVIRONMENT_TYPE=\"Release\"\nif [ \"${CONFIGURATION}\" = \"Debug\" ]; then\n    ENVIRONMENT_TYPE=\"Debug\"\nfi\n\n# 2. 가져올 plist 경로 수정\nGOOGLE_SERVICE_INFO_PLIST_FROM=\"${PROJECT_DIR}/Common/Firebase/${ENVIRONMENT_TYPE}/GoogleService-Info.plist\"\n\n# 3. 복사될 경로 (앱 번들 또는 익스텐션 번들 내부)\nGOOGLE_SERVICE_INFO_PLIST_TO=\"${BUILT_PRODUCTS_DIR}/${WRAPPER_NAME}/GoogleService-Info.plist\"\n\n# --- 디버깅용 로그 (빌드 리포트에서 경로 확인 가능) ---\necho \"Copying from: ${GOOGLE_SERVICE_INFO_PLIST_FROM}\"\necho \"Copying to:   ${GOOGLE_SERVICE_INFO_PLIST_TO}\"\n\n# 4. 파일 복사 실행\nif [ -f \"${GOOGLE_SERVICE_INFO_PLIST_FROM}\" ]; then\n    cp \"${GOOGLE_SERVICE_INFO_PLIST_FROM}\" \"${GOOGLE_SERVICE_INFO_PLIST_TO}\"\n    echo \"SUCCESS: GoogleService-Info.plist copied.\"\nelse\n    echo \"ERROR: GoogleService-Info.plist not found at path!\"\n    echo \"Check this path: ${GOOGLE_SERVICE_INFO_PLIST_FROM}\"\n    exit 1\nfi\n";
		};
/* End PBXShellScriptBuildPhase section */

/* Begin PBXSourcesBuildPhase section */
		5B48C06E2E7C141900973C00 /* Sources */ = {
			isa = PBXSourcesBuildPhase;
			buildActionMask = 2147483647;
			files = (
			);
			runOnlyForDeploymentPostprocessing = 0;
		};
		5B7B3F522C569B7800F7C093 /* Sources */ = {
			isa = PBXSourcesBuildPhase;
			buildActionMask = 2147483647;
			files = (
			);
			runOnlyForDeploymentPostprocessing = 0;
		};
		5B7B3F672C569B8200F7C093 /* Sources */ = {
			isa = PBXSourcesBuildPhase;
			buildActionMask = 2147483647;
			files = (
			);
			runOnlyForDeploymentPostprocessing = 0;
		};
		5B8284692E6EEE04006425C7 /* Sources */ = {
			isa = PBXSourcesBuildPhase;
			buildActionMask = 2147483647;
			files = (
			);
			runOnlyForDeploymentPostprocessing = 0;
		};
		5BB3734D2ED5AA18006AB083 /* Sources */ = {
			isa = PBXSourcesBuildPhase;
			buildActionMask = 2147483647;
			files = (
			);
			runOnlyForDeploymentPostprocessing = 0;
		};
		5BB373A62ED5D937006AB083 /* Sources */ = {
			isa = PBXSourcesBuildPhase;
			buildActionMask = 2147483647;
			files = (
			);
			runOnlyForDeploymentPostprocessing = 0;
		};
		5BB373D62ED5DADC006AB083 /* Sources */ = {
			isa = PBXSourcesBuildPhase;
			buildActionMask = 2147483647;
			files = (
			);
			runOnlyForDeploymentPostprocessing = 0;
		};
/* End PBXSourcesBuildPhase section */

/* Begin PBXTargetDependency section */
		5B48C0772E7C141900973C00 /* PBXTargetDependency */ = {
			isa = PBXTargetDependency;
			target = 5B7B3F552C569B7800F7C093 /* SYKeyboard */;
			targetProxy = 5B48C0762E7C141900973C00 /* PBXContainerItemProxy */;
		};
		5B8284732E6EEE04006425C7 /* PBXTargetDependency */ = {
			isa = PBXTargetDependency;
			target = 5B82846C2E6EEE04006425C7 /* EnglishKeyboard */;
			targetProxy = 5B8284722E6EEE04006425C7 /* PBXContainerItemProxy */;
		};
		5B9D004E2D92C38200DA108E /* PBXTargetDependency */ = {
			isa = PBXTargetDependency;
			target = 5B7B3F6A2C569B8200F7C093 /* HangeulKeyboard */;
			targetProxy = 5B9D004D2D92C38200DA108E /* PBXContainerItemProxy */;
		};
		5BB373582ED5AA18006AB083 /* PBXTargetDependency */ = {
			isa = PBXTargetDependency;
			target = 5BB373502ED5AA18006AB083 /* SYKeyboardCore */;
			targetProxy = 5BB373572ED5AA18006AB083 /* PBXContainerItemProxy */;
		};
		5BB373B12ED5D937006AB083 /* PBXTargetDependency */ = {
			isa = PBXTargetDependency;
			target = 5BB373A92ED5D937006AB083 /* EnglishKeyboardCore */;
			targetProxy = 5BB373B02ED5D937006AB083 /* PBXContainerItemProxy */;
		};
		5BB373D42ED5D9F9006AB083 /* PBXTargetDependency */ = {
			isa = PBXTargetDependency;
			target = 5BB373A92ED5D937006AB083 /* EnglishKeyboardCore */;
			targetProxy = 5BB373D32ED5D9F9006AB083 /* PBXContainerItemProxy */;
		};
		5BB373E12ED5DADC006AB083 /* PBXTargetDependency */ = {
			isa = PBXTargetDependency;
			target = 5BB373D92ED5DADC006AB083 /* HangeulKeyboardCore */;
			targetProxy = 5BB373E02ED5DADC006AB083 /* PBXContainerItemProxy */;
		};
		5BB374092ED5DCC6006AB083 /* PBXTargetDependency */ = {
			isa = PBXTargetDependency;
			target = 5BB373D92ED5DADC006AB083 /* HangeulKeyboardCore */;
			targetProxy = 5BB374082ED5DCC6006AB083 /* PBXContainerItemProxy */;
		};
		5BB3740D2ED5DE61006AB083 /* PBXTargetDependency */ = {
			isa = PBXTargetDependency;
			target = 5BB373502ED5AA18006AB083 /* SYKeyboardCore */;
			targetProxy = 5BB3740C2ED5DE61006AB083 /* PBXContainerItemProxy */;
		};
		5BB374122ED5DE65006AB083 /* PBXTargetDependency */ = {
			isa = PBXTargetDependency;
			target = 5BB373502ED5AA18006AB083 /* SYKeyboardCore */;
			targetProxy = 5BB374112ED5DE65006AB083 /* PBXContainerItemProxy */;
		};
/* End PBXTargetDependency section */

/* Begin XCBuildConfiguration section */
		5B48C0792E7C141900973C00 /* Debug */ = {
			isa = XCBuildConfiguration;
			buildSettings = {
				BUNDLE_LOADER = "$(TEST_HOST)";
				CODE_SIGN_STYLE = Automatic;
				CURRENT_PROJECT_VERSION = 1;
				DEAD_CODE_STRIPPING = YES;
				ENABLE_DEBUG_DYLIB = YES;
				ENABLE_USER_SCRIPT_SANDBOXING = NO;
				GENERATE_INFOPLIST_FILE = YES;
				IPHONEOS_DEPLOYMENT_TARGET = 16.0;
				MACOSX_DEPLOYMENT_TARGET = 26.0;
				MARKETING_VERSION = 1.0;
				PRODUCT_BUNDLE_IDENTIFIER = com.5rganization.SYKeyboardTests;
				PRODUCT_NAME = "$(TARGET_NAME)";
				SDKROOT = auto;
				STRING_CATALOG_GENERATE_SYMBOLS = NO;
				SUPPORTED_PLATFORMS = "iphoneos iphonesimulator";
				SUPPORTS_MACCATALYST = NO;
				SWIFT_APPROACHABLE_CONCURRENCY = YES;
				SWIFT_EMIT_LOC_STRINGS = NO;
				SWIFT_UPCOMING_FEATURE_MEMBER_IMPORT_VISIBILITY = YES;
				SWIFT_VERSION = 5.0;
				TARGETED_DEVICE_FAMILY = 1;
				TEST_HOST = "$(BUILT_PRODUCTS_DIR)/SYKeyboard.app/$(BUNDLE_EXECUTABLE_FOLDER_PATH)/SYKeyboard";
				XROS_DEPLOYMENT_TARGET = 26.0;
			};
			name = Debug;
		};
		5B48C07A2E7C141900973C00 /* Release */ = {
			isa = XCBuildConfiguration;
			buildSettings = {
				BUNDLE_LOADER = "$(TEST_HOST)";
				CODE_SIGN_STYLE = Automatic;
				CURRENT_PROJECT_VERSION = 1;
				DEAD_CODE_STRIPPING = YES;
				ENABLE_USER_SCRIPT_SANDBOXING = NO;
				GENERATE_INFOPLIST_FILE = YES;
				IPHONEOS_DEPLOYMENT_TARGET = 16.0;
				MACOSX_DEPLOYMENT_TARGET = 26.0;
				MARKETING_VERSION = 1.0;
				PRODUCT_BUNDLE_IDENTIFIER = com.5rganization.SYKeyboardTests;
				PRODUCT_NAME = "$(TARGET_NAME)";
				SDKROOT = auto;
				STRING_CATALOG_GENERATE_SYMBOLS = NO;
				SUPPORTED_PLATFORMS = "iphoneos iphonesimulator";
				SUPPORTS_MACCATALYST = NO;
				SWIFT_APPROACHABLE_CONCURRENCY = YES;
				SWIFT_EMIT_LOC_STRINGS = NO;
				SWIFT_UPCOMING_FEATURE_MEMBER_IMPORT_VISIBILITY = YES;
				SWIFT_VERSION = 5.0;
				TARGETED_DEVICE_FAMILY = 1;
				TEST_HOST = "$(BUILT_PRODUCTS_DIR)/SYKeyboard.app/$(BUNDLE_EXECUTABLE_FOLDER_PATH)/SYKeyboard";
				XROS_DEPLOYMENT_TARGET = 26.0;
			};
			name = Release;
		};
		5B7B3F622C569B7800F7C093 /* Debug */ = {
			isa = XCBuildConfiguration;
			buildSettings = {
				ALWAYS_SEARCH_USER_PATHS = NO;
				ASSETCATALOG_COMPILER_GENERATE_SWIFT_ASSET_SYMBOL_EXTENSIONS = YES;
				CLANG_ANALYZER_LOCALIZABILITY_NONLOCALIZED = YES;
				CLANG_ANALYZER_NONNULL = YES;
				CLANG_ANALYZER_NUMBER_OBJECT_CONVERSION = YES_AGGRESSIVE;
				CLANG_CXX_LANGUAGE_STANDARD = "gnu++20";
				CLANG_ENABLE_MODULES = YES;
				CLANG_ENABLE_OBJC_ARC = YES;
				CLANG_ENABLE_OBJC_WEAK = YES;
				CLANG_WARN_BLOCK_CAPTURE_AUTORELEASING = YES;
				CLANG_WARN_BOOL_CONVERSION = YES;
				CLANG_WARN_COMMA = YES;
				CLANG_WARN_CONSTANT_CONVERSION = YES;
				CLANG_WARN_DEPRECATED_OBJC_IMPLEMENTATIONS = YES;
				CLANG_WARN_DIRECT_OBJC_ISA_USAGE = YES_ERROR;
				CLANG_WARN_DOCUMENTATION_COMMENTS = YES;
				CLANG_WARN_EMPTY_BODY = YES;
				CLANG_WARN_ENUM_CONVERSION = YES;
				CLANG_WARN_INFINITE_RECURSION = YES;
				CLANG_WARN_INT_CONVERSION = YES;
				CLANG_WARN_NON_LITERAL_NULL_CONVERSION = YES;
				CLANG_WARN_OBJC_IMPLICIT_RETAIN_SELF = YES;
				CLANG_WARN_OBJC_LITERAL_CONVERSION = YES;
				CLANG_WARN_OBJC_ROOT_CLASS = YES_ERROR;
				CLANG_WARN_QUOTED_INCLUDE_IN_FRAMEWORK_HEADER = YES;
				CLANG_WARN_RANGE_LOOP_ANALYSIS = YES;
				CLANG_WARN_STRICT_PROTOTYPES = YES;
				CLANG_WARN_SUSPICIOUS_MOVE = YES;
				CLANG_WARN_UNGUARDED_AVAILABILITY = YES_AGGRESSIVE;
				CLANG_WARN_UNREACHABLE_CODE = YES;
				CLANG_WARN__DUPLICATE_METHOD_MATCH = YES;
				COPY_PHASE_STRIP = NO;
				DEBUG_INFORMATION_FORMAT = dwarf;
				DEVELOPMENT_TEAM = NCJMGH8Z64;
				ENABLE_STRICT_OBJC_MSGSEND = YES;
				ENABLE_TESTABILITY = YES;
				ENABLE_USER_SCRIPT_SANDBOXING = NO;
				GCC_C_LANGUAGE_STANDARD = gnu17;
				GCC_DYNAMIC_NO_PIC = NO;
				GCC_NO_COMMON_BLOCKS = YES;
				GCC_OPTIMIZATION_LEVEL = 0;
				GCC_PREPROCESSOR_DEFINITIONS = (
					"DEBUG=1",
					"$(inherited)",
				);
				GCC_WARN_64_TO_32_BIT_CONVERSION = YES;
				GCC_WARN_ABOUT_RETURN_TYPE = YES_ERROR;
				GCC_WARN_UNDECLARED_SELECTOR = YES;
				GCC_WARN_UNINITIALIZED_AUTOS = YES_AGGRESSIVE;
				GCC_WARN_UNUSED_FUNCTION = YES;
				GCC_WARN_UNUSED_VARIABLE = YES;
				INFOPLIST_KEY_CFBundleDisplayName = "";
				IPHONEOS_DEPLOYMENT_TARGET = 16.0;
				LOCALIZATION_PREFERS_STRING_CATALOGS = YES;
				MTL_ENABLE_DEBUG_INFO = INCLUDE_SOURCE;
				MTL_FAST_MATH = YES;
				ONLY_ACTIVE_ARCH = YES;
				SDKROOT = iphoneos;
				STRING_CATALOG_GENERATE_SYMBOLS = YES;
				SWIFT_ACTIVE_COMPILATION_CONDITIONS = "DEBUG $(inherited)";
				SWIFT_EMIT_LOC_STRINGS = YES;
				SWIFT_OPTIMIZATION_LEVEL = "-Onone";
				SWIFT_VERSION = 5.0;
			};
			name = Debug;
		};
		5B7B3F632C569B7800F7C093 /* Release */ = {
			isa = XCBuildConfiguration;
			buildSettings = {
				ALWAYS_SEARCH_USER_PATHS = NO;
				ASSETCATALOG_COMPILER_GENERATE_SWIFT_ASSET_SYMBOL_EXTENSIONS = YES;
				CLANG_ANALYZER_LOCALIZABILITY_NONLOCALIZED = YES;
				CLANG_ANALYZER_NONNULL = YES;
				CLANG_ANALYZER_NUMBER_OBJECT_CONVERSION = YES_AGGRESSIVE;
				CLANG_CXX_LANGUAGE_STANDARD = "gnu++20";
				CLANG_ENABLE_MODULES = YES;
				CLANG_ENABLE_OBJC_ARC = YES;
				CLANG_ENABLE_OBJC_WEAK = YES;
				CLANG_WARN_BLOCK_CAPTURE_AUTORELEASING = YES;
				CLANG_WARN_BOOL_CONVERSION = YES;
				CLANG_WARN_COMMA = YES;
				CLANG_WARN_CONSTANT_CONVERSION = YES;
				CLANG_WARN_DEPRECATED_OBJC_IMPLEMENTATIONS = YES;
				CLANG_WARN_DIRECT_OBJC_ISA_USAGE = YES_ERROR;
				CLANG_WARN_DOCUMENTATION_COMMENTS = YES;
				CLANG_WARN_EMPTY_BODY = YES;
				CLANG_WARN_ENUM_CONVERSION = YES;
				CLANG_WARN_INFINITE_RECURSION = YES;
				CLANG_WARN_INT_CONVERSION = YES;
				CLANG_WARN_NON_LITERAL_NULL_CONVERSION = YES;
				CLANG_WARN_OBJC_IMPLICIT_RETAIN_SELF = YES;
				CLANG_WARN_OBJC_LITERAL_CONVERSION = YES;
				CLANG_WARN_OBJC_ROOT_CLASS = YES_ERROR;
				CLANG_WARN_QUOTED_INCLUDE_IN_FRAMEWORK_HEADER = YES;
				CLANG_WARN_RANGE_LOOP_ANALYSIS = YES;
				CLANG_WARN_STRICT_PROTOTYPES = YES;
				CLANG_WARN_SUSPICIOUS_MOVE = YES;
				CLANG_WARN_UNGUARDED_AVAILABILITY = YES_AGGRESSIVE;
				CLANG_WARN_UNREACHABLE_CODE = YES;
				CLANG_WARN__DUPLICATE_METHOD_MATCH = YES;
				COPY_PHASE_STRIP = NO;
				DEBUG_INFORMATION_FORMAT = "dwarf-with-dsym";
				DEVELOPMENT_TEAM = NCJMGH8Z64;
				ENABLE_NS_ASSERTIONS = NO;
				ENABLE_STRICT_OBJC_MSGSEND = YES;
				ENABLE_USER_SCRIPT_SANDBOXING = NO;
				GCC_C_LANGUAGE_STANDARD = gnu17;
				GCC_NO_COMMON_BLOCKS = YES;
				GCC_WARN_64_TO_32_BIT_CONVERSION = YES;
				GCC_WARN_ABOUT_RETURN_TYPE = YES_ERROR;
				GCC_WARN_UNDECLARED_SELECTOR = YES;
				GCC_WARN_UNINITIALIZED_AUTOS = YES_AGGRESSIVE;
				GCC_WARN_UNUSED_FUNCTION = YES;
				GCC_WARN_UNUSED_VARIABLE = YES;
				INFOPLIST_KEY_CFBundleDisplayName = "";
				IPHONEOS_DEPLOYMENT_TARGET = 16.0;
				LOCALIZATION_PREFERS_STRING_CATALOGS = YES;
				MTL_ENABLE_DEBUG_INFO = NO;
				MTL_FAST_MATH = YES;
				SDKROOT = iphoneos;
				STRING_CATALOG_GENERATE_SYMBOLS = YES;
				SWIFT_COMPILATION_MODE = wholemodule;
				SWIFT_EMIT_LOC_STRINGS = YES;
				SWIFT_VERSION = 5.0;
				VALIDATE_PRODUCT = YES;
			};
			name = Release;
		};
		5B7B3F652C569B7800F7C093 /* Debug */ = {
			isa = XCBuildConfiguration;
			baseConfigurationReferenceAnchor = 5BC07E462DAD0BDA005796AB /* SYKeyboard */;
			baseConfigurationReferenceRelativePath = "Resources/Configs/DebugConfig-SYKeyboard.xcconfig";
			buildSettings = {
				ASSETCATALOG_COMPILER_APPICON_NAME = AppIcon;
				ASSETCATALOG_COMPILER_GLOBAL_ACCENT_COLOR_NAME = AccentColor;
				CODE_SIGN_ENTITLEMENTS = SYKeyboard/Resources/SYKeyboard.entitlements;
				CODE_SIGN_STYLE = Automatic;
				CURRENT_PROJECT_VERSION = "$(BUILD_NUMBER)";
				DEBUG_INFORMATION_FORMAT = "dwarf-with-dsym";
				DEVELOPMENT_ASSET_PATHS = "\"SYKeyboard/Resources/Preview Content\"";
				ENABLE_DEBUG_DYLIB = YES;
				ENABLE_PREVIEWS = YES;
				ENABLE_USER_SCRIPT_SANDBOXING = NO;
				GENERATE_INFOPLIST_FILE = YES;
				INFOPLIST_FILE = SYKeyboard/Resources/Info.plist;
				INFOPLIST_KEY_CFBundleDisplayName = "SY키보드";
				INFOPLIST_KEY_LSApplicationCategoryType = "public.app-category.utilities";
				INFOPLIST_KEY_NSUserTrackingUsageDescription = "사용자 맞춤 광고 제공을 위해 권한을 허용해 주세요. 애플 정책 기반 개인화된 광고 제공 목적으로만 사용됩니다.";
				INFOPLIST_KEY_UIApplicationSceneManifest_Generation = YES;
				INFOPLIST_KEY_UIApplicationSupportsIndirectInputEvents = YES;
				INFOPLIST_KEY_UILaunchScreen_Generation = YES;
				INFOPLIST_KEY_UISupportedInterfaceOrientations = UIInterfaceOrientationPortrait;
				INFOPLIST_KEY_UISupportedInterfaceOrientations_iPad = "UIInterfaceOrientationLandscapeLeft UIInterfaceOrientationLandscapeRight UIInterfaceOrientationPortrait UIInterfaceOrientationPortraitUpsideDown";
				IPHONEOS_DEPLOYMENT_TARGET = 16.0;
				LD_RUNPATH_SEARCH_PATHS = (
					"$(inherited)",
					"@executable_path/Frameworks",
				);
				LIBRARY_SEARCH_PATHS = "";
				MARKETING_VERSION = "$(VERSION)";
				OTHER_LDFLAGS = (
					"$(inherited)",
					"-ObjC",
				);
				PRODUCT_BUNDLE_IDENTIFIER = "github.com-SNMac.SYKeyboard";
				PRODUCT_NAME = "$(TARGET_NAME)";
				SUPPORTED_PLATFORMS = "iphoneos iphonesimulator";
				SUPPORTS_MACCATALYST = NO;
				SUPPORTS_MAC_DESIGNED_FOR_IPHONE_IPAD = NO;
				SUPPORTS_XR_DESIGNED_FOR_IPHONE_IPAD = NO;
				SWIFT_EMIT_LOC_STRINGS = YES;
				SWIFT_VERSION = 5.0;
				TARGETED_DEVICE_FAMILY = 1;
			};
			name = Debug;
		};
		5B7B3F662C569B7800F7C093 /* Release */ = {
			isa = XCBuildConfiguration;
			baseConfigurationReferenceAnchor = 5BC07E462DAD0BDA005796AB /* SYKeyboard */;
			baseConfigurationReferenceRelativePath = "Resources/Configs/ReleaseConfig-SYKeyboard.xcconfig";
			buildSettings = {
				ASSETCATALOG_COMPILER_APPICON_NAME = AppIcon;
				ASSETCATALOG_COMPILER_GLOBAL_ACCENT_COLOR_NAME = AccentColor;
				CODE_SIGN_ENTITLEMENTS = SYKeyboard/Resources/SYKeyboard.entitlements;
				CODE_SIGN_STYLE = Automatic;
				CURRENT_PROJECT_VERSION = "$(BUILD_NUMBER)";
				DEVELOPMENT_ASSET_PATHS = "\"SYKeyboard/Resources/Preview Content\"";
				ENABLE_DEBUG_DYLIB = NO;
				ENABLE_PREVIEWS = YES;
				ENABLE_USER_SCRIPT_SANDBOXING = NO;
				GENERATE_INFOPLIST_FILE = YES;
				INFOPLIST_FILE = SYKeyboard/Resources/Info.plist;
				INFOPLIST_KEY_CFBundleDisplayName = "SY키보드";
				INFOPLIST_KEY_LSApplicationCategoryType = "public.app-category.utilities";
				INFOPLIST_KEY_NSUserTrackingUsageDescription = "사용자 맞춤 광고 제공을 위해 권한을 허용해 주세요. 애플 정책 기반 개인화된 광고 제공 목적으로만 사용됩니다.";
				INFOPLIST_KEY_UIApplicationSceneManifest_Generation = YES;
				INFOPLIST_KEY_UIApplicationSupportsIndirectInputEvents = YES;
				INFOPLIST_KEY_UILaunchScreen_Generation = YES;
				INFOPLIST_KEY_UISupportedInterfaceOrientations = UIInterfaceOrientationPortrait;
				INFOPLIST_KEY_UISupportedInterfaceOrientations_iPad = "UIInterfaceOrientationLandscapeLeft UIInterfaceOrientationLandscapeRight UIInterfaceOrientationPortrait UIInterfaceOrientationPortraitUpsideDown";
				IPHONEOS_DEPLOYMENT_TARGET = 16.0;
				LD_RUNPATH_SEARCH_PATHS = (
					"$(inherited)",
					"@executable_path/Frameworks",
				);
				LIBRARY_SEARCH_PATHS = "";
				MARKETING_VERSION = "$(VERSION)";
				OTHER_LDFLAGS = (
					"$(inherited)",
					"-ObjC",
				);
				PRODUCT_BUNDLE_IDENTIFIER = "github.com-SNMac.SYKeyboard";
				PRODUCT_NAME = "$(TARGET_NAME)";
				SUPPORTED_PLATFORMS = "iphoneos iphonesimulator";
				SUPPORTS_MACCATALYST = NO;
				SUPPORTS_MAC_DESIGNED_FOR_IPHONE_IPAD = NO;
				SUPPORTS_XR_DESIGNED_FOR_IPHONE_IPAD = NO;
				SWIFT_EMIT_LOC_STRINGS = YES;
				SWIFT_VERSION = 5.0;
				TARGETED_DEVICE_FAMILY = 1;
			};
			name = Release;
		};
		5B7B3F742C569B8200F7C093 /* Debug */ = {
			isa = XCBuildConfiguration;
			baseConfigurationReferenceAnchor = 5B53F8012E1E56BD0083F7CA /* Keyboards */;
			baseConfigurationReferenceRelativePath = "HangeulKeyboard/Resources/Configs/DebugConfig-HangeulKeyboard.xcconfig";
			buildSettings = {
				APPLICATION_EXTENSION_API_ONLY = YES;
				CODE_SIGN_ENTITLEMENTS = Keyboards/HangeulKeyboard/Resources/HangeulKeyboard.entitlements;
				CODE_SIGN_STYLE = Automatic;
				CURRENT_PROJECT_VERSION = "$(BUILD_NUMBER)";
				DEBUG_INFORMATION_FORMAT = "dwarf-with-dsym";
				ENABLE_USER_SCRIPT_SANDBOXING = NO;
				GENERATE_INFOPLIST_FILE = YES;
				INFOPLIST_FILE = Keyboards/HangeulKeyboard/Resources/Info.plist;
				INFOPLIST_KEY_CFBundleDisplayName = "한글 키보드";
				INFOPLIST_KEY_NSHumanReadableCopyright = "";
				LD_RUNPATH_SEARCH_PATHS = (
					"$(inherited)",
					"@executable_path/Frameworks",
					"@executable_path/../../Frameworks",
				);
				MARKETING_VERSION = "$(VERSION)";
				PRODUCT_BUNDLE_IDENTIFIER = "github.com-SNMac.SYKeyboard.HangeulKeyboard";
				PRODUCT_NAME = "$(TARGET_NAME)";
				SKIP_INSTALL = YES;
				SUPPORTED_PLATFORMS = "iphoneos iphonesimulator";
				SUPPORTS_MACCATALYST = NO;
				SUPPORTS_MAC_DESIGNED_FOR_IPHONE_IPAD = NO;
				SUPPORTS_XR_DESIGNED_FOR_IPHONE_IPAD = NO;
				SWIFT_EMIT_LOC_STRINGS = YES;
				SWIFT_VERSION = 5.0;
				TARGETED_DEVICE_FAMILY = 1;
			};
			name = Debug;
		};
		5B7B3F752C569B8200F7C093 /* Release */ = {
			isa = XCBuildConfiguration;
			baseConfigurationReferenceAnchor = 5B53F8012E1E56BD0083F7CA /* Keyboards */;
			baseConfigurationReferenceRelativePath = "HangeulKeyboard/Resources/Configs/ReleaseConfig-HangeulKeyboard.xcconfig";
			buildSettings = {
				APPLICATION_EXTENSION_API_ONLY = YES;
				CODE_SIGN_ENTITLEMENTS = Keyboards/HangeulKeyboard/Resources/HangeulKeyboard.entitlements;
				CODE_SIGN_STYLE = Automatic;
				CURRENT_PROJECT_VERSION = "$(BUILD_NUMBER)";
				ENABLE_DEBUG_DYLIB = NO;
				ENABLE_USER_SCRIPT_SANDBOXING = NO;
				GENERATE_INFOPLIST_FILE = YES;
				INFOPLIST_FILE = Keyboards/HangeulKeyboard/Resources/Info.plist;
				INFOPLIST_KEY_CFBundleDisplayName = "한글 키보드";
				INFOPLIST_KEY_NSHumanReadableCopyright = "";
				LD_RUNPATH_SEARCH_PATHS = (
					"$(inherited)",
					"@executable_path/Frameworks",
					"@executable_path/../../Frameworks",
				);
				MARKETING_VERSION = "$(VERSION)";
				PRODUCT_BUNDLE_IDENTIFIER = "github.com-SNMac.SYKeyboard.HangeulKeyboard";
				PRODUCT_NAME = "$(TARGET_NAME)";
				SKIP_INSTALL = YES;
				SUPPORTED_PLATFORMS = "iphoneos iphonesimulator";
				SUPPORTS_MACCATALYST = NO;
				SUPPORTS_MAC_DESIGNED_FOR_IPHONE_IPAD = NO;
				SUPPORTS_XR_DESIGNED_FOR_IPHONE_IPAD = NO;
				SWIFT_EMIT_LOC_STRINGS = YES;
				SWIFT_VERSION = 5.0;
				TARGETED_DEVICE_FAMILY = 1;
			};
			name = Release;
		};
		5B8284762E6EEE04006425C7 /* Debug */ = {
			isa = XCBuildConfiguration;
			baseConfigurationReferenceAnchor = 5B53F8012E1E56BD0083F7CA /* Keyboards */;
			baseConfigurationReferenceRelativePath = "EnglishKeyboard/Resources/Configs/DebugConfig-EnglishKeyboard.xcconfig";
			buildSettings = {
				CODE_SIGN_ENTITLEMENTS = Keyboards/EnglishKeyboard/Resources/EnglishKeyboard.entitlements;
				CODE_SIGN_STYLE = Automatic;
				CURRENT_PROJECT_VERSION = "$(BUILD_NUMBER)";
				DEBUG_INFORMATION_FORMAT = "dwarf-with-dsym";
				ENABLE_USER_SCRIPT_SANDBOXING = NO;
				GENERATE_INFOPLIST_FILE = YES;
				INFOPLIST_FILE = Keyboards/EnglishKeyboard/Resources/Info.plist;
				INFOPLIST_KEY_CFBundleDisplayName = "영어 키보드";
				INFOPLIST_KEY_NSHumanReadableCopyright = "";
				IPHONEOS_DEPLOYMENT_TARGET = 16.0;
				LD_RUNPATH_SEARCH_PATHS = (
					"$(inherited)",
					"@executable_path/Frameworks",
					"@executable_path/../../Frameworks",
				);
				MARKETING_VERSION = "$(VERSION)";
				PRODUCT_BUNDLE_IDENTIFIER = "github.com-SNMac.SYKeyboard.EnglishKeyboard";
				PRODUCT_NAME = "$(TARGET_NAME)";
				SKIP_INSTALL = YES;
				SUPPORTED_PLATFORMS = "iphoneos iphonesimulator";
				SUPPORTS_MACCATALYST = NO;
				SUPPORTS_MAC_DESIGNED_FOR_IPHONE_IPAD = NO;
				SUPPORTS_XR_DESIGNED_FOR_IPHONE_IPAD = NO;
				SWIFT_EMIT_LOC_STRINGS = YES;
				SWIFT_VERSION = 5.0;
				TARGETED_DEVICE_FAMILY = 1;
			};
			name = Debug;
		};
		5B8284772E6EEE04006425C7 /* Release */ = {
			isa = XCBuildConfiguration;
			baseConfigurationReferenceAnchor = 5B53F8012E1E56BD0083F7CA /* Keyboards */;
			baseConfigurationReferenceRelativePath = "EnglishKeyboard/Resources/Configs/ReleaseConfig-EnglishKeyboard.xcconfig";
			buildSettings = {
				CODE_SIGN_ENTITLEMENTS = Keyboards/EnglishKeyboard/Resources/EnglishKeyboard.entitlements;
				CODE_SIGN_STYLE = Automatic;
				CURRENT_PROJECT_VERSION = "$(BUILD_NUMBER)";
				ENABLE_DEBUG_DYLIB = NO;
				ENABLE_USER_SCRIPT_SANDBOXING = NO;
				GENERATE_INFOPLIST_FILE = YES;
				INFOPLIST_FILE = Keyboards/EnglishKeyboard/Resources/Info.plist;
				INFOPLIST_KEY_CFBundleDisplayName = "영어 키보드";
				INFOPLIST_KEY_NSHumanReadableCopyright = "";
				IPHONEOS_DEPLOYMENT_TARGET = 16.0;
				LD_RUNPATH_SEARCH_PATHS = (
					"$(inherited)",
					"@executable_path/Frameworks",
					"@executable_path/../../Frameworks",
				);
				MARKETING_VERSION = "$(VERSION)";
				PRODUCT_BUNDLE_IDENTIFIER = "github.com-SNMac.SYKeyboard.EnglishKeyboard";
				PRODUCT_NAME = "$(TARGET_NAME)";
				SKIP_INSTALL = YES;
				SUPPORTED_PLATFORMS = "iphoneos iphonesimulator";
				SUPPORTS_MACCATALYST = NO;
				SUPPORTS_MAC_DESIGNED_FOR_IPHONE_IPAD = NO;
				SUPPORTS_XR_DESIGNED_FOR_IPHONE_IPAD = NO;
				SWIFT_EMIT_LOC_STRINGS = YES;
				SWIFT_VERSION = 5.0;
				TARGETED_DEVICE_FAMILY = 1;
			};
			name = Release;
		};
		5BB3735C2ED5AA18006AB083 /* Debug */ = {
			isa = XCBuildConfiguration;
			buildSettings = {
				BUILD_LIBRARY_FOR_DISTRIBUTION = NO;
				CODE_SIGN_IDENTITY = "";
				CODE_SIGN_STYLE = Automatic;
				CURRENT_PROJECT_VERSION = 1;
				DEBUG_INFORMATION_FORMAT = "dwarf-with-dsym";
				DYLIB_COMPATIBILITY_VERSION = 1;
				DYLIB_CURRENT_VERSION = 1;
				DYLIB_INSTALL_NAME_BASE = "@rpath";
				ENABLE_DEBUG_DYLIB = YES;
				ENABLE_MODULE_VERIFIER = YES;
				ENABLE_USER_SCRIPT_SANDBOXING = YES;
				GENERATE_INFOPLIST_FILE = YES;
				INFOPLIST_KEY_NSHumanReadableCopyright = "";
				INSTALL_PATH = "$(LOCAL_LIBRARY_DIR)/Frameworks";
				IPHONEOS_DEPLOYMENT_TARGET = 16.0;
				LD_RUNPATH_SEARCH_PATHS = (
					"$(inherited)",
					"@executable_path/Frameworks",
					"@loader_path/Frameworks",
				);
				MACH_O_TYPE = staticlib;
				MARKETING_VERSION = 1.0;
				MODULE_VERIFIER_SUPPORTED_LANGUAGES = "objective-c objective-c++";
				MODULE_VERIFIER_SUPPORTED_LANGUAGE_STANDARDS = "gnu17 gnu++20";
				PRODUCT_BUNDLE_IDENTIFIER = com.snmac.SYKeyboardCore;
				PRODUCT_NAME = "$(TARGET_NAME:c99extidentifier)";
				SKIP_INSTALL = YES;
				STRING_CATALOG_GENERATE_SYMBOLS = YES;
				SUPPORTED_PLATFORMS = "iphoneos iphonesimulator";
				SUPPORTS_MACCATALYST = NO;
				SUPPORTS_MAC_DESIGNED_FOR_IPHONE_IPAD = NO;
				SUPPORTS_XR_DESIGNED_FOR_IPHONE_IPAD = NO;
				SWIFT_APPROACHABLE_CONCURRENCY = YES;
				SWIFT_EMIT_LOC_STRINGS = YES;
				SWIFT_INSTALL_MODULE = YES;
				SWIFT_INSTALL_OBJC_HEADER = NO;
				SWIFT_UPCOMING_FEATURE_MEMBER_IMPORT_VISIBILITY = YES;
				SWIFT_VERSION = 5.0;
				TARGETED_DEVICE_FAMILY = 1;
				VERSIONING_SYSTEM = "apple-generic";
				VERSION_INFO_PREFIX = "";
			};
			name = Debug;
		};
		5BB3735D2ED5AA18006AB083 /* Release */ = {
			isa = XCBuildConfiguration;
			buildSettings = {
				BUILD_LIBRARY_FOR_DISTRIBUTION = NO;
				CODE_SIGN_IDENTITY = "";
				CODE_SIGN_STYLE = Automatic;
				CURRENT_PROJECT_VERSION = 1;
				DYLIB_COMPATIBILITY_VERSION = 1;
				DYLIB_CURRENT_VERSION = 1;
				DYLIB_INSTALL_NAME_BASE = "@rpath";
				ENABLE_MODULE_VERIFIER = YES;
				ENABLE_USER_SCRIPT_SANDBOXING = YES;
				GENERATE_INFOPLIST_FILE = YES;
				INFOPLIST_KEY_NSHumanReadableCopyright = "";
				INSTALL_PATH = "$(LOCAL_LIBRARY_DIR)/Frameworks";
				IPHONEOS_DEPLOYMENT_TARGET = 16.0;
				LD_RUNPATH_SEARCH_PATHS = (
					"$(inherited)",
					"@executable_path/Frameworks",
					"@loader_path/Frameworks",
				);
				MACH_O_TYPE = staticlib;
				MARKETING_VERSION = 1.0;
				MODULE_VERIFIER_SUPPORTED_LANGUAGES = "objective-c objective-c++";
				MODULE_VERIFIER_SUPPORTED_LANGUAGE_STANDARDS = "gnu17 gnu++20";
				PRODUCT_BUNDLE_IDENTIFIER = com.snmac.SYKeyboardCore;
				PRODUCT_NAME = "$(TARGET_NAME:c99extidentifier)";
				SKIP_INSTALL = YES;
				STRING_CATALOG_GENERATE_SYMBOLS = YES;
				SUPPORTED_PLATFORMS = "iphoneos iphonesimulator";
				SUPPORTS_MACCATALYST = NO;
				SUPPORTS_MAC_DESIGNED_FOR_IPHONE_IPAD = NO;
				SUPPORTS_XR_DESIGNED_FOR_IPHONE_IPAD = NO;
				SWIFT_APPROACHABLE_CONCURRENCY = YES;
				SWIFT_EMIT_LOC_STRINGS = YES;
				SWIFT_INSTALL_MODULE = YES;
				SWIFT_INSTALL_OBJC_HEADER = NO;
				SWIFT_UPCOMING_FEATURE_MEMBER_IMPORT_VISIBILITY = YES;
				SWIFT_VERSION = 5.0;
				TARGETED_DEVICE_FAMILY = 1;
				VERSIONING_SYSTEM = "apple-generic";
				VERSION_INFO_PREFIX = "";
			};
			name = Release;
		};
		5BB373B52ED5D937006AB083 /* Debug */ = {
			isa = XCBuildConfiguration;
			buildSettings = {
				BUILD_LIBRARY_FOR_DISTRIBUTION = NO;
				CODE_SIGN_IDENTITY = "";
				CODE_SIGN_STYLE = Automatic;
				CURRENT_PROJECT_VERSION = 1;
				DEBUG_INFORMATION_FORMAT = "dwarf-with-dsym";
				DYLIB_COMPATIBILITY_VERSION = 1;
				DYLIB_CURRENT_VERSION = 1;
				DYLIB_INSTALL_NAME_BASE = "@rpath";
				ENABLE_DEBUG_DYLIB = YES;
				ENABLE_MODULE_VERIFIER = YES;
				ENABLE_USER_SCRIPT_SANDBOXING = YES;
				GENERATE_INFOPLIST_FILE = YES;
				INFOPLIST_KEY_NSHumanReadableCopyright = "";
				INSTALL_PATH = "$(LOCAL_LIBRARY_DIR)/Frameworks";
				IPHONEOS_DEPLOYMENT_TARGET = 16.0;
				LD_RUNPATH_SEARCH_PATHS = (
					"$(inherited)",
					"@executable_path/Frameworks",
					"@loader_path/Frameworks",
				);
				MACH_O_TYPE = staticlib;
				MARKETING_VERSION = 1.0;
				MODULE_VERIFIER_SUPPORTED_LANGUAGES = "objective-c objective-c++";
				MODULE_VERIFIER_SUPPORTED_LANGUAGE_STANDARDS = "gnu17 gnu++20";
				PRODUCT_BUNDLE_IDENTIFIER = com.snmac.EnglishKeyboardCore;
				PRODUCT_NAME = "$(TARGET_NAME:c99extidentifier)";
				SKIP_INSTALL = YES;
				STRING_CATALOG_GENERATE_SYMBOLS = YES;
				SUPPORTED_PLATFORMS = "iphoneos iphonesimulator";
				SUPPORTS_MACCATALYST = NO;
				SUPPORTS_MAC_DESIGNED_FOR_IPHONE_IPAD = NO;
				SUPPORTS_XR_DESIGNED_FOR_IPHONE_IPAD = NO;
				SWIFT_APPROACHABLE_CONCURRENCY = YES;
				SWIFT_EMIT_LOC_STRINGS = YES;
				SWIFT_INSTALL_MODULE = YES;
				SWIFT_INSTALL_OBJC_HEADER = NO;
				SWIFT_UPCOMING_FEATURE_MEMBER_IMPORT_VISIBILITY = YES;
				SWIFT_VERSION = 5.0;
				TARGETED_DEVICE_FAMILY = 1;
				VERSIONING_SYSTEM = "apple-generic";
				VERSION_INFO_PREFIX = "";
			};
			name = Debug;
		};
		5BB373B62ED5D937006AB083 /* Release */ = {
			isa = XCBuildConfiguration;
			buildSettings = {
				BUILD_LIBRARY_FOR_DISTRIBUTION = NO;
				CODE_SIGN_IDENTITY = "";
				CODE_SIGN_STYLE = Automatic;
				CURRENT_PROJECT_VERSION = 1;
				DYLIB_COMPATIBILITY_VERSION = 1;
				DYLIB_CURRENT_VERSION = 1;
				DYLIB_INSTALL_NAME_BASE = "@rpath";
				ENABLE_MODULE_VERIFIER = YES;
				ENABLE_USER_SCRIPT_SANDBOXING = YES;
				GENERATE_INFOPLIST_FILE = YES;
				INFOPLIST_KEY_NSHumanReadableCopyright = "";
				INSTALL_PATH = "$(LOCAL_LIBRARY_DIR)/Frameworks";
				IPHONEOS_DEPLOYMENT_TARGET = 16.0;
				LD_RUNPATH_SEARCH_PATHS = (
					"$(inherited)",
					"@executable_path/Frameworks",
					"@loader_path/Frameworks",
				);
				MACH_O_TYPE = staticlib;
				MARKETING_VERSION = 1.0;
				MODULE_VERIFIER_SUPPORTED_LANGUAGES = "objective-c objective-c++";
				MODULE_VERIFIER_SUPPORTED_LANGUAGE_STANDARDS = "gnu17 gnu++20";
				PRODUCT_BUNDLE_IDENTIFIER = com.snmac.EnglishKeyboardCore;
				PRODUCT_NAME = "$(TARGET_NAME:c99extidentifier)";
				SKIP_INSTALL = YES;
				STRING_CATALOG_GENERATE_SYMBOLS = YES;
				SUPPORTED_PLATFORMS = "iphoneos iphonesimulator";
				SUPPORTS_MACCATALYST = NO;
				SUPPORTS_MAC_DESIGNED_FOR_IPHONE_IPAD = NO;
				SUPPORTS_XR_DESIGNED_FOR_IPHONE_IPAD = NO;
				SWIFT_APPROACHABLE_CONCURRENCY = YES;
				SWIFT_EMIT_LOC_STRINGS = YES;
				SWIFT_INSTALL_MODULE = YES;
				SWIFT_INSTALL_OBJC_HEADER = NO;
				SWIFT_UPCOMING_FEATURE_MEMBER_IMPORT_VISIBILITY = YES;
				SWIFT_VERSION = 5.0;
				TARGETED_DEVICE_FAMILY = 1;
				VERSIONING_SYSTEM = "apple-generic";
				VERSION_INFO_PREFIX = "";
			};
			name = Release;
		};
		5BB373E52ED5DADC006AB083 /* Debug */ = {
			isa = XCBuildConfiguration;
			buildSettings = {
				BUILD_LIBRARY_FOR_DISTRIBUTION = NO;
				CODE_SIGN_IDENTITY = "";
				CODE_SIGN_STYLE = Automatic;
				CURRENT_PROJECT_VERSION = 1;
				DEBUG_INFORMATION_FORMAT = "dwarf-with-dsym";
				DYLIB_COMPATIBILITY_VERSION = 1;
				DYLIB_CURRENT_VERSION = 1;
				DYLIB_INSTALL_NAME_BASE = "@rpath";
				ENABLE_DEBUG_DYLIB = YES;
				ENABLE_MODULE_VERIFIER = YES;
				ENABLE_USER_SCRIPT_SANDBOXING = YES;
				GENERATE_INFOPLIST_FILE = YES;
				INFOPLIST_KEY_NSHumanReadableCopyright = "";
				INSTALL_PATH = "$(LOCAL_LIBRARY_DIR)/Frameworks";
				IPHONEOS_DEPLOYMENT_TARGET = 16.0;
				LD_RUNPATH_SEARCH_PATHS = (
					"$(inherited)",
					"@executable_path/Frameworks",
					"@loader_path/Frameworks",
				);
				MACH_O_TYPE = staticlib;
				MARKETING_VERSION = 1.0;
				MODULE_VERIFIER_SUPPORTED_LANGUAGES = "objective-c objective-c++";
				MODULE_VERIFIER_SUPPORTED_LANGUAGE_STANDARDS = "gnu17 gnu++20";
				PRODUCT_BUNDLE_IDENTIFIER = com.snmac.HangeulKeyboardCore;
				PRODUCT_NAME = "$(TARGET_NAME:c99extidentifier)";
				SKIP_INSTALL = YES;
				STRING_CATALOG_GENERATE_SYMBOLS = YES;
				SUPPORTED_PLATFORMS = "iphoneos iphonesimulator";
				SUPPORTS_MACCATALYST = NO;
				SUPPORTS_MAC_DESIGNED_FOR_IPHONE_IPAD = NO;
				SUPPORTS_XR_DESIGNED_FOR_IPHONE_IPAD = NO;
				SWIFT_APPROACHABLE_CONCURRENCY = YES;
				SWIFT_EMIT_LOC_STRINGS = YES;
				SWIFT_INSTALL_MODULE = YES;
				SWIFT_INSTALL_OBJC_HEADER = NO;
				SWIFT_UPCOMING_FEATURE_MEMBER_IMPORT_VISIBILITY = YES;
				SWIFT_VERSION = 5.0;
				TARGETED_DEVICE_FAMILY = 1;
				VERSIONING_SYSTEM = "apple-generic";
				VERSION_INFO_PREFIX = "";
			};
			name = Debug;
		};
		5BB373E62ED5DADC006AB083 /* Release */ = {
			isa = XCBuildConfiguration;
			buildSettings = {
				BUILD_LIBRARY_FOR_DISTRIBUTION = NO;
				CODE_SIGN_IDENTITY = "";
				CODE_SIGN_STYLE = Automatic;
				CURRENT_PROJECT_VERSION = 1;
				DYLIB_COMPATIBILITY_VERSION = 1;
				DYLIB_CURRENT_VERSION = 1;
				DYLIB_INSTALL_NAME_BASE = "@rpath";
				ENABLE_MODULE_VERIFIER = YES;
				ENABLE_USER_SCRIPT_SANDBOXING = YES;
				GENERATE_INFOPLIST_FILE = YES;
				INFOPLIST_KEY_NSHumanReadableCopyright = "";
				INSTALL_PATH = "$(LOCAL_LIBRARY_DIR)/Frameworks";
				IPHONEOS_DEPLOYMENT_TARGET = 16.0;
				LD_RUNPATH_SEARCH_PATHS = (
					"$(inherited)",
					"@executable_path/Frameworks",
					"@loader_path/Frameworks",
				);
				MACH_O_TYPE = staticlib;
				MARKETING_VERSION = 1.0;
				MODULE_VERIFIER_SUPPORTED_LANGUAGES = "objective-c objective-c++";
				MODULE_VERIFIER_SUPPORTED_LANGUAGE_STANDARDS = "gnu17 gnu++20";
				PRODUCT_BUNDLE_IDENTIFIER = com.snmac.HangeulKeyboardCore;
				PRODUCT_NAME = "$(TARGET_NAME:c99extidentifier)";
				SKIP_INSTALL = YES;
				STRING_CATALOG_GENERATE_SYMBOLS = YES;
				SUPPORTED_PLATFORMS = "iphoneos iphonesimulator";
				SUPPORTS_MACCATALYST = NO;
				SUPPORTS_MAC_DESIGNED_FOR_IPHONE_IPAD = NO;
				SUPPORTS_XR_DESIGNED_FOR_IPHONE_IPAD = NO;
				SWIFT_APPROACHABLE_CONCURRENCY = YES;
				SWIFT_EMIT_LOC_STRINGS = YES;
				SWIFT_INSTALL_MODULE = YES;
				SWIFT_INSTALL_OBJC_HEADER = NO;
				SWIFT_UPCOMING_FEATURE_MEMBER_IMPORT_VISIBILITY = YES;
				SWIFT_VERSION = 5.0;
				TARGETED_DEVICE_FAMILY = 1;
				VERSIONING_SYSTEM = "apple-generic";
				VERSION_INFO_PREFIX = "";
			};
			name = Release;
		};
/* End XCBuildConfiguration section */

/* Begin XCConfigurationList section */
		5B48C0782E7C141900973C00 /* Build configuration list for PBXNativeTarget "SYKeyboardTests" */ = {
			isa = XCConfigurationList;
			buildConfigurations = (
				5B48C0792E7C141900973C00 /* Debug */,
				5B48C07A2E7C141900973C00 /* Release */,
			);
			defaultConfigurationIsVisible = 0;
			defaultConfigurationName = Release;
		};
		5B7B3F512C569B7800F7C093 /* Build configuration list for PBXProject "SYKeyboard" */ = {
			isa = XCConfigurationList;
			buildConfigurations = (
				5B7B3F622C569B7800F7C093 /* Debug */,
				5B7B3F632C569B7800F7C093 /* Release */,
			);
			defaultConfigurationIsVisible = 0;
			defaultConfigurationName = Release;
		};
		5B7B3F642C569B7800F7C093 /* Build configuration list for PBXNativeTarget "SYKeyboard" */ = {
			isa = XCConfigurationList;
			buildConfigurations = (
				5B7B3F652C569B7800F7C093 /* Debug */,
				5B7B3F662C569B7800F7C093 /* Release */,
			);
			defaultConfigurationIsVisible = 0;
			defaultConfigurationName = Release;
		};
		5B7B3F732C569B8200F7C093 /* Build configuration list for PBXNativeTarget "HangeulKeyboard" */ = {
			isa = XCConfigurationList;
			buildConfigurations = (
				5B7B3F742C569B8200F7C093 /* Debug */,
				5B7B3F752C569B8200F7C093 /* Release */,
			);
			defaultConfigurationIsVisible = 0;
			defaultConfigurationName = Release;
		};
		5B8284752E6EEE04006425C7 /* Build configuration list for PBXNativeTarget "EnglishKeyboard" */ = {
			isa = XCConfigurationList;
			buildConfigurations = (
				5B8284762E6EEE04006425C7 /* Debug */,
				5B8284772E6EEE04006425C7 /* Release */,
			);
			defaultConfigurationIsVisible = 0;
			defaultConfigurationName = Release;
		};
		5BB3735B2ED5AA18006AB083 /* Build configuration list for PBXNativeTarget "SYKeyboardCore" */ = {
			isa = XCConfigurationList;
			buildConfigurations = (
				5BB3735C2ED5AA18006AB083 /* Debug */,
				5BB3735D2ED5AA18006AB083 /* Release */,
			);
			defaultConfigurationIsVisible = 0;
			defaultConfigurationName = Release;
		};
		5BB373B42ED5D937006AB083 /* Build configuration list for PBXNativeTarget "EnglishKeyboardCore" */ = {
			isa = XCConfigurationList;
			buildConfigurations = (
				5BB373B52ED5D937006AB083 /* Debug */,
				5BB373B62ED5D937006AB083 /* Release */,
			);
			defaultConfigurationIsVisible = 0;
			defaultConfigurationName = Release;
		};
		5BB373E42ED5DADC006AB083 /* Build configuration list for PBXNativeTarget "HangeulKeyboardCore" */ = {
			isa = XCConfigurationList;
			buildConfigurations = (
				5BB373E52ED5DADC006AB083 /* Debug */,
				5BB373E62ED5DADC006AB083 /* Release */,
			);
			defaultConfigurationIsVisible = 0;
			defaultConfigurationName = Release;
		};
/* End XCConfigurationList section */

/* Begin XCLocalSwiftPackageReference section */
		5BCED1092F26DD8A00A7F562 /* XCLocalSwiftPackageReference "SYKeyboardAssets" */ = {
			isa = XCLocalSwiftPackageReference;
			relativePath = SYKeyboardAssets;
		};
/* End XCLocalSwiftPackageReference section */

/* Begin XCRemoteSwiftPackageReference section */
		5B8E6E0F2E1E42D800657BF4 /* XCRemoteSwiftPackageReference "firebase-ios-sdk" */ = {
			isa = XCRemoteSwiftPackageReference;
			repositoryURL = "https://github.com/firebase/firebase-ios-sdk.git";
			requirement = {
				kind = upToNextMajorVersion;
				minimumVersion = 11.15.0;
			};
		};
		5BB37A5C2ED643B9006AB083 /* XCRemoteSwiftPackageReference "googleads-mobile-ios-mediation-meta" */ = {
			isa = XCRemoteSwiftPackageReference;
			repositoryURL = "https://github.com/googleads/googleads-mobile-ios-mediation-meta.git";
			requirement = {
				branch = main;
				kind = branch;
			};
		};
		5BB37A5F2ED644B5006AB083 /* XCRemoteSwiftPackageReference "swift-package-manager-google-mobile-ads" */ = {
			isa = XCRemoteSwiftPackageReference;
			repositoryURL = "https://github.com/googleads/swift-package-manager-google-mobile-ads.git";
			requirement = {
				kind = upToNextMajorVersion;
				minimumVersion = 12.14.0;
			};
		};
/* End XCRemoteSwiftPackageReference section */

/* Begin XCSwiftPackageProductDependency section */
		5B3D95882F22A9A900200234 /* FirebaseCrashlytics */ = {
			isa = XCSwiftPackageProductDependency;
			package = 5B8E6E0F2E1E42D800657BF4 /* XCRemoteSwiftPackageReference "firebase-ios-sdk" */;
			productName = FirebaseCrashlytics;
		};
		5B3D958A2F22A9AF00200234 /* FirebaseCrashlytics */ = {
			isa = XCSwiftPackageProductDependency;
			package = 5B8E6E0F2E1E42D800657BF4 /* XCRemoteSwiftPackageReference "firebase-ios-sdk" */;
			productName = FirebaseCrashlytics;
		};
		5B8E6E102E1E42D800657BF4 /* FirebaseAnalytics */ = {
			isa = XCSwiftPackageProductDependency;
			package = 5B8E6E0F2E1E42D800657BF4 /* XCRemoteSwiftPackageReference "firebase-ios-sdk" */;
			productName = FirebaseAnalytics;
		};
		5BB377A32ED600AC006AB083 /* FirebaseCrashlytics */ = {
			isa = XCSwiftPackageProductDependency;
			package = 5B8E6E0F2E1E42D800657BF4 /* XCRemoteSwiftPackageReference "firebase-ios-sdk" */;
			productName = FirebaseCrashlytics;
		};
		5BB37A5D2ED643B9006AB083 /* MetaAdapterTarget */ = {
			isa = XCSwiftPackageProductDependency;
			package = 5BB37A5C2ED643B9006AB083 /* XCRemoteSwiftPackageReference "googleads-mobile-ios-mediation-meta" */;
			productName = MetaAdapterTarget;
		};
		5BB37A602ED644B5006AB083 /* GoogleMobileAds */ = {
			isa = XCSwiftPackageProductDependency;
			package = 5BB37A5F2ED644B5006AB083 /* XCRemoteSwiftPackageReference "swift-package-manager-google-mobile-ads" */;
			productName = GoogleMobileAds;
		};
		5BCED1102F26DEEC00A7F562 /* SYKeyboardAssets */ = {
			isa = XCSwiftPackageProductDependency;
			package = 5BCED1092F26DD8A00A7F562 /* XCLocalSwiftPackageReference "SYKeyboardAssets" */;
			productName = SYKeyboardAssets;
		};
/* End XCSwiftPackageProductDependency section */
	};
	rootObject = 5B7B3F4E2C569B7800F7C093 /* Project object */;
}
