// !$*UTF8*$!
{
	archiveVersion = 1;
	classes = {
	};
	objectVersion = 77;
	objects = {

/* Begin PBXBuildFile section */
		07F3FEEAF9D11BFC6D43AD90 /* libPods-EnglishKeyboard.a in Frameworks */ = {isa = PBXBuildFile; fileRef = D15C0B7D624B9A6D5042293F /* libPods-EnglishKeyboard.a */; };
		5B3750552E24516400B13805 /* Then in Frameworks */ = {isa = PBXBuildFile; productRef = 5B3750542E24516400B13805 /* Then */; };
		5B3750572E24517500B13805 /* Then in Frameworks */ = {isa = PBXBuildFile; productRef = 5B3750562E24517500B13805 /* Then */; };
		5B3750592E24528E00B13805 /* SnapKit in Frameworks */ = {isa = PBXBuildFile; productRef = 5B3750582E24528E00B13805 /* SnapKit */; };
		5B8284742E6EEE04006425C7 /* EnglishKeyboard.appex in Embed Foundation Extensions */ = {isa = PBXBuildFile; fileRef = 5B82846D2E6EEE04006425C7 /* EnglishKeyboard.appex */; settings = {ATTRIBUTES = (RemoveHeadersOnCopy, ); }; };
		5B82847A2E6EEE8E006425C7 /* SnapKit in Frameworks */ = {isa = PBXBuildFile; productRef = 5B8284792E6EEE8E006425C7 /* SnapKit */; };
		5B82847C2E6EEE93006425C7 /* Then in Frameworks */ = {isa = PBXBuildFile; productRef = 5B82847B2E6EEE93006425C7 /* Then */; };
		5B8E6E0E2E1E426400657BF4 /* GoogleMobileAds in Frameworks */ = {isa = PBXBuildFile; productRef = 5B8E6E0D2E1E426400657BF4 /* GoogleMobileAds */; };
		5B8E6E112E1E42D800657BF4 /* FirebaseAnalytics in Frameworks */ = {isa = PBXBuildFile; productRef = 5B8E6E102E1E42D800657BF4 /* FirebaseAnalytics */; };
		5B8E6E132E1E42D800657BF4 /* FirebaseAnalyticsCore in Frameworks */ = {isa = PBXBuildFile; productRef = 5B8E6E122E1E42D800657BF4 /* FirebaseAnalyticsCore */; };
		5B8E6EA62E1E435100657BF4 /* SnapKit in Frameworks */ = {isa = PBXBuildFile; productRef = 5B8E6EA52E1E435100657BF4 /* SnapKit */; };
		5B9D004C2D92C38200DA108E /* HangeulKeyboard.appex in Embed Foundation Extensions */ = {isa = PBXBuildFile; fileRef = 5B7B3F6B2C569B8200F7C093 /* HangeulKeyboard.appex */; settings = {ATTRIBUTES = (RemoveHeadersOnCopy, ); }; };
		5BC38F1C2D8AE2FE00E6B44E /* README.md in Resources */ = {isa = PBXBuildFile; fileRef = 5BC38F1B2D8AE2FE00E6B44E /* README.md */; };
		CFBBB4760A027381012C99A3 /* libPods-HangeulKeyboard.a in Frameworks */ = {isa = PBXBuildFile; fileRef = 010E9ADFD463152A42FCE1E2 /* libPods-HangeulKeyboard.a */; };
		E1E70658F675EA8FFBC353F0 /* libPods-SYKeyboard.a in Frameworks */ = {isa = PBXBuildFile; fileRef = BEB55EC1F7BC40511D0E8145 /* libPods-SYKeyboard.a */; };
/* End PBXBuildFile section */

/* Begin PBXContainerItemProxy section */
		5B8284722E6EEE04006425C7 /* PBXContainerItemProxy */ = {
			isa = PBXContainerItemProxy;
			containerPortal = 5B7B3F4E2C569B7800F7C093 /* Project object */;
			proxyType = 1;
			remoteGlobalIDString = 5B82846C2E6EEE04006425C7;
			remoteInfo = EnglishKeyboard;
		};
		5B9D004D2D92C38200DA108E /* PBXContainerItemProxy */ = {
			isa = PBXContainerItemProxy;
			containerPortal = 5B7B3F4E2C569B7800F7C093 /* Project object */;
			proxyType = 1;
			remoteGlobalIDString = 5B7B3F6A2C569B8200F7C093;
			remoteInfo = Keyboard;
		};
/* End PBXContainerItemProxy section */

/* Begin PBXCopyFilesBuildPhase section */
		5B9D004F2D92C38200DA108E /* Embed Foundation Extensions */ = {
			isa = PBXCopyFilesBuildPhase;
			buildActionMask = 2147483647;
			dstPath = "";
			dstSubfolderSpec = 13;
			files = (
				5B8284742E6EEE04006425C7 /* EnglishKeyboard.appex in Embed Foundation Extensions */,
				5B9D004C2D92C38200DA108E /* HangeulKeyboard.appex in Embed Foundation Extensions */,
			);
			name = "Embed Foundation Extensions";
			runOnlyForDeploymentPostprocessing = 0;
		};
/* End PBXCopyFilesBuildPhase section */

/* Begin PBXFileReference section */
		010E9ADFD463152A42FCE1E2 /* libPods-HangeulKeyboard.a */ = {isa = PBXFileReference; explicitFileType = archive.ar; includeInIndex = 0; path = "libPods-HangeulKeyboard.a"; sourceTree = BUILT_PRODUCTS_DIR; };
		079E614D6FC05DCAB5AEA949 /* Pods-SYKeyboard.debug.xcconfig */ = {isa = PBXFileReference; includeInIndex = 1; lastKnownFileType = text.xcconfig; name = "Pods-SYKeyboard.debug.xcconfig"; path = "Target Support Files/Pods-SYKeyboard/Pods-SYKeyboard.debug.xcconfig"; sourceTree = "<group>"; };
		508732ED07011B87EC525F0F /* Pods-HangeulKeyboard.release.xcconfig */ = {isa = PBXFileReference; includeInIndex = 1; lastKnownFileType = text.xcconfig; name = "Pods-HangeulKeyboard.release.xcconfig"; path = "Target Support Files/Pods-HangeulKeyboard/Pods-HangeulKeyboard.release.xcconfig"; sourceTree = "<group>"; };
		5B7B3F562C569B7800F7C093 /* SYKeyboard.app */ = {isa = PBXFileReference; explicitFileType = wrapper.application; includeInIndex = 0; path = SYKeyboard.app; sourceTree = BUILT_PRODUCTS_DIR; };
		5B7B3F6B2C569B8200F7C093 /* HangeulKeyboard.appex */ = {isa = PBXFileReference; explicitFileType = "wrapper.app-extension"; includeInIndex = 0; path = HangeulKeyboard.appex; sourceTree = BUILT_PRODUCTS_DIR; };
		5B82846D2E6EEE04006425C7 /* EnglishKeyboard.appex */ = {isa = PBXFileReference; explicitFileType = "wrapper.app-extension"; includeInIndex = 0; path = EnglishKeyboard.appex; sourceTree = BUILT_PRODUCTS_DIR; };
		5BA419DE2CB99238005E7C86 /* .gitignore */ = {isa = PBXFileReference; lastKnownFileType = text; path = .gitignore; sourceTree = "<group>"; };
		5BC38F1B2D8AE2FE00E6B44E /* README.md */ = {isa = PBXFileReference; lastKnownFileType = net.daringfireball.markdown; path = README.md; sourceTree = "<group>"; };
		BEB55EC1F7BC40511D0E8145 /* libPods-SYKeyboard.a */ = {isa = PBXFileReference; explicitFileType = archive.ar; includeInIndex = 0; path = "libPods-SYKeyboard.a"; sourceTree = BUILT_PRODUCTS_DIR; };
		D15C0B7D624B9A6D5042293F /* libPods-EnglishKeyboard.a */ = {isa = PBXFileReference; explicitFileType = archive.ar; includeInIndex = 0; path = "libPods-EnglishKeyboard.a"; sourceTree = BUILT_PRODUCTS_DIR; };
		D3EC136386CF4C22A0A3C57E /* Pods-EnglishKeyboard.debug.xcconfig */ = {isa = PBXFileReference; includeInIndex = 1; lastKnownFileType = text.xcconfig; name = "Pods-EnglishKeyboard.debug.xcconfig"; path = "Target Support Files/Pods-EnglishKeyboard/Pods-EnglishKeyboard.debug.xcconfig"; sourceTree = "<group>"; };
		E3AF89A077E7FCF5ED48499D /* Pods-HangeulKeyboard.debug.xcconfig */ = {isa = PBXFileReference; includeInIndex = 1; lastKnownFileType = text.xcconfig; name = "Pods-HangeulKeyboard.debug.xcconfig"; path = "Target Support Files/Pods-HangeulKeyboard/Pods-HangeulKeyboard.debug.xcconfig"; sourceTree = "<group>"; };
		EE3310BD609B91E370D4F6D4 /* Pods-SYKeyboard.release.xcconfig */ = {isa = PBXFileReference; includeInIndex = 1; lastKnownFileType = text.xcconfig; name = "Pods-SYKeyboard.release.xcconfig"; path = "Target Support Files/Pods-SYKeyboard/Pods-SYKeyboard.release.xcconfig"; sourceTree = "<group>"; };
		F057594A64940DB6B2F10D5D /* Pods-EnglishKeyboard.release.xcconfig */ = {isa = PBXFileReference; includeInIndex = 1; lastKnownFileType = text.xcconfig; name = "Pods-EnglishKeyboard.release.xcconfig"; path = "Target Support Files/Pods-EnglishKeyboard/Pods-EnglishKeyboard.release.xcconfig"; sourceTree = "<group>"; };
/* End PBXFileReference section */

/* Begin PBXFileSystemSynchronizedBuildFileExceptionSet section */
		5B53F7A32E1E517F0083F7CA /* Exceptions for "SYKeyboard" folder in "SYKeyboard" target */ = {
			isa = PBXFileSystemSynchronizedBuildFileExceptionSet;
			membershipExceptions = (
				"Resources/Configs/DebugConfig-SYKeyboard.xcconfig",
				"Resources/Configs/ReleaseConfig-SYKeyboard.xcconfig",
				Resources/Configs/Secrets.xcconfig,
				Resources/Info.plist,
			);
			target = 5B7B3F552C569B7800F7C093 /* SYKeyboard */;
		};
		5B53F7A62E1E51A30083F7CA /* Exceptions for "Common" folder in "HangeulKeyboard" target */ = {
			isa = PBXFileSystemSynchronizedBuildFileExceptionSet;
			membershipExceptions = (
				Configs/Version.xcconfig,
			);
			target = 5B7B3F6A2C569B8200F7C093 /* HangeulKeyboard */;
		};
		5B53F8172E1E56BD0083F7CA /* Exceptions for "Keyboards" folder in "SYKeyboard" target */ = {
			isa = PBXFileSystemSynchronizedBuildFileExceptionSet;
			membershipExceptions = (
				Common/Presentation/Utils/Enums/KeyboardLayout.swift,
				Common/Presentation/Utils/Enums/KeyboardMode/SymbolKeyboardMode.swift,
				Common/Presentation/Utils/Enums/KeyboardMode/TenkeyKeyboardMode.swift,
				Common/Presentation/Utils/Enums/KeyboardSize.swift,
				Common/Presentation/Utils/Enums/PanDirection.swift,
				Common/Presentation/Utils/Enums/TextInteractionButton.swift,
				"Common/Presentation/Utils/Extensions/UIStackView+Extension.swift",
				"Common/Presentation/Utils/Extensions/UIView+Extension.swift",
				Common/Presentation/View/Components/Bases/BaseKeyboardButton.swift,
				Common/Presentation/View/Components/Bases/ButtonBackgroundView.swift,
				Common/Presentation/View/Components/Bases/ButtonShadowView.swift,
				Common/Presentation/View/Components/Bases/PrimaryButton.swift,
				Common/Presentation/View/Components/Bases/SecondaryButton.swift,
				Common/Presentation/View/Components/Buttons/ChevronButton.swift,
				Common/Presentation/View/Components/Buttons/DeleteButton.swift,
				Common/Presentation/View/Components/Buttons/NextKeyboardButton.swift,
				Common/Presentation/View/Components/Buttons/PrimaryKeyButton.swift,
				Common/Presentation/View/Components/Buttons/Protocols/TextInteractionButtonProtocol.swift,
				Common/Presentation/View/Components/Buttons/ReturnButton.swift,
				Common/Presentation/View/Components/Buttons/SecondaryKeyButton.swift,
				Common/Presentation/View/Components/Buttons/ShiftButton.swift,
				Common/Presentation/View/Components/Buttons/SpaceButton.swift,
				Common/Presentation/View/Components/Buttons/SwitchButton.swift,
				Common/Presentation/View/Components/Frames/KeyboardLayoutVStackView.swift,
				Common/Presentation/View/Components/Frames/KeyboardRowHStackView.swift,
				Common/Presentation/View/Components/Frames/KeyboardSpacer.swift,
				Common/Presentation/View/Components/Overlays/KeyboardSelectOverlayView.swift,
				Common/Presentation/View/Components/Overlays/OneHandedModeSelectOverlayView.swift,
				Common/Presentation/View/GestureControllers/Protocols/SwitchButtonGestureHandler.swift,
				Common/Presentation/View/GestureControllers/Protocols/TextInteractionButtonGestureHandler.swift,
				Common/Presentation/View/GestureControllers/SwitchButtonGestureController.swift,
				Common/Presentation/View/GestureControllers/TextInteractionButtonGestureController.swift,
				Common/Presentation/View/KeyboardLayout/NumericKeyboardView.swift,
				Common/Presentation/View/KeyboardLayout/Protocols/Base/BaseKeyboardLayoutProtocols.swift,
				Common/Presentation/View/KeyboardLayout/Protocols/NumericKeyboardLayout.swift,
				Common/Presentation/View/KeyboardLayout/Protocols/SymbolKeyboardLayout.swift,
				Common/Presentation/View/KeyboardLayout/Protocols/TenkeyKeyboardLayout.swift,
				Common/Presentation/View/KeyboardLayout/SymbolKeyboardView.swift,
				Common/Presentation/View/KeyboardLayout/TenkeyKeyboardView.swift,
				EnglishKeyboard/Presentation/Utils/Enums/EnglishKeyboardMode.swift,
				EnglishKeyboard/Presentation/View/KeyboardLayout/EnglishKeyboardView.swift,
				EnglishKeyboard/Presentation/View/KeyboardLayout/Protocols/EnglishKeyboardLayout.swift,
				EnglishKeyboard/Presentation/ViewController/EnglishKeyboardViewController.swift,
				"EnglishKeyboard/Resources/Configs/DebugConfig-EnglishKeyboard.xcconfig",
				"EnglishKeyboard/Resources/Configs/ReleaseConfig-EnglishKeyboard.xcconfig",
				EnglishKeyboard/Resources/Info.plist,
				HangeulKeyboard/Presentation/Utils/Enums/HangeulKeyboardMode.swift,
				HangeulKeyboard/Presentation/View/KeyboardLayout/CheonjiinKeyboardView.swift,
				HangeulKeyboard/Presentation/View/KeyboardLayout/NaratgeulKeyboardView.swift,
				HangeulKeyboard/Presentation/View/KeyboardLayout/Protocols/HangeulKeyboardLayout.swift,
				HangeulKeyboard/Presentation/ViewController/HangeulKeyboardViewController.swift,
				"HangeulKeyboard/Resources/Configs/DebugConfig-HangeulKeyboard.xcconfig",
				"HangeulKeyboard/Resources/Configs/ReleaseConfig-HangeulKeyboard.xcconfig",
				HangeulKeyboard/Resources/Info.plist,
				HangeulKeyboard/Resources/InfoPlist.xcstrings,
				HangeulKeyboard/Resources/Localizable.xcstrings,
			);
			target = 5B7B3F552C569B7800F7C093 /* SYKeyboard */;
		};
		5B53F8182E1E56BD0083F7CA /* Exceptions for "Keyboards" folder in "HangeulKeyboard" target */ = {
			isa = PBXFileSystemSynchronizedBuildFileExceptionSet;
			membershipExceptions = (
				Common/Presentation/Utils/Enums/KeyboardLayout.swift,
				Common/Presentation/Utils/Enums/KeyboardMode/SymbolKeyboardMode.swift,
				Common/Presentation/Utils/Enums/KeyboardMode/TenkeyKeyboardMode.swift,
				Common/Presentation/Utils/Enums/KeyboardSize.swift,
				Common/Presentation/Utils/Enums/PanDirection.swift,
				Common/Presentation/Utils/Enums/TextInteractionButton.swift,
				"Common/Presentation/Utils/Extensions/UIStackView+Extension.swift",
				"Common/Presentation/Utils/Extensions/UIView+Extension.swift",
				Common/Presentation/View/Components/Bases/BaseKeyboardButton.swift,
				Common/Presentation/View/Components/Bases/ButtonBackgroundView.swift,
				Common/Presentation/View/Components/Bases/ButtonShadowView.swift,
				Common/Presentation/View/Components/Bases/PrimaryButton.swift,
				Common/Presentation/View/Components/Bases/SecondaryButton.swift,
				Common/Presentation/View/Components/Buttons/ChevronButton.swift,
				Common/Presentation/View/Components/Buttons/DeleteButton.swift,
				Common/Presentation/View/Components/Buttons/NextKeyboardButton.swift,
				Common/Presentation/View/Components/Buttons/PrimaryKeyButton.swift,
				Common/Presentation/View/Components/Buttons/Protocols/TextInteractionButtonProtocol.swift,
				Common/Presentation/View/Components/Buttons/ReturnButton.swift,
				Common/Presentation/View/Components/Buttons/SecondaryKeyButton.swift,
				Common/Presentation/View/Components/Buttons/ShiftButton.swift,
				Common/Presentation/View/Components/Buttons/SpaceButton.swift,
				Common/Presentation/View/Components/Buttons/SwitchButton.swift,
				Common/Presentation/View/Components/Frames/KeyboardLayoutVStackView.swift,
				Common/Presentation/View/Components/Frames/KeyboardRowHStackView.swift,
				Common/Presentation/View/Components/Frames/KeyboardSpacer.swift,
				Common/Presentation/View/Components/Overlays/KeyboardSelectOverlayView.swift,
				Common/Presentation/View/Components/Overlays/OneHandedModeSelectOverlayView.swift,
				Common/Presentation/View/GestureControllers/Protocols/SwitchButtonGestureHandler.swift,
				Common/Presentation/View/GestureControllers/Protocols/TextInteractionButtonGestureHandler.swift,
				Common/Presentation/View/GestureControllers/SwitchButtonGestureController.swift,
				Common/Presentation/View/GestureControllers/TextInteractionButtonGestureController.swift,
				Common/Presentation/View/KeyboardLayout/NumericKeyboardView.swift,
				Common/Presentation/View/KeyboardLayout/Protocols/Base/BaseKeyboardLayoutProtocols.swift,
				Common/Presentation/View/KeyboardLayout/Protocols/NumericKeyboardLayout.swift,
				Common/Presentation/View/KeyboardLayout/Protocols/SymbolKeyboardLayout.swift,
				Common/Presentation/View/KeyboardLayout/Protocols/TenkeyKeyboardLayout.swift,
				Common/Presentation/View/KeyboardLayout/SymbolKeyboardView.swift,
				Common/Presentation/View/KeyboardLayout/TenkeyKeyboardView.swift,
				HangeulKeyboard/Presentation/Utils/Enums/HangeulKeyboardMode.swift,
				HangeulKeyboard/Presentation/View/KeyboardLayout/CheonjiinKeyboardView.swift,
				HangeulKeyboard/Presentation/View/KeyboardLayout/NaratgeulKeyboardView.swift,
				HangeulKeyboard/Presentation/View/KeyboardLayout/Protocols/HangeulKeyboardLayout.swift,
				HangeulKeyboard/Presentation/ViewController/HangeulKeyboardViewController.swift,
				HangeulKeyboard/Resources/InfoPlist.xcstrings,
				HangeulKeyboard/Resources/Localizable.xcstrings,
			);
			target = 5B7B3F6A2C569B8200F7C093 /* HangeulKeyboard */;
		};
		5B8284822E6EEED8006425C7 /* Exceptions for "Keyboards" folder in "EnglishKeyboard" target */ = {
			isa = PBXFileSystemSynchronizedBuildFileExceptionSet;
			membershipExceptions = (
				Common/Presentation/Utils/Enums/KeyboardLayout.swift,
				Common/Presentation/Utils/Enums/KeyboardMode/SymbolKeyboardMode.swift,
				Common/Presentation/Utils/Enums/KeyboardMode/TenkeyKeyboardMode.swift,
				Common/Presentation/Utils/Enums/KeyboardSize.swift,
				Common/Presentation/Utils/Enums/PanDirection.swift,
				Common/Presentation/Utils/Enums/TextInteractionButton.swift,
				"Common/Presentation/Utils/Extensions/UIStackView+Extension.swift",
				"Common/Presentation/Utils/Extensions/UIView+Extension.swift",
				Common/Presentation/View/Components/Bases/BaseKeyboardButton.swift,
				Common/Presentation/View/Components/Bases/ButtonBackgroundView.swift,
				Common/Presentation/View/Components/Bases/ButtonShadowView.swift,
				Common/Presentation/View/Components/Bases/PrimaryButton.swift,
				Common/Presentation/View/Components/Bases/SecondaryButton.swift,
				Common/Presentation/View/Components/Buttons/ChevronButton.swift,
				Common/Presentation/View/Components/Buttons/DeleteButton.swift,
				Common/Presentation/View/Components/Buttons/NextKeyboardButton.swift,
				Common/Presentation/View/Components/Buttons/PrimaryKeyButton.swift,
				Common/Presentation/View/Components/Buttons/Protocols/TextInteractionButtonProtocol.swift,
				Common/Presentation/View/Components/Buttons/ReturnButton.swift,
				Common/Presentation/View/Components/Buttons/SecondaryKeyButton.swift,
				Common/Presentation/View/Components/Buttons/ShiftButton.swift,
				Common/Presentation/View/Components/Buttons/SpaceButton.swift,
				Common/Presentation/View/Components/Buttons/SwitchButton.swift,
				Common/Presentation/View/Components/Frames/KeyboardLayoutVStackView.swift,
				Common/Presentation/View/Components/Frames/KeyboardRowHStackView.swift,
				Common/Presentation/View/Components/Frames/KeyboardSpacer.swift,
				Common/Presentation/View/Components/Overlays/KeyboardSelectOverlayView.swift,
				Common/Presentation/View/Components/Overlays/OneHandedModeSelectOverlayView.swift,
				Common/Presentation/View/GestureControllers/Protocols/SwitchButtonGestureHandler.swift,
				Common/Presentation/View/GestureControllers/Protocols/TextInteractionButtonGestureHandler.swift,
				Common/Presentation/View/GestureControllers/SwitchButtonGestureController.swift,
				Common/Presentation/View/GestureControllers/TextInteractionButtonGestureController.swift,
				Common/Presentation/View/KeyboardLayout/NumericKeyboardView.swift,
				Common/Presentation/View/KeyboardLayout/Protocols/Base/BaseKeyboardLayoutProtocols.swift,
				Common/Presentation/View/KeyboardLayout/Protocols/NumericKeyboardLayout.swift,
				Common/Presentation/View/KeyboardLayout/Protocols/SymbolKeyboardLayout.swift,
				Common/Presentation/View/KeyboardLayout/Protocols/TenkeyKeyboardLayout.swift,
				Common/Presentation/View/KeyboardLayout/SymbolKeyboardView.swift,
				Common/Presentation/View/KeyboardLayout/TenkeyKeyboardView.swift,
				EnglishKeyboard/Presentation/Utils/Enums/EnglishKeyboardMode.swift,
				EnglishKeyboard/Presentation/View/KeyboardLayout/EnglishKeyboardView.swift,
				EnglishKeyboard/Presentation/View/KeyboardLayout/Protocols/EnglishKeyboardLayout.swift,
				EnglishKeyboard/Presentation/ViewController/EnglishKeyboardViewController.swift,
			);
			target = 5B82846C2E6EEE04006425C7 /* EnglishKeyboard */;
		};
		5B8285A72E6EF47A006425C7 /* Exceptions for "Common" folder in "EnglishKeyboard" target */ = {
			isa = PBXFileSystemSynchronizedBuildFileExceptionSet;
			membershipExceptions = (
				FeedbackManager.swift,
				Resources/Assets.xcassets,
				UserDefaultsManager.swift,
				Utils/DefaultValues.swift,
				Utils/OneHandedMode.swift,
				Utils/UserDefaultsKeys.swift,
			);
			target = 5B82846C2E6EEE04006425C7 /* EnglishKeyboard */;
		};
/* End PBXFileSystemSynchronizedBuildFileExceptionSet section */

/* Begin PBXFileSystemSynchronizedRootGroup section */
		5B53F8012E1E56BD0083F7CA /* Keyboards */ = {
			isa = PBXFileSystemSynchronizedRootGroup;
			exceptions = (
				5B53F8172E1E56BD0083F7CA /* Exceptions for "Keyboards" folder in "SYKeyboard" target */,
				5B53F8182E1E56BD0083F7CA /* Exceptions for "Keyboards" folder in "HangeulKeyboard" target */,
				5B8284822E6EEED8006425C7 /* Exceptions for "Keyboards" folder in "EnglishKeyboard" target */,
			);
			path = Keyboards;
			sourceTree = "<group>";
		};
		5BC07E132DAD0BD8005796AB /* Common */ = {
			isa = PBXFileSystemSynchronizedRootGroup;
			exceptions = (
				5B53F7A62E1E51A30083F7CA /* Exceptions for "Common" folder in "HangeulKeyboard" target */,
				5B8285A72E6EF47A006425C7 /* Exceptions for "Common" folder in "EnglishKeyboard" target */,
			);
			path = Common;
			sourceTree = "<group>";
		};
		5BC07E462DAD0BDA005796AB /* SYKeyboard */ = {
			isa = PBXFileSystemSynchronizedRootGroup;
			exceptions = (
				5B53F7A32E1E517F0083F7CA /* Exceptions for "SYKeyboard" folder in "SYKeyboard" target */,
			);
			path = SYKeyboard;
			sourceTree = "<group>";
		};
/* End PBXFileSystemSynchronizedRootGroup section */

/* Begin PBXFrameworksBuildPhase section */
		5B7B3F532C569B7800F7C093 /* Frameworks */ = {
			isa = PBXFrameworksBuildPhase;
			buildActionMask = 2147483647;
			files = (
				5B3750552E24516400B13805 /* Then in Frameworks */,
				5B8E6E0E2E1E426400657BF4 /* GoogleMobileAds in Frameworks */,
				5B3750592E24528E00B13805 /* SnapKit in Frameworks */,
				5B8E6E112E1E42D800657BF4 /* FirebaseAnalytics in Frameworks */,
				5B8E6E132E1E42D800657BF4 /* FirebaseAnalyticsCore in Frameworks */,
				E1E70658F675EA8FFBC353F0 /* libPods-SYKeyboard.a in Frameworks */,
			);
			runOnlyForDeploymentPostprocessing = 0;
		};
		5B7B3F682C569B8200F7C093 /* Frameworks */ = {
			isa = PBXFrameworksBuildPhase;
			buildActionMask = 2147483647;
			files = (
				5B3750572E24517500B13805 /* Then in Frameworks */,
				5B8E6EA62E1E435100657BF4 /* SnapKit in Frameworks */,
				CFBBB4760A027381012C99A3 /* libPods-HangeulKeyboard.a in Frameworks */,
			);
			runOnlyForDeploymentPostprocessing = 0;
		};
		5B82846A2E6EEE04006425C7 /* Frameworks */ = {
			isa = PBXFrameworksBuildPhase;
			buildActionMask = 2147483647;
			files = (
				5B82847A2E6EEE8E006425C7 /* SnapKit in Frameworks */,
				5B82847C2E6EEE93006425C7 /* Then in Frameworks */,
				07F3FEEAF9D11BFC6D43AD90 /* libPods-EnglishKeyboard.a in Frameworks */,
			);
			runOnlyForDeploymentPostprocessing = 0;
		};
/* End PBXFrameworksBuildPhase section */

/* Begin PBXGroup section */
		5B7B3F4D2C569B7800F7C093 = {
			isa = PBXGroup;
			children = (
				5BC38F1B2D8AE2FE00E6B44E /* README.md */,
				5BA419DE2CB99238005E7C86 /* .gitignore */,
				5BC07E132DAD0BD8005796AB /* Common */,
				5BC07E462DAD0BDA005796AB /* SYKeyboard */,
				5B53F8012E1E56BD0083F7CA /* Keyboards */,
				5B7B3F572C569B7800F7C093 /* Products */,
				FA22193DEDE47B1CB6A82C36 /* Pods */,
				BA31F1B1C87603EB81AF8A97 /* Frameworks */,
			);
			sourceTree = "<group>";
		};
		5B7B3F572C569B7800F7C093 /* Products */ = {
			isa = PBXGroup;
			children = (
				5B7B3F562C569B7800F7C093 /* SYKeyboard.app */,
				5B7B3F6B2C569B8200F7C093 /* HangeulKeyboard.appex */,
				5B82846D2E6EEE04006425C7 /* EnglishKeyboard.appex */,
			);
			name = Products;
			sourceTree = "<group>";
		};
		BA31F1B1C87603EB81AF8A97 /* Frameworks */ = {
			isa = PBXGroup;
			children = (
				D15C0B7D624B9A6D5042293F /* libPods-EnglishKeyboard.a */,
				010E9ADFD463152A42FCE1E2 /* libPods-HangeulKeyboard.a */,
				BEB55EC1F7BC40511D0E8145 /* libPods-SYKeyboard.a */,
			);
			name = Frameworks;
			sourceTree = "<group>";
		};
		FA22193DEDE47B1CB6A82C36 /* Pods */ = {
			isa = PBXGroup;
			children = (
				079E614D6FC05DCAB5AEA949 /* Pods-SYKeyboard.debug.xcconfig */,
				EE3310BD609B91E370D4F6D4 /* Pods-SYKeyboard.release.xcconfig */,
				D3EC136386CF4C22A0A3C57E /* Pods-EnglishKeyboard.debug.xcconfig */,
				F057594A64940DB6B2F10D5D /* Pods-EnglishKeyboard.release.xcconfig */,
				E3AF89A077E7FCF5ED48499D /* Pods-HangeulKeyboard.debug.xcconfig */,
				508732ED07011B87EC525F0F /* Pods-HangeulKeyboard.release.xcconfig */,
			);
			path = Pods;
			sourceTree = "<group>";
		};
/* End PBXGroup section */

/* Begin PBXNativeTarget section */
		5B7B3F552C569B7800F7C093 /* SYKeyboard */ = {
			isa = PBXNativeTarget;
			buildConfigurationList = 5B7B3F642C569B7800F7C093 /* Build configuration list for PBXNativeTarget "SYKeyboard" */;
			buildPhases = (
				E6935368C6C5B48C813A5D6B /* [CP] Check Pods Manifest.lock */,
				5B7B3F522C569B7800F7C093 /* Sources */,
				5B7B3F532C569B7800F7C093 /* Frameworks */,
				5B7B3F542C569B7800F7C093 /* Resources */,
				375456215881E1DC600453EF /* [CP] Copy Pods Resources */,
				5B9D004F2D92C38200DA108E /* Embed Foundation Extensions */,
			);
			buildRules = (
			);
			dependencies = (
				5B9D004E2D92C38200DA108E /* PBXTargetDependency */,
				5B8284732E6EEE04006425C7 /* PBXTargetDependency */,
			);
			fileSystemSynchronizedGroups = (
				5B53F8012E1E56BD0083F7CA /* Keyboards */,
				5BC07E132DAD0BD8005796AB /* Common */,
				5BC07E462DAD0BDA005796AB /* SYKeyboard */,
			);
			name = SYKeyboard;
			productName = SYKeyboard;
			productReference = 5B7B3F562C569B7800F7C093 /* SYKeyboard.app */;
			productType = "com.apple.product-type.application";
		};
		5B7B3F6A2C569B8200F7C093 /* HangeulKeyboard */ = {
			isa = PBXNativeTarget;
			buildConfigurationList = 5B7B3F732C569B8200F7C093 /* Build configuration list for PBXNativeTarget "HangeulKeyboard" */;
			buildPhases = (
				E8CFACEC2FC4A78C2CDF2038 /* [CP] Check Pods Manifest.lock */,
				5B7B3F672C569B8200F7C093 /* Sources */,
				5B7B3F682C569B8200F7C093 /* Frameworks */,
				5B7B3F692C569B8200F7C093 /* Resources */,
			);
			buildRules = (
			);
			dependencies = (
			);
			fileSystemSynchronizedGroups = (
				5BC07E132DAD0BD8005796AB /* Common */,
			);
			name = HangeulKeyboard;
			productName = Naratgeul;
			productReference = 5B7B3F6B2C569B8200F7C093 /* HangeulKeyboard.appex */;
			productType = "com.apple.product-type.app-extension";
		};
		5B82846C2E6EEE04006425C7 /* EnglishKeyboard */ = {
			isa = PBXNativeTarget;
			buildConfigurationList = 5B8284752E6EEE04006425C7 /* Build configuration list for PBXNativeTarget "EnglishKeyboard" */;
			buildPhases = (
				9C1171D488576A0C03594D58 /* [CP] Check Pods Manifest.lock */,
				5B8284692E6EEE04006425C7 /* Sources */,
				5B82846A2E6EEE04006425C7 /* Frameworks */,
				5B82846B2E6EEE04006425C7 /* Resources */,
			);
			buildRules = (
			);
			dependencies = (
			);
			name = EnglishKeyboard;
			packageProductDependencies = (
				5B8284792E6EEE8E006425C7 /* SnapKit */,
				5B82847B2E6EEE93006425C7 /* Then */,
			);
			productName = EnglishKeyboard;
			productReference = 5B82846D2E6EEE04006425C7 /* EnglishKeyboard.appex */;
			productType = "com.apple.product-type.app-extension";
		};
/* End PBXNativeTarget section */

/* Begin PBXProject section */
		5B7B3F4E2C569B7800F7C093 /* Project object */ = {
			isa = PBXProject;
			attributes = {
				BuildIndependentTargetsInParallel = 1;
				LastSwiftUpdateCheck = 1640;
				LastUpgradeCheck = 1620;
				TargetAttributes = {
					5B7B3F552C569B7800F7C093 = {
						CreatedOnToolsVersion = 15.3;
					};
					5B7B3F6A2C569B8200F7C093 = {
						CreatedOnToolsVersion = 15.3;
					};
					5B82846C2E6EEE04006425C7 = {
						CreatedOnToolsVersion = 16.4;
					};
				};
			};
			buildConfigurationList = 5B7B3F512C569B7800F7C093 /* Build configuration list for PBXProject "SYKeyboard" */;
			developmentRegion = ko;
			hasScannedForEncodings = 0;
			knownRegions = (
				Base,
				ko,
				en,
			);
			mainGroup = 5B7B3F4D2C569B7800F7C093;
			packageReferences = (
				5B8E6E0C2E1E426400657BF4 /* XCRemoteSwiftPackageReference "swift-package-manager-google-mobile-ads" */,
				5B8E6E0F2E1E42D800657BF4 /* XCRemoteSwiftPackageReference "firebase-ios-sdk" */,
				5B8E6EA42E1E435100657BF4 /* XCRemoteSwiftPackageReference "SnapKit" */,
				5B3750532E24516400B13805 /* XCRemoteSwiftPackageReference "Then" */,
			);
			preferredProjectObjectVersion = 77;
			productRefGroup = 5B7B3F572C569B7800F7C093 /* Products */;
			projectDirPath = "";
			projectRoot = "";
			targets = (
				5B7B3F552C569B7800F7C093 /* SYKeyboard */,
				5B7B3F6A2C569B8200F7C093 /* HangeulKeyboard */,
				5B82846C2E6EEE04006425C7 /* EnglishKeyboard */,
			);
		};
/* End PBXProject section */

/* Begin PBXResourcesBuildPhase section */
		5B7B3F542C569B7800F7C093 /* Resources */ = {
			isa = PBXResourcesBuildPhase;
			buildActionMask = 2147483647;
			files = (
				5BC38F1C2D8AE2FE00E6B44E /* README.md in Resources */,
			);
			runOnlyForDeploymentPostprocessing = 0;
		};
		5B7B3F692C569B8200F7C093 /* Resources */ = {
			isa = PBXResourcesBuildPhase;
			buildActionMask = 2147483647;
			files = (
			);
			runOnlyForDeploymentPostprocessing = 0;
		};
		5B82846B2E6EEE04006425C7 /* Resources */ = {
			isa = PBXResourcesBuildPhase;
			buildActionMask = 2147483647;
			files = (
			);
			runOnlyForDeploymentPostprocessing = 0;
		};
/* End PBXResourcesBuildPhase section */

/* Begin PBXShellScriptBuildPhase section */
		375456215881E1DC600453EF /* [CP] Copy Pods Resources */ = {
			isa = PBXShellScriptBuildPhase;
			buildActionMask = 2147483647;
			files = (
			);
			inputFileListPaths = (
				"${PODS_ROOT}/Target Support Files/Pods-SYKeyboard/Pods-SYKeyboard-resources-${CONFIGURATION}-input-files.xcfilelist",
			);
			inputPaths = (
			);
			name = "[CP] Copy Pods Resources";
			outputFileListPaths = (
				"${PODS_ROOT}/Target Support Files/Pods-SYKeyboard/Pods-SYKeyboard-resources-${CONFIGURATION}-output-files.xcfilelist",
			);
			outputPaths = (
			);
			runOnlyForDeploymentPostprocessing = 0;
			shellPath = /bin/sh;
			shellScript = "\"${PODS_ROOT}/Target Support Files/Pods-SYKeyboard/Pods-SYKeyboard-resources.sh\"\n";
			showEnvVarsInLog = 0;
		};
		9C1171D488576A0C03594D58 /* [CP] Check Pods Manifest.lock */ = {
			isa = PBXShellScriptBuildPhase;
			buildActionMask = 2147483647;
			files = (
			);
			inputFileListPaths = (
			);
			inputPaths = (
				"${PODS_PODFILE_DIR_PATH}/Podfile.lock",
				"${PODS_ROOT}/Manifest.lock",
			);
			name = "[CP] Check Pods Manifest.lock";
			outputFileListPaths = (
			);
			outputPaths = (
				"$(DERIVED_FILE_DIR)/Pods-EnglishKeyboard-checkManifestLockResult.txt",
			);
			runOnlyForDeploymentPostprocessing = 0;
			shellPath = /bin/sh;
			shellScript = "diff \"${PODS_PODFILE_DIR_PATH}/Podfile.lock\" \"${PODS_ROOT}/Manifest.lock\" > /dev/null\nif [ $? != 0 ] ; then\n    # print error to STDERR\n    echo \"error: The sandbox is not in sync with the Podfile.lock. Run 'pod install' or update your CocoaPods installation.\" >&2\n    exit 1\nfi\n# This output is used by Xcode 'outputs' to avoid re-running this script phase.\necho \"SUCCESS\" > \"${SCRIPT_OUTPUT_FILE_0}\"\n";
			showEnvVarsInLog = 0;
		};
		E6935368C6C5B48C813A5D6B /* [CP] Check Pods Manifest.lock */ = {
			isa = PBXShellScriptBuildPhase;
			buildActionMask = 2147483647;
			files = (
			);
			inputFileListPaths = (
			);
			inputPaths = (
				"${PODS_PODFILE_DIR_PATH}/Podfile.lock",
				"${PODS_ROOT}/Manifest.lock",
			);
			name = "[CP] Check Pods Manifest.lock";
			outputFileListPaths = (
			);
			outputPaths = (
				"$(DERIVED_FILE_DIR)/Pods-SYKeyboard-checkManifestLockResult.txt",
			);
			runOnlyForDeploymentPostprocessing = 0;
			shellPath = /bin/sh;
			shellScript = "diff \"${PODS_PODFILE_DIR_PATH}/Podfile.lock\" \"${PODS_ROOT}/Manifest.lock\" > /dev/null\nif [ $? != 0 ] ; then\n    # print error to STDERR\n    echo \"error: The sandbox is not in sync with the Podfile.lock. Run 'pod install' or update your CocoaPods installation.\" >&2\n    exit 1\nfi\n# This output is used by Xcode 'outputs' to avoid re-running this script phase.\necho \"SUCCESS\" > \"${SCRIPT_OUTPUT_FILE_0}\"\n";
			showEnvVarsInLog = 0;
		};
		E8CFACEC2FC4A78C2CDF2038 /* [CP] Check Pods Manifest.lock */ = {
			isa = PBXShellScriptBuildPhase;
			buildActionMask = 2147483647;
			files = (
			);
			inputFileListPaths = (
			);
			inputPaths = (
				"${PODS_PODFILE_DIR_PATH}/Podfile.lock",
				"${PODS_ROOT}/Manifest.lock",
			);
			name = "[CP] Check Pods Manifest.lock";
			outputFileListPaths = (
			);
			outputPaths = (
				"$(DERIVED_FILE_DIR)/Pods-HangeulKeyboard-checkManifestLockResult.txt",
			);
			runOnlyForDeploymentPostprocessing = 0;
			shellPath = /bin/sh;
			shellScript = "diff \"${PODS_PODFILE_DIR_PATH}/Podfile.lock\" \"${PODS_ROOT}/Manifest.lock\" > /dev/null\nif [ $? != 0 ] ; then\n    # print error to STDERR\n    echo \"error: The sandbox is not in sync with the Podfile.lock. Run 'pod install' or update your CocoaPods installation.\" >&2\n    exit 1\nfi\n# This output is used by Xcode 'outputs' to avoid re-running this script phase.\necho \"SUCCESS\" > \"${SCRIPT_OUTPUT_FILE_0}\"\n";
			showEnvVarsInLog = 0;
		};
/* End PBXShellScriptBuildPhase section */

/* Begin PBXSourcesBuildPhase section */
		5B7B3F522C569B7800F7C093 /* Sources */ = {
			isa = PBXSourcesBuildPhase;
			buildActionMask = 2147483647;
			files = (
			);
			runOnlyForDeploymentPostprocessing = 0;
		};
		5B7B3F672C569B8200F7C093 /* Sources */ = {
			isa = PBXSourcesBuildPhase;
			buildActionMask = 2147483647;
			files = (
			);
			runOnlyForDeploymentPostprocessing = 0;
		};
		5B8284692E6EEE04006425C7 /* Sources */ = {
			isa = PBXSourcesBuildPhase;
			buildActionMask = 2147483647;
			files = (
			);
			runOnlyForDeploymentPostprocessing = 0;
		};
/* End PBXSourcesBuildPhase section */

/* Begin PBXTargetDependency section */
		5B8284732E6EEE04006425C7 /* PBXTargetDependency */ = {
			isa = PBXTargetDependency;
			target = 5B82846C2E6EEE04006425C7 /* EnglishKeyboard */;
			targetProxy = 5B8284722E6EEE04006425C7 /* PBXContainerItemProxy */;
		};
		5B9D004E2D92C38200DA108E /* PBXTargetDependency */ = {
			isa = PBXTargetDependency;
			target = 5B7B3F6A2C569B8200F7C093 /* HangeulKeyboard */;
			targetProxy = 5B9D004D2D92C38200DA108E /* PBXContainerItemProxy */;
		};
/* End PBXTargetDependency section */

/* Begin XCBuildConfiguration section */
		5B7B3F622C569B7800F7C093 /* Debug */ = {
			isa = XCBuildConfiguration;
			buildSettings = {
				ALWAYS_SEARCH_USER_PATHS = NO;
				ASSETCATALOG_COMPILER_GENERATE_SWIFT_ASSET_SYMBOL_EXTENSIONS = YES;
				CLANG_ANALYZER_LOCALIZABILITY_NONLOCALIZED = YES;
				CLANG_ANALYZER_NONNULL = YES;
				CLANG_ANALYZER_NUMBER_OBJECT_CONVERSION = YES_AGGRESSIVE;
				CLANG_CXX_LANGUAGE_STANDARD = "gnu++20";
				CLANG_ENABLE_MODULES = YES;
				CLANG_ENABLE_OBJC_ARC = YES;
				CLANG_ENABLE_OBJC_WEAK = YES;
				CLANG_WARN_BLOCK_CAPTURE_AUTORELEASING = YES;
				CLANG_WARN_BOOL_CONVERSION = YES;
				CLANG_WARN_COMMA = YES;
				CLANG_WARN_CONSTANT_CONVERSION = YES;
				CLANG_WARN_DEPRECATED_OBJC_IMPLEMENTATIONS = YES;
				CLANG_WARN_DIRECT_OBJC_ISA_USAGE = YES_ERROR;
				CLANG_WARN_DOCUMENTATION_COMMENTS = YES;
				CLANG_WARN_EMPTY_BODY = YES;
				CLANG_WARN_ENUM_CONVERSION = YES;
				CLANG_WARN_INFINITE_RECURSION = YES;
				CLANG_WARN_INT_CONVERSION = YES;
				CLANG_WARN_NON_LITERAL_NULL_CONVERSION = YES;
				CLANG_WARN_OBJC_IMPLICIT_RETAIN_SELF = YES;
				CLANG_WARN_OBJC_LITERAL_CONVERSION = YES;
				CLANG_WARN_OBJC_ROOT_CLASS = YES_ERROR;
				CLANG_WARN_QUOTED_INCLUDE_IN_FRAMEWORK_HEADER = YES;
				CLANG_WARN_RANGE_LOOP_ANALYSIS = YES;
				CLANG_WARN_STRICT_PROTOTYPES = YES;
				CLANG_WARN_SUSPICIOUS_MOVE = YES;
				CLANG_WARN_UNGUARDED_AVAILABILITY = YES_AGGRESSIVE;
				CLANG_WARN_UNREACHABLE_CODE = YES;
				CLANG_WARN__DUPLICATE_METHOD_MATCH = YES;
				COPY_PHASE_STRIP = NO;
				DEBUG_INFORMATION_FORMAT = dwarf;
				ENABLE_STRICT_OBJC_MSGSEND = YES;
				ENABLE_TESTABILITY = YES;
				ENABLE_USER_SCRIPT_SANDBOXING = NO;
				GCC_C_LANGUAGE_STANDARD = gnu17;
				GCC_DYNAMIC_NO_PIC = NO;
				GCC_NO_COMMON_BLOCKS = YES;
				GCC_OPTIMIZATION_LEVEL = 0;
				GCC_PREPROCESSOR_DEFINITIONS = (
					"DEBUG=1",
					"$(inherited)",
				);
				GCC_WARN_64_TO_32_BIT_CONVERSION = YES;
				GCC_WARN_ABOUT_RETURN_TYPE = YES_ERROR;
				GCC_WARN_UNDECLARED_SELECTOR = YES;
				GCC_WARN_UNINITIALIZED_AUTOS = YES_AGGRESSIVE;
				GCC_WARN_UNUSED_FUNCTION = YES;
				GCC_WARN_UNUSED_VARIABLE = YES;
				INFOPLIST_KEY_CFBundleDisplayName = "";
				IPHONEOS_DEPLOYMENT_TARGET = 16.0;
				LOCALIZATION_PREFERS_STRING_CATALOGS = YES;
				MTL_ENABLE_DEBUG_INFO = INCLUDE_SOURCE;
				MTL_FAST_MATH = YES;
				ONLY_ACTIVE_ARCH = YES;
				SDKROOT = iphoneos;
				SWIFT_ACTIVE_COMPILATION_CONDITIONS = "DEBUG $(inherited)";
				SWIFT_EMIT_LOC_STRINGS = YES;
				SWIFT_OPTIMIZATION_LEVEL = "-Onone";
				SWIFT_VERSION = 5.0;
			};
			name = Debug;
		};
		5B7B3F632C569B7800F7C093 /* Release */ = {
			isa = XCBuildConfiguration;
			buildSettings = {
				ALWAYS_SEARCH_USER_PATHS = NO;
				ASSETCATALOG_COMPILER_GENERATE_SWIFT_ASSET_SYMBOL_EXTENSIONS = YES;
				CLANG_ANALYZER_LOCALIZABILITY_NONLOCALIZED = YES;
				CLANG_ANALYZER_NONNULL = YES;
				CLANG_ANALYZER_NUMBER_OBJECT_CONVERSION = YES_AGGRESSIVE;
				CLANG_CXX_LANGUAGE_STANDARD = "gnu++20";
				CLANG_ENABLE_MODULES = YES;
				CLANG_ENABLE_OBJC_ARC = YES;
				CLANG_ENABLE_OBJC_WEAK = YES;
				CLANG_WARN_BLOCK_CAPTURE_AUTORELEASING = YES;
				CLANG_WARN_BOOL_CONVERSION = YES;
				CLANG_WARN_COMMA = YES;
				CLANG_WARN_CONSTANT_CONVERSION = YES;
				CLANG_WARN_DEPRECATED_OBJC_IMPLEMENTATIONS = YES;
				CLANG_WARN_DIRECT_OBJC_ISA_USAGE = YES_ERROR;
				CLANG_WARN_DOCUMENTATION_COMMENTS = YES;
				CLANG_WARN_EMPTY_BODY = YES;
				CLANG_WARN_ENUM_CONVERSION = YES;
				CLANG_WARN_INFINITE_RECURSION = YES;
				CLANG_WARN_INT_CONVERSION = YES;
				CLANG_WARN_NON_LITERAL_NULL_CONVERSION = YES;
				CLANG_WARN_OBJC_IMPLICIT_RETAIN_SELF = YES;
				CLANG_WARN_OBJC_LITERAL_CONVERSION = YES;
				CLANG_WARN_OBJC_ROOT_CLASS = YES_ERROR;
				CLANG_WARN_QUOTED_INCLUDE_IN_FRAMEWORK_HEADER = YES;
				CLANG_WARN_RANGE_LOOP_ANALYSIS = YES;
				CLANG_WARN_STRICT_PROTOTYPES = YES;
				CLANG_WARN_SUSPICIOUS_MOVE = YES;
				CLANG_WARN_UNGUARDED_AVAILABILITY = YES_AGGRESSIVE;
				CLANG_WARN_UNREACHABLE_CODE = YES;
				CLANG_WARN__DUPLICATE_METHOD_MATCH = YES;
				COPY_PHASE_STRIP = NO;
				DEBUG_INFORMATION_FORMAT = "dwarf-with-dsym";
				ENABLE_NS_ASSERTIONS = NO;
				ENABLE_STRICT_OBJC_MSGSEND = YES;
				ENABLE_USER_SCRIPT_SANDBOXING = NO;
				GCC_C_LANGUAGE_STANDARD = gnu17;
				GCC_NO_COMMON_BLOCKS = YES;
				GCC_WARN_64_TO_32_BIT_CONVERSION = YES;
				GCC_WARN_ABOUT_RETURN_TYPE = YES_ERROR;
				GCC_WARN_UNDECLARED_SELECTOR = YES;
				GCC_WARN_UNINITIALIZED_AUTOS = YES_AGGRESSIVE;
				GCC_WARN_UNUSED_FUNCTION = YES;
				GCC_WARN_UNUSED_VARIABLE = YES;
				INFOPLIST_KEY_CFBundleDisplayName = "";
				IPHONEOS_DEPLOYMENT_TARGET = 16.0;
				LOCALIZATION_PREFERS_STRING_CATALOGS = YES;
				MTL_ENABLE_DEBUG_INFO = NO;
				MTL_FAST_MATH = YES;
				SDKROOT = iphoneos;
				SWIFT_COMPILATION_MODE = wholemodule;
				SWIFT_EMIT_LOC_STRINGS = YES;
				SWIFT_VERSION = 5.0;
				VALIDATE_PRODUCT = YES;
			};
			name = Release;
		};
		5B7B3F652C569B7800F7C093 /* Debug */ = {
			isa = XCBuildConfiguration;
			baseConfigurationReferenceAnchor = 5BC07E462DAD0BDA005796AB /* SYKeyboard */;
			baseConfigurationReferenceRelativePath = "Resources/Configs/DebugConfig-SYKeyboard.xcconfig";
			buildSettings = {
				ASSETCATALOG_COMPILER_APPICON_NAME = AppIcon;
				ASSETCATALOG_COMPILER_GLOBAL_ACCENT_COLOR_NAME = AccentColor;
				CODE_SIGN_ENTITLEMENTS = SYKeyboard/Resources/SYKeyboard.entitlements;
				CODE_SIGN_STYLE = Automatic;
				CURRENT_PROJECT_VERSION = "$(BUILD_NUMBER)";
				DEVELOPMENT_ASSET_PATHS = "\"SYKeyboard/Resources/Preview Content\"";
				DEVELOPMENT_TEAM = NCJMGH8Z64;
				ENABLE_PREVIEWS = YES;
				ENABLE_USER_SCRIPT_SANDBOXING = NO;
				GENERATE_INFOPLIST_FILE = YES;
				INFOPLIST_FILE = SYKeyboard/Resources/Info.plist;
				INFOPLIST_KEY_CFBundleDisplayName = "SY키보드";
				INFOPLIST_KEY_LSApplicationCategoryType = "public.app-category.utilities";
				INFOPLIST_KEY_NSUserTrackingUsageDescription = "사용자 맞춤 광고 제공을 위해 권한을 허용해 주세요. 애플 정책 기반 개인화된 광고 제공 목적으로만 사용됩니다.";
				INFOPLIST_KEY_UIApplicationSceneManifest_Generation = YES;
				INFOPLIST_KEY_UIApplicationSupportsIndirectInputEvents = YES;
				INFOPLIST_KEY_UILaunchScreen_Generation = YES;
				INFOPLIST_KEY_UISupportedInterfaceOrientations_iPad = "UIInterfaceOrientationPortrait UIInterfaceOrientationPortraitUpsideDown UIInterfaceOrientationLandscapeLeft UIInterfaceOrientationLandscapeRight";
				INFOPLIST_KEY_UISupportedInterfaceOrientations_iPhone = "UIInterfaceOrientationPortrait UIInterfaceOrientationLandscapeLeft UIInterfaceOrientationLandscapeRight";
				IPHONEOS_DEPLOYMENT_TARGET = 16.0;
				LD_RUNPATH_SEARCH_PATHS = (
					"$(inherited)",
					"@executable_path/Frameworks",
				);
				LIBRARY_SEARCH_PATHS = "";
				MARKETING_VERSION = "$(VERSION)";
				OTHER_LDFLAGS = (
					"$(inherited)",
					"-ObjC",
				);
				PRODUCT_BUNDLE_IDENTIFIER = "github.com-SNMac.SYKeyboard";
				PRODUCT_NAME = "$(TARGET_NAME)";
				SUPPORTED_PLATFORMS = "iphoneos iphonesimulator";
				SUPPORTS_MACCATALYST = NO;
				SUPPORTS_MAC_DESIGNED_FOR_IPHONE_IPAD = NO;
				SUPPORTS_XR_DESIGNED_FOR_IPHONE_IPAD = NO;
				SWIFT_EMIT_LOC_STRINGS = YES;
				SWIFT_VERSION = 5.0;
				TARGETED_DEVICE_FAMILY = 1;
			};
			name = Debug;
		};
		5B7B3F662C569B7800F7C093 /* Release */ = {
			isa = XCBuildConfiguration;
			baseConfigurationReferenceAnchor = 5BC07E462DAD0BDA005796AB /* SYKeyboard */;
			baseConfigurationReferenceRelativePath = "Resources/Configs/ReleaseConfig-SYKeyboard.xcconfig";
			buildSettings = {
				ASSETCATALOG_COMPILER_APPICON_NAME = AppIcon;
				ASSETCATALOG_COMPILER_GLOBAL_ACCENT_COLOR_NAME = AccentColor;
				CODE_SIGN_ENTITLEMENTS = SYKeyboard/Resources/SYKeyboard.entitlements;
				CODE_SIGN_STYLE = Automatic;
				CURRENT_PROJECT_VERSION = "$(BUILD_NUMBER)";
				DEVELOPMENT_ASSET_PATHS = "\"SYKeyboard/Resources/Preview Content\"";
				DEVELOPMENT_TEAM = NCJMGH8Z64;
				ENABLE_PREVIEWS = YES;
				ENABLE_USER_SCRIPT_SANDBOXING = NO;
				GENERATE_INFOPLIST_FILE = YES;
				INFOPLIST_FILE = SYKeyboard/Resources/Info.plist;
				INFOPLIST_KEY_CFBundleDisplayName = "SY키보드";
				INFOPLIST_KEY_LSApplicationCategoryType = "public.app-category.utilities";
				INFOPLIST_KEY_NSUserTrackingUsageDescription = "사용자 맞춤 광고 제공을 위해 권한을 허용해 주세요. 애플 정책 기반 개인화된 광고 제공 목적으로만 사용됩니다.";
				INFOPLIST_KEY_UIApplicationSceneManifest_Generation = YES;
				INFOPLIST_KEY_UIApplicationSupportsIndirectInputEvents = YES;
				INFOPLIST_KEY_UILaunchScreen_Generation = YES;
				INFOPLIST_KEY_UISupportedInterfaceOrientations_iPad = "UIInterfaceOrientationPortrait UIInterfaceOrientationPortraitUpsideDown UIInterfaceOrientationLandscapeLeft UIInterfaceOrientationLandscapeRight";
				INFOPLIST_KEY_UISupportedInterfaceOrientations_iPhone = "UIInterfaceOrientationPortrait UIInterfaceOrientationLandscapeLeft UIInterfaceOrientationLandscapeRight";
				IPHONEOS_DEPLOYMENT_TARGET = 16.0;
				LD_RUNPATH_SEARCH_PATHS = (
					"$(inherited)",
					"@executable_path/Frameworks",
				);
				LIBRARY_SEARCH_PATHS = "";
				MARKETING_VERSION = "$(VERSION)";
				OTHER_LDFLAGS = (
					"$(inherited)",
					"-ObjC",
				);
				PRODUCT_BUNDLE_IDENTIFIER = "github.com-SNMac.SYKeyboard";
				PRODUCT_NAME = "$(TARGET_NAME)";
				SUPPORTED_PLATFORMS = "iphoneos iphonesimulator";
				SUPPORTS_MACCATALYST = NO;
				SUPPORTS_MAC_DESIGNED_FOR_IPHONE_IPAD = NO;
				SUPPORTS_XR_DESIGNED_FOR_IPHONE_IPAD = NO;
				SWIFT_EMIT_LOC_STRINGS = YES;
				SWIFT_VERSION = 5.0;
				TARGETED_DEVICE_FAMILY = 1;
			};
			name = Release;
		};
		5B7B3F742C569B8200F7C093 /* Debug */ = {
			isa = XCBuildConfiguration;
			baseConfigurationReferenceAnchor = 5B53F8012E1E56BD0083F7CA /* Keyboards */;
			baseConfigurationReferenceRelativePath = "HangeulKeyboard/Resources/Configs/DebugConfig-HangeulKeyboard.xcconfig";
			buildSettings = {
				APPLICATION_EXTENSION_API_ONLY = YES;
				CODE_SIGN_ENTITLEMENTS = Keyboards/HangeulKeyboard/Resources/HangeulKeyboard.entitlements;
				CODE_SIGN_STYLE = Automatic;
				CURRENT_PROJECT_VERSION = "$(BUILD_NUMBER)";
				DEVELOPMENT_TEAM = NCJMGH8Z64;
				ENABLE_USER_SCRIPT_SANDBOXING = NO;
				GENERATE_INFOPLIST_FILE = YES;
				INFOPLIST_FILE = Keyboards/HangeulKeyboard/Resources/Info.plist;
				INFOPLIST_KEY_CFBundleDisplayName = "한글 키보드";
				INFOPLIST_KEY_NSHumanReadableCopyright = "";
				LD_RUNPATH_SEARCH_PATHS = (
					"$(inherited)",
					"@executable_path/Frameworks",
					"@executable_path/../../Frameworks",
				);
				MARKETING_VERSION = "$(VERSION)";
				PRODUCT_BUNDLE_IDENTIFIER = "github.com-SNMac.SYKeyboard.HangeulKeyboard";
				PRODUCT_NAME = "$(TARGET_NAME)";
				SKIP_INSTALL = YES;
				SUPPORTED_PLATFORMS = "iphoneos iphonesimulator";
				SUPPORTS_MACCATALYST = NO;
				SUPPORTS_MAC_DESIGNED_FOR_IPHONE_IPAD = NO;
				SUPPORTS_XR_DESIGNED_FOR_IPHONE_IPAD = NO;
				SWIFT_EMIT_LOC_STRINGS = YES;
				SWIFT_VERSION = 5.0;
				TARGETED_DEVICE_FAMILY = 1;
			};
			name = Debug;
		};
		5B7B3F752C569B8200F7C093 /* Release */ = {
			isa = XCBuildConfiguration;
			baseConfigurationReferenceAnchor = 5B53F8012E1E56BD0083F7CA /* Keyboards */;
			baseConfigurationReferenceRelativePath = "HangeulKeyboard/Resources/Configs/ReleaseConfig-HangeulKeyboard.xcconfig";
			buildSettings = {
				APPLICATION_EXTENSION_API_ONLY = YES;
				CODE_SIGN_ENTITLEMENTS = Keyboards/HangeulKeyboard/Resources/HangeulKeyboard.entitlements;
				CODE_SIGN_STYLE = Automatic;
				CURRENT_PROJECT_VERSION = "$(BUILD_NUMBER)";
				DEVELOPMENT_TEAM = NCJMGH8Z64;
				ENABLE_USER_SCRIPT_SANDBOXING = NO;
				GENERATE_INFOPLIST_FILE = YES;
				INFOPLIST_FILE = Keyboards/HangeulKeyboard/Resources/Info.plist;
				INFOPLIST_KEY_CFBundleDisplayName = "한글 키보드";
				INFOPLIST_KEY_NSHumanReadableCopyright = "";
				LD_RUNPATH_SEARCH_PATHS = (
					"$(inherited)",
					"@executable_path/Frameworks",
					"@executable_path/../../Frameworks",
				);
				MARKETING_VERSION = "$(VERSION)";
				PRODUCT_BUNDLE_IDENTIFIER = "github.com-SNMac.SYKeyboard.HangeulKeyboard";
				PRODUCT_NAME = "$(TARGET_NAME)";
				SKIP_INSTALL = YES;
				SUPPORTED_PLATFORMS = "iphoneos iphonesimulator";
				SUPPORTS_MACCATALYST = NO;
				SUPPORTS_MAC_DESIGNED_FOR_IPHONE_IPAD = NO;
				SUPPORTS_XR_DESIGNED_FOR_IPHONE_IPAD = NO;
				SWIFT_EMIT_LOC_STRINGS = YES;
				SWIFT_VERSION = 5.0;
				TARGETED_DEVICE_FAMILY = 1;
			};
			name = Release;
		};
		5B8284762E6EEE04006425C7 /* Debug */ = {
			isa = XCBuildConfiguration;
			baseConfigurationReferenceAnchor = 5B53F8012E1E56BD0083F7CA /* Keyboards */;
			baseConfigurationReferenceRelativePath = "EnglishKeyboard/Resources/Configs/DebugConfig-EnglishKeyboard.xcconfig";
			buildSettings = {
				CODE_SIGN_ENTITLEMENTS = Keyboards/EnglishKeyboard/Resources/EnglishKeyboard.entitlements;
				CODE_SIGN_STYLE = Automatic;
				CURRENT_PROJECT_VERSION = "$(BUILD_NUMBER)";
				DEVELOPMENT_TEAM = NCJMGH8Z64;
				ENABLE_USER_SCRIPT_SANDBOXING = YES;
				GENERATE_INFOPLIST_FILE = YES;
				INFOPLIST_FILE = Keyboards/EnglishKeyboard/Resources/Info.plist;
				INFOPLIST_KEY_CFBundleDisplayName = "영어 키보드";
				INFOPLIST_KEY_NSHumanReadableCopyright = "";
				IPHONEOS_DEPLOYMENT_TARGET = 16.0;
				LD_RUNPATH_SEARCH_PATHS = (
					"$(inherited)",
					"@executable_path/Frameworks",
					"@executable_path/../../Frameworks",
				);
				MARKETING_VERSION = "$(VERSION)";
				PRODUCT_BUNDLE_IDENTIFIER = "github.com-SNMac.SYKeyboard.EnglishKeyboard";
				PRODUCT_NAME = "$(TARGET_NAME)";
				SKIP_INSTALL = YES;
				SUPPORTED_PLATFORMS = "iphoneos iphonesimulator";
				SUPPORTS_MACCATALYST = NO;
				SUPPORTS_MAC_DESIGNED_FOR_IPHONE_IPAD = NO;
				SUPPORTS_XR_DESIGNED_FOR_IPHONE_IPAD = NO;
				SWIFT_EMIT_LOC_STRINGS = YES;
				SWIFT_VERSION = 5.0;
				TARGETED_DEVICE_FAMILY = 1;
			};
			name = Debug;
		};
		5B8284772E6EEE04006425C7 /* Release */ = {
			isa = XCBuildConfiguration;
			baseConfigurationReferenceAnchor = 5B53F8012E1E56BD0083F7CA /* Keyboards */;
			baseConfigurationReferenceRelativePath = "EnglishKeyboard/Resources/Configs/ReleaseConfig-EnglishKeyboard.xcconfig";
			buildSettings = {
				CODE_SIGN_ENTITLEMENTS = Keyboards/EnglishKeyboard/Resources/EnglishKeyboard.entitlements;
				CODE_SIGN_STYLE = Automatic;
				CURRENT_PROJECT_VERSION = "$(BUILD_NUMBER)";
				DEVELOPMENT_TEAM = NCJMGH8Z64;
				ENABLE_USER_SCRIPT_SANDBOXING = YES;
				GENERATE_INFOPLIST_FILE = YES;
				INFOPLIST_FILE = Keyboards/EnglishKeyboard/Resources/Info.plist;
				INFOPLIST_KEY_CFBundleDisplayName = "영어 키보드";
				INFOPLIST_KEY_NSHumanReadableCopyright = "";
				IPHONEOS_DEPLOYMENT_TARGET = 16.0;
				LD_RUNPATH_SEARCH_PATHS = (
					"$(inherited)",
					"@executable_path/Frameworks",
					"@executable_path/../../Frameworks",
				);
				MARKETING_VERSION = "$(VERSION)";
				PRODUCT_BUNDLE_IDENTIFIER = "github.com-SNMac.SYKeyboard.EnglishKeyboard";
				PRODUCT_NAME = "$(TARGET_NAME)";
				SKIP_INSTALL = YES;
				SUPPORTED_PLATFORMS = "iphoneos iphonesimulator";
				SUPPORTS_MACCATALYST = NO;
				SUPPORTS_MAC_DESIGNED_FOR_IPHONE_IPAD = NO;
				SUPPORTS_XR_DESIGNED_FOR_IPHONE_IPAD = NO;
				SWIFT_EMIT_LOC_STRINGS = YES;
				SWIFT_VERSION = 5.0;
				TARGETED_DEVICE_FAMILY = 1;
			};
			name = Release;
		};
/* End XCBuildConfiguration section */

/* Begin XCConfigurationList section */
		5B7B3F512C569B7800F7C093 /* Build configuration list for PBXProject "SYKeyboard" */ = {
			isa = XCConfigurationList;
			buildConfigurations = (
				5B7B3F622C569B7800F7C093 /* Debug */,
				5B7B3F632C569B7800F7C093 /* Release */,
			);
			defaultConfigurationIsVisible = 0;
			defaultConfigurationName = Release;
		};
		5B7B3F642C569B7800F7C093 /* Build configuration list for PBXNativeTarget "SYKeyboard" */ = {
			isa = XCConfigurationList;
			buildConfigurations = (
				5B7B3F652C569B7800F7C093 /* Debug */,
				5B7B3F662C569B7800F7C093 /* Release */,
			);
			defaultConfigurationIsVisible = 0;
			defaultConfigurationName = Release;
		};
		5B7B3F732C569B8200F7C093 /* Build configuration list for PBXNativeTarget "HangeulKeyboard" */ = {
			isa = XCConfigurationList;
			buildConfigurations = (
				5B7B3F742C569B8200F7C093 /* Debug */,
				5B7B3F752C569B8200F7C093 /* Release */,
			);
			defaultConfigurationIsVisible = 0;
			defaultConfigurationName = Release;
		};
		5B8284752E6EEE04006425C7 /* Build configuration list for PBXNativeTarget "EnglishKeyboard" */ = {
			isa = XCConfigurationList;
			buildConfigurations = (
				5B8284762E6EEE04006425C7 /* Debug */,
				5B8284772E6EEE04006425C7 /* Release */,
			);
			defaultConfigurationIsVisible = 0;
			defaultConfigurationName = Release;
		};
/* End XCConfigurationList section */

/* Begin XCRemoteSwiftPackageReference section */
		5B3750532E24516400B13805 /* XCRemoteSwiftPackageReference "Then" */ = {
			isa = XCRemoteSwiftPackageReference;
			repositoryURL = "https://github.com/devxoul/Then";
			requirement = {
				kind = upToNextMajorVersion;
				minimumVersion = 3.0.0;
			};
		};
		5B8E6E0C2E1E426400657BF4 /* XCRemoteSwiftPackageReference "swift-package-manager-google-mobile-ads" */ = {
			isa = XCRemoteSwiftPackageReference;
			repositoryURL = "https://github.com/googleads/swift-package-manager-google-mobile-ads.git";
			requirement = {
				kind = upToNextMajorVersion;
				minimumVersion = 12.7.0;
			};
		};
		5B8E6E0F2E1E42D800657BF4 /* XCRemoteSwiftPackageReference "firebase-ios-sdk" */ = {
			isa = XCRemoteSwiftPackageReference;
			repositoryURL = "https://github.com/firebase/firebase-ios-sdk.git";
			requirement = {
				kind = upToNextMajorVersion;
				minimumVersion = 11.15.0;
			};
		};
		5B8E6EA42E1E435100657BF4 /* XCRemoteSwiftPackageReference "SnapKit" */ = {
			isa = XCRemoteSwiftPackageReference;
			repositoryURL = "https://github.com/SnapKit/SnapKit.git";
			requirement = {
				kind = upToNextMajorVersion;
				minimumVersion = 5.7.1;
			};
		};
/* End XCRemoteSwiftPackageReference section */

/* Begin XCSwiftPackageProductDependency section */
		5B3750542E24516400B13805 /* Then */ = {
			isa = XCSwiftPackageProductDependency;
			package = 5B3750532E24516400B13805 /* XCRemoteSwiftPackageReference "Then" */;
			productName = Then;
		};
		5B3750562E24517500B13805 /* Then */ = {
			isa = XCSwiftPackageProductDependency;
			package = 5B3750532E24516400B13805 /* XCRemoteSwiftPackageReference "Then" */;
			productName = Then;
		};
		5B3750582E24528E00B13805 /* SnapKit */ = {
			isa = XCSwiftPackageProductDependency;
			package = 5B8E6EA42E1E435100657BF4 /* XCRemoteSwiftPackageReference "SnapKit" */;
			productName = SnapKit;
		};
		5B8284792E6EEE8E006425C7 /* SnapKit */ = {
			isa = XCSwiftPackageProductDependency;
			package = 5B8E6EA42E1E435100657BF4 /* XCRemoteSwiftPackageReference "SnapKit" */;
			productName = SnapKit;
		};
		5B82847B2E6EEE93006425C7 /* Then */ = {
			isa = XCSwiftPackageProductDependency;
			package = 5B3750532E24516400B13805 /* XCRemoteSwiftPackageReference "Then" */;
			productName = Then;
		};
		5B8E6E0D2E1E426400657BF4 /* GoogleMobileAds */ = {
			isa = XCSwiftPackageProductDependency;
			package = 5B8E6E0C2E1E426400657BF4 /* XCRemoteSwiftPackageReference "swift-package-manager-google-mobile-ads" */;
			productName = GoogleMobileAds;
		};
		5B8E6E102E1E42D800657BF4 /* FirebaseAnalytics */ = {
			isa = XCSwiftPackageProductDependency;
			package = 5B8E6E0F2E1E42D800657BF4 /* XCRemoteSwiftPackageReference "firebase-ios-sdk" */;
			productName = FirebaseAnalytics;
		};
		5B8E6E122E1E42D800657BF4 /* FirebaseAnalyticsCore */ = {
			isa = XCSwiftPackageProductDependency;
			package = 5B8E6E0F2E1E42D800657BF4 /* XCRemoteSwiftPackageReference "firebase-ios-sdk" */;
			productName = FirebaseAnalyticsCore;
		};
		5B8E6EA52E1E435100657BF4 /* SnapKit */ = {
			isa = XCSwiftPackageProductDependency;
			package = 5B8E6EA42E1E435100657BF4 /* XCRemoteSwiftPackageReference "SnapKit" */;
			productName = SnapKit;
		};
/* End XCSwiftPackageProductDependency section */
	};
	rootObject = 5B7B3F4E2C569B7800F7C093 /* Project object */;
}
