// !$*UTF8*$!
{
	archiveVersion = 1;
	classes = {
	};
	objectVersion = 56;
	objects = {

/* Begin PBXBuildFile section */
		5B0D82242C592CBD00F84180 /* Assets.xcassets in Resources */ = {isa = PBXBuildFile; fileRef = 5B7B3F5D2C569B7800F7C093 /* Assets.xcassets */; };
		5B0D82342C5961BD00F84180 /* HangulAutomata.swift in Sources */ = {isa = PBXBuildFile; fileRef = 5B0D82322C5961BD00F84180 /* HangulAutomata.swift */; };
		5B0D82362C5962A500F84180 /* SYKeyboardIOManager.swift in Sources */ = {isa = PBXBuildFile; fileRef = 5B0D82352C5962A500F84180 /* SYKeyboardIOManager.swift */; };
		5B0D82382C59662A00F84180 /* SYKeyboardIOManager.swift in Sources */ = {isa = PBXBuildFile; fileRef = 5B0D82352C5962A500F84180 /* SYKeyboardIOManager.swift */; };
		5B0D82392C5969BC00F84180 /* HangulAutomata.swift in Sources */ = {isa = PBXBuildFile; fileRef = 5B0D82322C5961BD00F84180 /* HangulAutomata.swift */; };
		5B7B3F5A2C569B7800F7C093 /* SYKeyboardApp.swift in Sources */ = {isa = PBXBuildFile; fileRef = 5B7B3F592C569B7800F7C093 /* SYKeyboardApp.swift */; };
		5B7B3F5C2C569B7800F7C093 /* ContentView.swift in Sources */ = {isa = PBXBuildFile; fileRef = 5B7B3F5B2C569B7800F7C093 /* ContentView.swift */; };
		5B7B3F5E2C569B7800F7C093 /* Assets.xcassets in Resources */ = {isa = PBXBuildFile; fileRef = 5B7B3F5D2C569B7800F7C093 /* Assets.xcassets */; };
		5B7B3F612C569B7800F7C093 /* Preview Assets.xcassets in Resources */ = {isa = PBXBuildFile; fileRef = 5B7B3F602C569B7800F7C093 /* Preview Assets.xcassets */; };
		5B7B3F6E2C569B8200F7C093 /* SYKeyboardViewController.swift in Sources */ = {isa = PBXBuildFile; fileRef = 5B7B3F6D2C569B8200F7C093 /* SYKeyboardViewController.swift */; };
		5B7B3F722C569B8200F7C093 /* Naratgeul.appex in Embed Foundation Extensions */ = {isa = PBXBuildFile; fileRef = 5B7B3F6B2C569B8200F7C093 /* Naratgeul.appex */; settings = {ATTRIBUTES = (RemoveHeadersOnCopy, ); }; };
		5B7B3F792C569CF200F7C093 /* SYKeyboardView.swift in Sources */ = {isa = PBXBuildFile; fileRef = 5B7B3F772C569CC900F7C093 /* SYKeyboardView.swift */; };
		5B7B3F822C57576600F7C093 /* SYKeyboardView.swift in Sources */ = {isa = PBXBuildFile; fileRef = 5B7B3F772C569CC900F7C093 /* SYKeyboardView.swift */; };
/* End PBXBuildFile section */

/* Begin PBXContainerItemProxy section */
		5B7B3F702C569B8200F7C093 /* PBXContainerItemProxy */ = {
			isa = PBXContainerItemProxy;
			containerPortal = 5B7B3F4E2C569B7800F7C093 /* Project object */;
			proxyType = 1;
			remoteGlobalIDString = 5B7B3F6A2C569B8200F7C093;
			remoteInfo = Naratgeul;
		};
/* End PBXContainerItemProxy section */

/* Begin PBXCopyFilesBuildPhase section */
		5B7B3F762C569B8200F7C093 /* Embed Foundation Extensions */ = {
			isa = PBXCopyFilesBuildPhase;
			buildActionMask = 2147483647;
			dstPath = "";
			dstSubfolderSpec = 13;
			files = (
				5B7B3F722C569B8200F7C093 /* Naratgeul.appex in Embed Foundation Extensions */,
			);
			name = "Embed Foundation Extensions";
			runOnlyForDeploymentPostprocessing = 0;
		};
/* End PBXCopyFilesBuildPhase section */

/* Begin PBXFileReference section */
		5B0D82322C5961BD00F84180 /* HangulAutomata.swift */ = {isa = PBXFileReference; fileEncoding = 4; lastKnownFileType = sourcecode.swift; path = HangulAutomata.swift; sourceTree = "<group>"; };
		5B0D82352C5962A500F84180 /* SYKeyboardIOManager.swift */ = {isa = PBXFileReference; fileEncoding = 4; lastKnownFileType = sourcecode.swift; path = SYKeyboardIOManager.swift; sourceTree = "<group>"; };
		5B7B3F562C569B7800F7C093 /* SYKeyboard.app */ = {isa = PBXFileReference; explicitFileType = wrapper.application; includeInIndex = 0; path = SYKeyboard.app; sourceTree = BUILT_PRODUCTS_DIR; };
		5B7B3F592C569B7800F7C093 /* SYKeyboardApp.swift */ = {isa = PBXFileReference; lastKnownFileType = sourcecode.swift; path = SYKeyboardApp.swift; sourceTree = "<group>"; };
		5B7B3F5B2C569B7800F7C093 /* ContentView.swift */ = {isa = PBXFileReference; lastKnownFileType = sourcecode.swift; path = ContentView.swift; sourceTree = "<group>"; };
		5B7B3F5D2C569B7800F7C093 /* Assets.xcassets */ = {isa = PBXFileReference; lastKnownFileType = folder.assetcatalog; path = Assets.xcassets; sourceTree = "<group>"; };
		5B7B3F602C569B7800F7C093 /* Preview Assets.xcassets */ = {isa = PBXFileReference; lastKnownFileType = folder.assetcatalog; path = "Preview Assets.xcassets"; sourceTree = "<group>"; };
		5B7B3F6B2C569B8200F7C093 /* Naratgeul.appex */ = {isa = PBXFileReference; explicitFileType = "wrapper.app-extension"; includeInIndex = 0; path = Naratgeul.appex; sourceTree = BUILT_PRODUCTS_DIR; };
		5B7B3F6D2C569B8200F7C093 /* SYKeyboardViewController.swift */ = {isa = PBXFileReference; lastKnownFileType = sourcecode.swift; path = SYKeyboardViewController.swift; sourceTree = "<group>"; };
		5B7B3F6F2C569B8200F7C093 /* Info.plist */ = {isa = PBXFileReference; lastKnownFileType = text.plist.xml; path = Info.plist; sourceTree = "<group>"; };
		5B7B3F772C569CC900F7C093 /* SYKeyboardView.swift */ = {isa = PBXFileReference; lastKnownFileType = sourcecode.swift; path = SYKeyboardView.swift; sourceTree = "<group>"; };
/* End PBXFileReference section */

/* Begin PBXFrameworksBuildPhase section */
		5B7B3F532C569B7800F7C093 /* Frameworks */ = {
			isa = PBXFrameworksBuildPhase;
			buildActionMask = 2147483647;
			files = (
			);
			runOnlyForDeploymentPostprocessing = 0;
		};
		5B7B3F682C569B8200F7C093 /* Frameworks */ = {
			isa = PBXFrameworksBuildPhase;
			buildActionMask = 2147483647;
			files = (
			);
			runOnlyForDeploymentPostprocessing = 0;
		};
/* End PBXFrameworksBuildPhase section */

/* Begin PBXGroup section */
		5B0D82332C5961BD00F84180 /* Automata */ = {
			isa = PBXGroup;
			children = (
				5B0D82322C5961BD00F84180 /* HangulAutomata.swift */,
			);
			path = Automata;
			sourceTree = "<group>";
		};
		5B7B3F4D2C569B7800F7C093 = {
			isa = PBXGroup;
			children = (
				5B0D82332C5961BD00F84180 /* Automata */,
				5B7B3F582C569B7800F7C093 /* SYKeyboard */,
				5B7B3F6C2C569B8200F7C093 /* Naratgeul */,
				5B7B3F572C569B7800F7C093 /* Products */,
			);
			sourceTree = "<group>";
		};
		5B7B3F572C569B7800F7C093 /* Products */ = {
			isa = PBXGroup;
			children = (
				5B7B3F562C569B7800F7C093 /* SYKeyboard.app */,
				5B7B3F6B2C569B8200F7C093 /* Naratgeul.appex */,
			);
			name = Products;
			sourceTree = "<group>";
		};
		5B7B3F582C569B7800F7C093 /* SYKeyboard */ = {
			isa = PBXGroup;
			children = (
				5B7B3F592C569B7800F7C093 /* SYKeyboardApp.swift */,
				5B7B3F5B2C569B7800F7C093 /* ContentView.swift */,
				5B7B3F5D2C569B7800F7C093 /* Assets.xcassets */,
				5B7B3F772C569CC900F7C093 /* SYKeyboardView.swift */,
				5B7B3F5F2C569B7800F7C093 /* Preview Content */,
			);
			path = SYKeyboard;
			sourceTree = "<group>";
		};
		5B7B3F5F2C569B7800F7C093 /* Preview Content */ = {
			isa = PBXGroup;
			children = (
				5B7B3F602C569B7800F7C093 /* Preview Assets.xcassets */,
			);
			path = "Preview Content";
			sourceTree = "<group>";
		};
		5B7B3F6C2C569B8200F7C093 /* Naratgeul */ = {
			isa = PBXGroup;
			children = (
				5B7B3F6D2C569B8200F7C093 /* SYKeyboardViewController.swift */,
				5B0D82352C5962A500F84180 /* SYKeyboardIOManager.swift */,
				5B7B3F6F2C569B8200F7C093 /* Info.plist */,
			);
			path = Naratgeul;
			sourceTree = "<group>";
		};
/* End PBXGroup section */

/* Begin PBXNativeTarget section */
		5B7B3F552C569B7800F7C093 /* SYKeyboard */ = {
			isa = PBXNativeTarget;
			buildConfigurationList = 5B7B3F642C569B7800F7C093 /* Build configuration list for PBXNativeTarget "SYKeyboard" */;
			buildPhases = (
				5B7B3F522C569B7800F7C093 /* Sources */,
				5B7B3F532C569B7800F7C093 /* Frameworks */,
				5B7B3F542C569B7800F7C093 /* Resources */,
				5B7B3F762C569B8200F7C093 /* Embed Foundation Extensions */,
			);
			buildRules = (
			);
			dependencies = (
				5B7B3F712C569B8200F7C093 /* PBXTargetDependency */,
			);
			name = SYKeyboard;
			productName = SYKeyboard;
			productReference = 5B7B3F562C569B7800F7C093 /* SYKeyboard.app */;
			productType = "com.apple.product-type.application";
		};
		5B7B3F6A2C569B8200F7C093 /* Naratgeul */ = {
			isa = PBXNativeTarget;
			buildConfigurationList = 5B7B3F732C569B8200F7C093 /* Build configuration list for PBXNativeTarget "Naratgeul" */;
			buildPhases = (
				5B7B3F672C569B8200F7C093 /* Sources */,
				5B7B3F682C569B8200F7C093 /* Frameworks */,
				5B7B3F692C569B8200F7C093 /* Resources */,
			);
			buildRules = (
			);
			dependencies = (
			);
			name = Naratgeul;
			productName = Naratgeul;
			productReference = 5B7B3F6B2C569B8200F7C093 /* Naratgeul.appex */;
			productType = "com.apple.product-type.app-extension";
		};
/* End PBXNativeTarget section */

/* Begin PBXProject section */
		5B7B3F4E2C569B7800F7C093 /* Project object */ = {
			isa = PBXProject;
			attributes = {
				BuildIndependentTargetsInParallel = 1;
				LastSwiftUpdateCheck = 1540;
				LastUpgradeCheck = 1540;
				TargetAttributes = {
					5B7B3F552C569B7800F7C093 = {
						CreatedOnToolsVersion = 15.4;
					};
					5B7B3F6A2C569B8200F7C093 = {
						CreatedOnToolsVersion = 15.4;
					};
				};
			};
			buildConfigurationList = 5B7B3F512C569B7800F7C093 /* Build configuration list for PBXProject "SYKeyboard" */;
			compatibilityVersion = "Xcode 14.0";
			developmentRegion = en;
			hasScannedForEncodings = 0;
			knownRegions = (
				en,
				Base,
			);
			mainGroup = 5B7B3F4D2C569B7800F7C093;
			productRefGroup = 5B7B3F572C569B7800F7C093 /* Products */;
			projectDirPath = "";
			projectRoot = "";
			targets = (
				5B7B3F552C569B7800F7C093 /* SYKeyboard */,
				5B7B3F6A2C569B8200F7C093 /* Naratgeul */,
			);
		};
/* End PBXProject section */

/* Begin PBXResourcesBuildPhase section */
		5B7B3F542C569B7800F7C093 /* Resources */ = {
			isa = PBXResourcesBuildPhase;
			buildActionMask = 2147483647;
			files = (
				5B7B3F612C569B7800F7C093 /* Preview Assets.xcassets in Resources */,
				5B7B3F5E2C569B7800F7C093 /* Assets.xcassets in Resources */,
			);
			runOnlyForDeploymentPostprocessing = 0;
		};
		5B7B3F692C569B8200F7C093 /* Resources */ = {
			isa = PBXResourcesBuildPhase;
			buildActionMask = 2147483647;
			files = (
				5B0D82242C592CBD00F84180 /* Assets.xcassets in Resources */,
			);
			runOnlyForDeploymentPostprocessing = 0;
		};
/* End PBXResourcesBuildPhase section */

/* Begin PBXSourcesBuildPhase section */
		5B7B3F522C569B7800F7C093 /* Sources */ = {
			isa = PBXSourcesBuildPhase;
			buildActionMask = 2147483647;
			files = (
				5B0D82392C5969BC00F84180 /* HangulAutomata.swift in Sources */,
				5B0D82382C59662A00F84180 /* SYKeyboardIOManager.swift in Sources */,
				5B7B3F792C569CF200F7C093 /* SYKeyboardView.swift in Sources */,
				5B7B3F5C2C569B7800F7C093 /* ContentView.swift in Sources */,
				5B7B3F5A2C569B7800F7C093 /* SYKeyboardApp.swift in Sources */,
			);
			runOnlyForDeploymentPostprocessing = 0;
		};
		5B7B3F672C569B8200F7C093 /* Sources */ = {
			isa = PBXSourcesBuildPhase;
			buildActionMask = 2147483647;
			files = (
				5B7B3F6E2C569B8200F7C093 /* SYKeyboardViewController.swift in Sources */,
				5B7B3F822C57576600F7C093 /* SYKeyboardView.swift in Sources */,
				5B0D82342C5961BD00F84180 /* HangulAutomata.swift in Sources */,
				5B0D82362C5962A500F84180 /* SYKeyboardIOManager.swift in Sources */,
			);
			runOnlyForDeploymentPostprocessing = 0;
		};
/* End PBXSourcesBuildPhase section */

/* Begin PBXTargetDependency section */
		5B7B3F712C569B8200F7C093 /* PBXTargetDependency */ = {
			isa = PBXTargetDependency;
			target = 5B7B3F6A2C569B8200F7C093 /* Naratgeul */;
			targetProxy = 5B7B3F702C569B8200F7C093 /* PBXContainerItemProxy */;
		};
/* End PBXTargetDependency section */

/* Begin XCBuildConfiguration section */
		5B7B3F622C569B7800F7C093 /* Debug */ = {
			isa = XCBuildConfiguration;
			buildSettings = {
				ALWAYS_SEARCH_USER_PATHS = NO;
				ASSETCATALOG_COMPILER_GENERATE_SWIFT_ASSET_SYMBOL_EXTENSIONS = YES;
				CLANG_ANALYZER_NONNULL = YES;
				CLANG_ANALYZER_NUMBER_OBJECT_CONVERSION = YES_AGGRESSIVE;
				CLANG_CXX_LANGUAGE_STANDARD = "gnu++20";
				CLANG_ENABLE_MODULES = YES;
				CLANG_ENABLE_OBJC_ARC = YES;
				CLANG_ENABLE_OBJC_WEAK = YES;
				CLANG_WARN_BLOCK_CAPTURE_AUTORELEASING = YES;
				CLANG_WARN_BOOL_CONVERSION = YES;
				CLANG_WARN_COMMA = YES;
				CLANG_WARN_CONSTANT_CONVERSION = YES;
				CLANG_WARN_DEPRECATED_OBJC_IMPLEMENTATIONS = YES;
				CLANG_WARN_DIRECT_OBJC_ISA_USAGE = YES_ERROR;
				CLANG_WARN_DOCUMENTATION_COMMENTS = YES;
				CLANG_WARN_EMPTY_BODY = YES;
				CLANG_WARN_ENUM_CONVERSION = YES;
				CLANG_WARN_INFINITE_RECURSION = YES;
				CLANG_WARN_INT_CONVERSION = YES;
				CLANG_WARN_NON_LITERAL_NULL_CONVERSION = YES;
				CLANG_WARN_OBJC_IMPLICIT_RETAIN_SELF = YES;
				CLANG_WARN_OBJC_LITERAL_CONVERSION = YES;
				CLANG_WARN_OBJC_ROOT_CLASS = YES_ERROR;
				CLANG_WARN_QUOTED_INCLUDE_IN_FRAMEWORK_HEADER = YES;
				CLANG_WARN_RANGE_LOOP_ANALYSIS = YES;
				CLANG_WARN_STRICT_PROTOTYPES = YES;
				CLANG_WARN_SUSPICIOUS_MOVE = YES;
				CLANG_WARN_UNGUARDED_AVAILABILITY = YES_AGGRESSIVE;
				CLANG_WARN_UNREACHABLE_CODE = YES;
				CLANG_WARN__DUPLICATE_METHOD_MATCH = YES;
				COPY_PHASE_STRIP = NO;
				DEBUG_INFORMATION_FORMAT = dwarf;
				ENABLE_STRICT_OBJC_MSGSEND = YES;
				ENABLE_TESTABILITY = YES;
				ENABLE_USER_SCRIPT_SANDBOXING = YES;
				GCC_C_LANGUAGE_STANDARD = gnu17;
				GCC_DYNAMIC_NO_PIC = NO;
				GCC_NO_COMMON_BLOCKS = YES;
				GCC_OPTIMIZATION_LEVEL = 0;
				GCC_PREPROCESSOR_DEFINITIONS = (
					"DEBUG=1",
					"$(inherited)",
				);
				GCC_WARN_64_TO_32_BIT_CONVERSION = YES;
				GCC_WARN_ABOUT_RETURN_TYPE = YES_ERROR;
				GCC_WARN_UNDECLARED_SELECTOR = YES;
				GCC_WARN_UNINITIALIZED_AUTOS = YES_AGGRESSIVE;
				GCC_WARN_UNUSED_FUNCTION = YES;
				GCC_WARN_UNUSED_VARIABLE = YES;
				IPHONEOS_DEPLOYMENT_TARGET = 17.5;
				LOCALIZATION_PREFERS_STRING_CATALOGS = YES;
				MTL_ENABLE_DEBUG_INFO = INCLUDE_SOURCE;
				MTL_FAST_MATH = YES;
				ONLY_ACTIVE_ARCH = YES;
				SDKROOT = iphoneos;
				SWIFT_ACTIVE_COMPILATION_CONDITIONS = "DEBUG $(inherited)";
				SWIFT_OPTIMIZATION_LEVEL = "-Onone";
			};
			name = Debug;
		};
		5B7B3F632C569B7800F7C093 /* Release */ = {
			isa = XCBuildConfiguration;
			buildSettings = {
				ALWAYS_SEARCH_USER_PATHS = NO;
				ASSETCATALOG_COMPILER_GENERATE_SWIFT_ASSET_SYMBOL_EXTENSIONS = YES;
				CLANG_ANALYZER_NONNULL = YES;
				CLANG_ANALYZER_NUMBER_OBJECT_CONVERSION = YES_AGGRESSIVE;
				CLANG_CXX_LANGUAGE_STANDARD = "gnu++20";
				CLANG_ENABLE_MODULES = YES;
				CLANG_ENABLE_OBJC_ARC = YES;
				CLANG_ENABLE_OBJC_WEAK = YES;
				CLANG_WARN_BLOCK_CAPTURE_AUTORELEASING = YES;
				CLANG_WARN_BOOL_CONVERSION = YES;
				CLANG_WARN_COMMA = YES;
				CLANG_WARN_CONSTANT_CONVERSION = YES;
				CLANG_WARN_DEPRECATED_OBJC_IMPLEMENTATIONS = YES;
				CLANG_WARN_DIRECT_OBJC_ISA_USAGE = YES_ERROR;
				CLANG_WARN_DOCUMENTATION_COMMENTS = YES;
				CLANG_WARN_EMPTY_BODY = YES;
				CLANG_WARN_ENUM_CONVERSION = YES;
				CLANG_WARN_INFINITE_RECURSION = YES;
				CLANG_WARN_INT_CONVERSION = YES;
				CLANG_WARN_NON_LITERAL_NULL_CONVERSION = YES;
				CLANG_WARN_OBJC_IMPLICIT_RETAIN_SELF = YES;
				CLANG_WARN_OBJC_LITERAL_CONVERSION = YES;
				CLANG_WARN_OBJC_ROOT_CLASS = YES_ERROR;
				CLANG_WARN_QUOTED_INCLUDE_IN_FRAMEWORK_HEADER = YES;
				CLANG_WARN_RANGE_LOOP_ANALYSIS = YES;
				CLANG_WARN_STRICT_PROTOTYPES = YES;
				CLANG_WARN_SUSPICIOUS_MOVE = YES;
				CLANG_WARN_UNGUARDED_AVAILABILITY = YES_AGGRESSIVE;
				CLANG_WARN_UNREACHABLE_CODE = YES;
				CLANG_WARN__DUPLICATE_METHOD_MATCH = YES;
				COPY_PHASE_STRIP = NO;
				DEBUG_INFORMATION_FORMAT = "dwarf-with-dsym";
				ENABLE_NS_ASSERTIONS = NO;
				ENABLE_STRICT_OBJC_MSGSEND = YES;
				ENABLE_USER_SCRIPT_SANDBOXING = YES;
				GCC_C_LANGUAGE_STANDARD = gnu17;
				GCC_NO_COMMON_BLOCKS = YES;
				GCC_WARN_64_TO_32_BIT_CONVERSION = YES;
				GCC_WARN_ABOUT_RETURN_TYPE = YES_ERROR;
				GCC_WARN_UNDECLARED_SELECTOR = YES;
				GCC_WARN_UNINITIALIZED_AUTOS = YES_AGGRESSIVE;
				GCC_WARN_UNUSED_FUNCTION = YES;
				GCC_WARN_UNUSED_VARIABLE = YES;
				IPHONEOS_DEPLOYMENT_TARGET = 17.5;
				LOCALIZATION_PREFERS_STRING_CATALOGS = YES;
				MTL_ENABLE_DEBUG_INFO = NO;
				MTL_FAST_MATH = YES;
				SDKROOT = iphoneos;
				SWIFT_COMPILATION_MODE = wholemodule;
				VALIDATE_PRODUCT = YES;
			};
			name = Release;
		};
		5B7B3F652C569B7800F7C093 /* Debug */ = {
			isa = XCBuildConfiguration;
			buildSettings = {
				ALWAYS_EMBED_SWIFT_STANDARD_LIBRARIES = YES;
				ASSETCATALOG_COMPILER_APPICON_NAME = AppIcon;
				ASSETCATALOG_COMPILER_GLOBAL_ACCENT_COLOR_NAME = AccentColor;
				CODE_SIGN_STYLE = Automatic;
				CURRENT_PROJECT_VERSION = 1;
				DEVELOPMENT_ASSET_PATHS = "\"SYKeyboard/Preview Content\"";
				DEVELOPMENT_TEAM = NCJMGH8Z64;
				ENABLE_PREVIEWS = YES;
				GENERATE_INFOPLIST_FILE = YES;
				INFOPLIST_KEY_UIApplicationSceneManifest_Generation = YES;
				INFOPLIST_KEY_UIApplicationSupportsIndirectInputEvents = YES;
				INFOPLIST_KEY_UILaunchScreen_Generation = YES;
				INFOPLIST_KEY_UISupportedInterfaceOrientations_iPad = "UIInterfaceOrientationPortrait UIInterfaceOrientationPortraitUpsideDown UIInterfaceOrientationLandscapeLeft UIInterfaceOrientationLandscapeRight";
				INFOPLIST_KEY_UISupportedInterfaceOrientations_iPhone = "UIInterfaceOrientationPortrait UIInterfaceOrientationLandscapeLeft UIInterfaceOrientationLandscapeRight";
				IPHONEOS_DEPLOYMENT_TARGET = 15.0;
				LD_RUNPATH_SEARCH_PATHS = (
					"$(inherited)",
					"@executable_path/Frameworks",
				);
				MARKETING_VERSION = 1.0;
				PRODUCT_BUNDLE_IDENTIFIER = "github.com-SNMac.SYKeyboard";
				PRODUCT_NAME = "$(TARGET_NAME)";
				SUPPORTED_PLATFORMS = "iphoneos iphonesimulator";
				SUPPORTS_MACCATALYST = NO;
				SUPPORTS_MAC_DESIGNED_FOR_IPHONE_IPAD = NO;
				SUPPORTS_XR_DESIGNED_FOR_IPHONE_IPAD = NO;
				SWIFT_EMIT_LOC_STRINGS = YES;
				SWIFT_VERSION = 5.0;
				TARGETED_DEVICE_FAMILY = "1,2";
			};
			name = Debug;
		};
		5B7B3F662C569B7800F7C093 /* Release */ = {
			isa = XCBuildConfiguration;
			buildSettings = {
				ALWAYS_EMBED_SWIFT_STANDARD_LIBRARIES = YES;
				ASSETCATALOG_COMPILER_APPICON_NAME = AppIcon;
				ASSETCATALOG_COMPILER_GLOBAL_ACCENT_COLOR_NAME = AccentColor;
				CODE_SIGN_STYLE = Automatic;
				CURRENT_PROJECT_VERSION = 1;
				DEVELOPMENT_ASSET_PATHS = "\"SYKeyboard/Preview Content\"";
				DEVELOPMENT_TEAM = NCJMGH8Z64;
				ENABLE_PREVIEWS = YES;
				GENERATE_INFOPLIST_FILE = YES;
				INFOPLIST_KEY_UIApplicationSceneManifest_Generation = YES;
				INFOPLIST_KEY_UIApplicationSupportsIndirectInputEvents = YES;
				INFOPLIST_KEY_UILaunchScreen_Generation = YES;
				INFOPLIST_KEY_UISupportedInterfaceOrientations_iPad = "UIInterfaceOrientationPortrait UIInterfaceOrientationPortraitUpsideDown UIInterfaceOrientationLandscapeLeft UIInterfaceOrientationLandscapeRight";
				INFOPLIST_KEY_UISupportedInterfaceOrientations_iPhone = "UIInterfaceOrientationPortrait UIInterfaceOrientationLandscapeLeft UIInterfaceOrientationLandscapeRight";
				IPHONEOS_DEPLOYMENT_TARGET = 15.0;
				LD_RUNPATH_SEARCH_PATHS = (
					"$(inherited)",
					"@executable_path/Frameworks",
				);
				MARKETING_VERSION = 1.0;
				PRODUCT_BUNDLE_IDENTIFIER = "github.com-SNMac.SYKeyboard";
				PRODUCT_NAME = "$(TARGET_NAME)";
				SUPPORTED_PLATFORMS = "iphoneos iphonesimulator";
				SUPPORTS_MACCATALYST = NO;
				SUPPORTS_MAC_DESIGNED_FOR_IPHONE_IPAD = NO;
				SUPPORTS_XR_DESIGNED_FOR_IPHONE_IPAD = NO;
				SWIFT_EMIT_LOC_STRINGS = YES;
				SWIFT_VERSION = 5.0;
				TARGETED_DEVICE_FAMILY = "1,2";
			};
			name = Release;
		};
		5B7B3F742C569B8200F7C093 /* Debug */ = {
			isa = XCBuildConfiguration;
			buildSettings = {
				CODE_SIGN_STYLE = Automatic;
				CURRENT_PROJECT_VERSION = 1;
				DEVELOPMENT_TEAM = NCJMGH8Z64;
				GENERATE_INFOPLIST_FILE = YES;
				INFOPLIST_FILE = Naratgeul/Info.plist;
				INFOPLIST_KEY_CFBundleDisplayName = Naratgeul;
				INFOPLIST_KEY_NSHumanReadableCopyright = "";
				LD_RUNPATH_SEARCH_PATHS = (
					"$(inherited)",
					"@executable_path/Frameworks",
					"@executable_path/../../Frameworks",
				);
				MARKETING_VERSION = 1.0;
				PRODUCT_BUNDLE_IDENTIFIER = "github.com-SNMac.SYKeyboard.Naratgeul";
				PRODUCT_NAME = "$(TARGET_NAME)";
				SKIP_INSTALL = YES;
				SWIFT_EMIT_LOC_STRINGS = YES;
				SWIFT_VERSION = 5.0;
				TARGETED_DEVICE_FAMILY = "1,2";
			};
			name = Debug;
		};
		5B7B3F752C569B8200F7C093 /* Release */ = {
			isa = XCBuildConfiguration;
			buildSettings = {
				CODE_SIGN_STYLE = Automatic;
				CURRENT_PROJECT_VERSION = 1;
				DEVELOPMENT_TEAM = NCJMGH8Z64;
				GENERATE_INFOPLIST_FILE = YES;
				INFOPLIST_FILE = Naratgeul/Info.plist;
				INFOPLIST_KEY_CFBundleDisplayName = Naratgeul;
				INFOPLIST_KEY_NSHumanReadableCopyright = "";
				LD_RUNPATH_SEARCH_PATHS = (
					"$(inherited)",
					"@executable_path/Frameworks",
					"@executable_path/../../Frameworks",
				);
				MARKETING_VERSION = 1.0;
				PRODUCT_BUNDLE_IDENTIFIER = "github.com-SNMac.SYKeyboard.Naratgeul";
				PRODUCT_NAME = "$(TARGET_NAME)";
				SKIP_INSTALL = YES;
				SWIFT_EMIT_LOC_STRINGS = YES;
				SWIFT_VERSION = 5.0;
				TARGETED_DEVICE_FAMILY = "1,2";
			};
			name = Release;
		};
/* End XCBuildConfiguration section */

/* Begin XCConfigurationList section */
		5B7B3F512C569B7800F7C093 /* Build configuration list for PBXProject "SYKeyboard" */ = {
			isa = XCConfigurationList;
			buildConfigurations = (
				5B7B3F622C569B7800F7C093 /* Debug */,
				5B7B3F632C569B7800F7C093 /* Release */,
			);
			defaultConfigurationIsVisible = 0;
			defaultConfigurationName = Release;
		};
		5B7B3F642C569B7800F7C093 /* Build configuration list for PBXNativeTarget "SYKeyboard" */ = {
			isa = XCConfigurationList;
			buildConfigurations = (
				5B7B3F652C569B7800F7C093 /* Debug */,
				5B7B3F662C569B7800F7C093 /* Release */,
			);
			defaultConfigurationIsVisible = 0;
			defaultConfigurationName = Release;
		};
		5B7B3F732C569B8200F7C093 /* Build configuration list for PBXNativeTarget "Naratgeul" */ = {
			isa = XCConfigurationList;
			buildConfigurations = (
				5B7B3F742C569B8200F7C093 /* Debug */,
				5B7B3F752C569B8200F7C093 /* Release */,
			);
			defaultConfigurationIsVisible = 0;
			defaultConfigurationName = Release;
		};
/* End XCConfigurationList section */
	};
	rootObject = 5B7B3F4E2C569B7800F7C093 /* Project object */;
}
